<?xml version="1.0" encoding="utf-8"?>
<Project ToolsVersion="4.0" xmlns="http://schemas.microsoft.com/developer/msbuild/2003">
  <ItemGroup>
    <Filter Include="Source Files">
      <UniqueIdentifier>{657c48c4-02b5-4617-b0cb-4d0ae2dc630f}</UniqueIdentifier>
      <Extensions>cpp;c;cxx;def;odl;idl;hpj;bat;asm</Extensions>
    </Filter>
    <Filter Include="Source Files\Expression">
      <UniqueIdentifier>{ea573131-1f61-41d0-9ab0-0e5b66e343c4}</UniqueIdentifier>
    </Filter>
    <Filter Include="Source Files\Filter">
      <UniqueIdentifier>{0896ca4e-ce24-433e-bdb1-345bd90f983c}</UniqueIdentifier>
    </Filter>
    <Filter Include="Source Files\Schema">
      <UniqueIdentifier>{adb69f05-6913-4528-a8a8-0ecb13b3db40}</UniqueIdentifier>
    </Filter>
    <Filter Include="Source Files\Parse">
      <UniqueIdentifier>{5cc67ac3-bdd4-49b6-812b-871c18cdabee}</UniqueIdentifier>
    </Filter>
    <Filter Include="Source Files\Connections">
      <UniqueIdentifier>{584f21db-4bbe-4037-9960-1dbd44c7f4d7}</UniqueIdentifier>
    </Filter>
    <Filter Include="Source Files\Connections\Capabilities">
      <UniqueIdentifier>{a2a8b682-bb23-4709-978d-fca0cb1c496c}</UniqueIdentifier>
    </Filter>
    <Filter Include="Source Files\Commands">
      <UniqueIdentifier>{88f541b8-b31b-42d1-a1c7-f9659a23474c}</UniqueIdentifier>
    </Filter>
    <Filter Include="Source Files\Commands\Feature">
      <UniqueIdentifier>{a818257c-e9b8-45cb-b4a1-f9438297cced}</UniqueIdentifier>
    </Filter>
    <Filter Include="Source Files\Commands\Schema">
      <UniqueIdentifier>{887c6bc3-41f7-4f8d-ad8b-58c5198655ca}</UniqueIdentifier>
    </Filter>
    <Filter Include="Source Files\Commands\Locking">
      <UniqueIdentifier>{a74af64f-0637-49c9-83ca-9bcc9229f04d}</UniqueIdentifier>
    </Filter>
    <Filter Include="Source Files\Commands\SpatialContext">
      <UniqueIdentifier>{91fd6614-15a6-4a67-9f4e-59501a90dd5d}</UniqueIdentifier>
    </Filter>
    <Filter Include="Source Files\Commands\UnitOfMeasure">
      <UniqueIdentifier>{e4722450-aebb-4902-a76f-7152bfd4930c}</UniqueIdentifier>
    </Filter>
    <Filter Include="Source Files\Commands\LongTransaction">
      <UniqueIdentifier>{74e6d373-ea48-499d-8c26-28df7517d0a9}</UniqueIdentifier>
    </Filter>
    <Filter Include="Source Files\Commands\SQL">
      <UniqueIdentifier>{ed0b4703-2a03-4a95-80d7-7176053d21f2}</UniqueIdentifier>
    </Filter>
    <Filter Include="Source Files\Xml">
      <UniqueIdentifier>{fa8335ec-d0f4-4e4f-9995-ac4303f62622}</UniqueIdentifier>
    </Filter>
    <Filter Include="Source Files\Raster">
      <UniqueIdentifier>{fbc56f3f-9bb1-4cd4-9810-5976a812905a}</UniqueIdentifier>
    </Filter>
    <Filter Include="Source Files\ClientServices">
      <UniqueIdentifier>{ae88ed28-4aed-47f6-8593-56e1d772211a}</UniqueIdentifier>
    </Filter>
    <Filter Include="Header Files">
      <UniqueIdentifier>{e35e4c39-2aa7-4c92-ba89-f62b67698779}</UniqueIdentifier>
      <Extensions>h;hpp;hxx;hm;inl;inc</Extensions>
    </Filter>
    <Filter Include="Header Files\Schema">
      <UniqueIdentifier>{5e55a828-6ae2-4d82-bda3-bb3c9d8a6420}</UniqueIdentifier>
    </Filter>
    <Filter Include="Header Files\Expression">
      <UniqueIdentifier>{faf27562-2fde-4f79-b759-42e61c444cd4}</UniqueIdentifier>
    </Filter>
    <Filter Include="Header Files\Filter">
      <UniqueIdentifier>{a569b462-9dcc-4343-8d75-4bc45f1c7eab}</UniqueIdentifier>
    </Filter>
    <Filter Include="Header Files\Parse">
      <UniqueIdentifier>{67d79055-615e-4b61-9e3f-f44134deb7ab}</UniqueIdentifier>
    </Filter>
    <Filter Include="Header Files\Connections">
      <UniqueIdentifier>{2a6de024-f1df-408c-8a0d-d012d4e80e3f}</UniqueIdentifier>
    </Filter>
    <Filter Include="Header Files\Connections\Capabilities">
      <UniqueIdentifier>{1c93dbf8-8c27-439e-81e4-6cd1868ebb90}</UniqueIdentifier>
    </Filter>
    <Filter Include="Header Files\Commands">
      <UniqueIdentifier>{3c113328-ee17-4c98-9e22-0455fbf5e3e1}</UniqueIdentifier>
    </Filter>
    <Filter Include="Header Files\Commands\Feature">
      <UniqueIdentifier>{ff428f11-2d6f-40e9-b5d3-a3b69c4cb084}</UniqueIdentifier>
    </Filter>
    <Filter Include="Header Files\Commands\Schema">
      <UniqueIdentifier>{512cd583-443d-418f-9dd2-46773cb329df}</UniqueIdentifier>
    </Filter>
    <Filter Include="Header Files\Commands\Locking">
      <UniqueIdentifier>{4c01da2c-e707-4a05-be48-4b9a52eddcd9}</UniqueIdentifier>
    </Filter>
    <Filter Include="Header Files\Commands\SpatialContext">
      <UniqueIdentifier>{2a5fb086-7f32-4e40-a360-0f8efab71d42}</UniqueIdentifier>
    </Filter>
    <Filter Include="Header Files\Commands\UnitOfMeasure">
      <UniqueIdentifier>{3ce628d8-b5da-4d0d-953a-384c38083817}</UniqueIdentifier>
    </Filter>
    <Filter Include="Header Files\Commands\LongTransaction">
      <UniqueIdentifier>{19104c94-4f15-4562-bc67-445b810528df}</UniqueIdentifier>
    </Filter>
    <Filter Include="Header Files\Commands\SQL">
      <UniqueIdentifier>{8183a3ee-7752-4676-818c-1ab85e249c83}</UniqueIdentifier>
    </Filter>
    <Filter Include="Header Files\Commands\Network">
      <UniqueIdentifier>{dd9362ba-8b32-4fa6-8da1-7038025adfbf}</UniqueIdentifier>
    </Filter>
    <Filter Include="Header Files\Commands\Topology">
      <UniqueIdentifier>{a45ee27b-4cbc-4ab3-9e62-58a11e1d10d8}</UniqueIdentifier>
    </Filter>
    <Filter Include="Header Files\Commands\DataStore">
      <UniqueIdentifier>{b7eb47f2-e4d3-4c2e-9f2e-50650119f1a3}</UniqueIdentifier>
    </Filter>
    <Filter Include="Header Files\Raster">
      <UniqueIdentifier>{8ed8e577-bbd0-4a43-93d7-794d6531594a}</UniqueIdentifier>
    </Filter>
    <Filter Include="Header Files\Xml">
      <UniqueIdentifier>{484b4907-0e59-4e63-b426-a2387e07c77a}</UniqueIdentifier>
    </Filter>
    <Filter Include="Header Files\ClientServices">
      <UniqueIdentifier>{c4dd37fc-a047-4268-9fef-a72b6999e668}</UniqueIdentifier>
    </Filter>
    <Filter Include="Yacc Files">
      <UniqueIdentifier>{7cea426c-36fd-49d8-b6bf-f7ec5cb5eef3}</UniqueIdentifier>
    </Filter>
    <Filter Include="Resources">
      <UniqueIdentifier>{b316d6c5-252e-4191-b93c-9c88bae42371}</UniqueIdentifier>
    </Filter>
  </ItemGroup>
  <ItemGroup>
    <ClCompile Include="Src\Fdo\Fdo.cpp">
      <Filter>Source Files</Filter>
    </ClCompile>
    <ClCompile Include="Src\Fdo\IDisposableCollection.cpp">
      <Filter>Source Files</Filter>
    </ClCompile>
    <ClCompile Include="Src\Fdo\Expression\BinaryExpression.cpp">
      <Filter>Source Files\Expression</Filter>
    </ClCompile>
    <ClCompile Include="Src\Fdo\Expression\BLOBValue.cpp">
      <Filter>Source Files\Expression</Filter>
    </ClCompile>
    <ClCompile Include="Src\Fdo\Expression\BooleanValue.cpp">
      <Filter>Source Files\Expression</Filter>
    </ClCompile>
    <ClCompile Include="Src\Fdo\Expression\ByteValue.cpp">
      <Filter>Source Files\Expression</Filter>
    </ClCompile>
    <ClCompile Include="Src\Fdo\Expression\CLOBValue.cpp">
      <Filter>Source Files\Expression</Filter>
    </ClCompile>
    <ClCompile Include="Src\Fdo\Expression\ComputedIdentifier.cpp">
      <Filter>Source Files\Expression</Filter>
    </ClCompile>
    <ClCompile Include="Src\Fdo\Expression\DataValue.cpp">
      <Filter>Source Files\Expression</Filter>
    </ClCompile>
    <ClCompile Include="Src\Fdo\Expression\DataValueCollection.cpp">
      <Filter>Source Files\Expression</Filter>
    </ClCompile>
    <ClCompile Include="Src\Fdo\Expression\DateTimeValue.cpp">
      <Filter>Source Files\Expression</Filter>
    </ClCompile>
    <ClCompile Include="Src\Fdo\Expression\DecimalValue.cpp">
      <Filter>Source Files\Expression</Filter>
    </ClCompile>
    <ClCompile Include="Src\Fdo\Expression\DoubleValue.cpp">
      <Filter>Source Files\Expression</Filter>
    </ClCompile>
    <ClCompile Include="Src\Fdo\Expression\Expression.cpp">
      <Filter>Source Files\Expression</Filter>
    </ClCompile>
    <ClCompile Include="Src\Fdo\Expression\ExpressionCollection.cpp">
      <Filter>Source Files\Expression</Filter>
    </ClCompile>
    <ClCompile Include="Src\Fdo\Expression\ExpressionException.cpp">
      <Filter>Source Files\Expression</Filter>
    </ClCompile>
    <ClCompile Include="Src\Fdo\Expression\ExpressionInternal.cpp">
      <Filter>Source Files\Expression</Filter>
    </ClCompile>
    <ClCompile Include="Src\Fdo\Expression\Function.cpp">
      <Filter>Source Files\Expression</Filter>
    </ClCompile>
    <ClCompile Include="Src\Fdo\Expression\GeometryValue.cpp">
      <Filter>Source Files\Expression</Filter>
    </ClCompile>
    <ClCompile Include="Src\Fdo\Expression\Identifier.cpp">
      <Filter>Source Files\Expression</Filter>
    </ClCompile>
    <ClCompile Include="Src\Fdo\Expression\Int16Value.cpp">
      <Filter>Source Files\Expression</Filter>
    </ClCompile>
    <ClCompile Include="Src\Fdo\Expression\Int32Value.cpp">
      <Filter>Source Files\Expression</Filter>
    </ClCompile>
    <ClCompile Include="Src\Fdo\Expression\Int64Value.cpp">
      <Filter>Source Files\Expression</Filter>
    </ClCompile>
    <ClCompile Include="Src\Fdo\Expression\IntBinValue.cpp">
      <Filter>Source Files\Expression</Filter>
    </ClCompile>
    <ClCompile Include="Src\Fdo\Expression\IntHexValue.cpp">
      <Filter>Source Files\Expression</Filter>
    </ClCompile>
    <ClCompile Include="Src\Fdo\Expression\LiteralValueCollection.cpp">
      <Filter>Source Files\Expression</Filter>
    </ClCompile>
    <ClCompile Include="Src\Fdo\Expression\Parameter.cpp">
      <Filter>Source Files\Expression</Filter>
    </ClCompile>
    <ClCompile Include="Src\Fdo\Expression\SingleValue.cpp">
      <Filter>Source Files\Expression</Filter>
    </ClCompile>
    <ClCompile Include="Src\Fdo\Expression\StringValue.cpp">
      <Filter>Source Files\Expression</Filter>
    </ClCompile>
    <ClCompile Include="Src\Fdo\Expression\UnaryExpression.cpp">
      <Filter>Source Files\Expression</Filter>
    </ClCompile>
    <ClCompile Include="Src\Fdo\Filter\BinaryLogicalOperator.cpp">
      <Filter>Source Files\Filter</Filter>
    </ClCompile>
    <ClCompile Include="Src\Fdo\Filter\ComparisonCondition.cpp">
      <Filter>Source Files\Filter</Filter>
    </ClCompile>
    <ClCompile Include="Src\Fdo\Filter\DistanceCondition.cpp">
      <Filter>Source Files\Filter</Filter>
    </ClCompile>
    <ClCompile Include="Src\Fdo\Filter\Filter.cpp">
      <Filter>Source Files\Filter</Filter>
    </ClCompile>
    <ClCompile Include="Src\Fdo\Filter\FilterException.cpp">
      <Filter>Source Files\Filter</Filter>
    </ClCompile>
    <ClCompile Include="Src\Fdo\Filter\GeometricCondition.cpp">
      <Filter>Source Files\Filter</Filter>
    </ClCompile>
    <ClCompile Include="Src\Fdo\Filter\InCondition.cpp">
      <Filter>Source Files\Filter</Filter>
    </ClCompile>
    <ClCompile Include="Src\Fdo\Filter\NullCondition.cpp">
      <Filter>Source Files\Filter</Filter>
    </ClCompile>
    <ClCompile Include="Src\Fdo\Filter\SpatialCondition.cpp">
      <Filter>Source Files\Filter</Filter>
    </ClCompile>
    <ClCompile Include="Src\Fdo\Filter\UnaryLogicalOperator.cpp">
      <Filter>Source Files\Filter</Filter>
    </ClCompile>
    <ClCompile Include="Src\Fdo\Filter\ValueExpressionCollection.cpp">
      <Filter>Source Files\Filter</Filter>
    </ClCompile>
    <ClCompile Include="Src\Fdo\Schema\AssociationPropertyDefinition.cpp">
      <Filter>Source Files\Schema</Filter>
    </ClCompile>
    <ClCompile Include="Src\Fdo\Schema\AutogenerationException.cpp">
      <Filter>Source Files\Schema</Filter>
    </ClCompile>
    <ClCompile Include="Src\Fdo\Schema\Class.cpp">
      <Filter>Source Files\Schema</Filter>
    </ClCompile>
    <ClCompile Include="Src\Fdo\Schema\ClassCapabilities.cpp">
      <Filter>Source Files\Schema</Filter>
    </ClCompile>
    <ClCompile Include="Src\Fdo\Schema\ClassCollection.cpp">
      <Filter>Source Files\Schema</Filter>
    </ClCompile>
    <ClCompile Include="Src\Fdo\Schema\ClassDefinition.cpp">
      <Filter>Source Files\Schema</Filter>
    </ClCompile>
    <ClCompile Include="Src\Fdo\Schema\DataPropertyDefinition.cpp">
      <Filter>Source Files\Schema</Filter>
    </ClCompile>
    <ClCompile Include="Src\Fdo\Schema\DataPropertyDefinitionCollection.cpp">
      <Filter>Source Files\Schema</Filter>
    </ClCompile>
    <ClCompile Include="Src\Fdo\Schema\DataTypeMapper.cpp">
      <Filter>Source Files\Schema</Filter>
    </ClCompile>
    <ClCompile Include="Src\Fdo\Schema\FeatureClass.cpp">
      <Filter>Source Files\Schema</Filter>
    </ClCompile>
    <ClCompile Include="Src\Fdo\Schema\FeatureClassCollection.cpp">
      <Filter>Source Files\Schema</Filter>
    </ClCompile>
    <ClCompile Include="Src\Fdo\Schema\FeatureSchema.cpp">
      <Filter>Source Files\Schema</Filter>
    </ClCompile>
    <ClCompile Include="Src\Fdo\Schema\FeatureSchemaCollection.cpp">
      <Filter>Source Files\Schema</Filter>
    </ClCompile>
    <ClCompile Include="Src\Fdo\Schema\GeometricPropertyDefinition.cpp">
      <Filter>Source Files\Schema</Filter>
    </ClCompile>
    <ClCompile Include="Src\Fdo\Schema\MergeContext.cpp">
      <Filter>Source Files\Schema</Filter>
    </ClCompile>
    <ClCompile Include="Src\Fdo\Schema\NetworkClass.cpp">
      <Filter>Source Files\Schema</Filter>
    </ClCompile>
    <ClCompile Include="Src\Fdo\Schema\NetworkFeatureClass.cpp">
      <Filter>Source Files\Schema</Filter>
    </ClCompile>
    <ClCompile Include="Src\Fdo\Schema\NetworkLayerClass.cpp">
      <Filter>Source Files\Schema</Filter>
    </ClCompile>
    <ClCompile Include="Src\Fdo\Schema\NetworkLinkFeatureClass.cpp">
      <Filter>Source Files\Schema</Filter>
    </ClCompile>
    <ClCompile Include="Src\Fdo\Schema\NetworkNodeFeatureClass.cpp">
      <Filter>Source Files\Schema</Filter>
    </ClCompile>
    <ClCompile Include="Src\Fdo\Schema\ObjectPropertyDefinition.cpp">
      <Filter>Source Files\Schema</Filter>
    </ClCompile>
    <ClCompile Include="Src\Fdo\Schema\PropertyDefinition.cpp">
      <Filter>Source Files\Schema</Filter>
    </ClCompile>
    <ClCompile Include="Src\Fdo\Schema\PropertyDefinitionCollection.cpp">
      <Filter>Source Files\Schema</Filter>
    </ClCompile>
    <ClCompile Include="Src\Fdo\Schema\PropertyValueConstraintList.cpp">
      <Filter>Source Files\Schema</Filter>
    </ClCompile>
    <ClCompile Include="Src\Fdo\Schema\PropertyValueConstraintRange.cpp">
      <Filter>Source Files\Schema</Filter>
    </ClCompile>
    <ClCompile Include="Src\Fdo\Schema\RasterPropertyDefinition.cpp">
      <Filter>Source Files\Schema</Filter>
    </ClCompile>
    <ClCompile Include="Src\Fdo\Schema\ReadOnlyDataPropertyDefinitionCollection.cpp">
      <Filter>Source Files\Schema</Filter>
    </ClCompile>
    <ClCompile Include="Src\Fdo\Schema\ReadOnlyPropertyDefinitionCollection.cpp">
      <Filter>Source Files\Schema</Filter>
    </ClCompile>
    <ClCompile Include="Src\Fdo\Schema\SchemaAttributeDictionary.cpp">
      <Filter>Source Files\Schema</Filter>
    </ClCompile>
    <ClCompile Include="Src\Fdo\Schema\SchemaElement.cpp">
      <Filter>Source Files\Schema</Filter>
    </ClCompile>
    <ClCompile Include="Src\Fdo\Schema\SchemaException.cpp">
      <Filter>Source Files\Schema</Filter>
    </ClCompile>
    <ClCompile Include="Src\Fdo\Schema\TopoFeaturePropertyDefinition.cpp">
      <Filter>Source Files\Schema</Filter>
    </ClCompile>
    <ClCompile Include="Src\Fdo\Schema\TopoGeometryPropertyDefinition.cpp">
      <Filter>Source Files\Schema</Filter>
    </ClCompile>
    <ClCompile Include="Src\Fdo\Schema\Topology.cpp">
      <Filter>Source Files\Schema</Filter>
    </ClCompile>
    <ClCompile Include="Src\Fdo\Schema\UniqueConstraint.cpp">
      <Filter>Source Files\Schema</Filter>
    </ClCompile>
    <ClCompile Include="Src\Fdo\Schema\UniqueConstraintCollection.cpp">
      <Filter>Source Files\Schema</Filter>
    </ClCompile>
    <ClCompile Include="Src\Fdo\Schema\XmlContext.cpp">
      <Filter>Source Files\Schema</Filter>
    </ClCompile>
    <ClCompile Include="Src\Fdo\Schema\XmlError.cpp">
      <Filter>Source Files\Schema</Filter>
    </ClCompile>
    <ClCompile Include="Src\Fdo\Parse\Lex.cpp">
      <Filter>Source Files\Parse</Filter>
    </ClCompile>
    <ClCompile Include="Src\Fdo\Parse\Parse.cpp">
      <Filter>Source Files\Parse</Filter>
    </ClCompile>
    <ClCompile Include="Src\Fdo\Parse\yyExpressionWin.cpp">
      <Filter>Source Files\Parse</Filter>
    </ClCompile>
    <ClCompile Include="Src\Fdo\Parse\yyFilterWin.cpp">
      <Filter>Source Files\Parse</Filter>
    </ClCompile>
    <ClCompile Include="Src\Fdo\Connections\ConnectionException.cpp">
      <Filter>Source Files\Connections</Filter>
    </ClCompile>
    <ClCompile Include="Src\Fdo\Connections\Capabilities\ArgumentDefinition.cpp">
      <Filter>Source Files\Connections\Capabilities</Filter>
    </ClCompile>
    <ClCompile Include="Src\Fdo\Connections\Capabilities\ArgumentDefinitionCollection.cpp">
      <Filter>Source Files\Connections\Capabilities</Filter>
    </ClCompile>
    <ClCompile Include="Src\Fdo\Connections\Capabilities\FunctionDefinition.cpp">
      <Filter>Source Files\Connections\Capabilities</Filter>
    </ClCompile>
    <ClCompile Include="Src\Fdo\Connections\Capabilities\FunctionDefinitionCollection.cpp">
      <Filter>Source Files\Connections\Capabilities</Filter>
    </ClCompile>
    <ClCompile Include="Src\Fdo\Connections\Capabilities\IExpressionCapabilities.cpp">
      <Filter>Source Files\Connections\Capabilities</Filter>
    </ClCompile>
    <ClCompile Include="Src\Fdo\Connections\Capabilities\ISchemaCapabilities.cpp">
      <Filter>Source Files\Connections\Capabilities</Filter>
    </ClCompile>
    <ClCompile Include="Src\Fdo\Connections\Capabilities\ReadOnlyArgumentDefinitionCollection.cpp">
      <Filter>Source Files\Connections\Capabilities</Filter>
    </ClCompile>
    <ClCompile Include="Src\Fdo\Connections\Capabilities\SignatureDefinition.cpp">
      <Filter>Source Files\Connections\Capabilities</Filter>
    </ClCompile>
    <ClCompile Include="Src\Fdo\Commands\BatchParameterValueCollection.cpp">
      <Filter>Source Files\Commands</Filter>
    </ClCompile>
    <ClCompile Include="Src\Fdo\Commands\CommandException.cpp">
      <Filter>Source Files\Commands</Filter>
    </ClCompile>
    <ClCompile Include="Src\Fdo\Commands\IdentifierCollection.cpp">
      <Filter>Source Files\Commands</Filter>
    </ClCompile>
    <ClCompile Include="Src\Fdo\Commands\ParameterValue.cpp">
      <Filter>Source Files\Commands</Filter>
    </ClCompile>
    <ClCompile Include="Src\Fdo\Commands\ParameterValueCollection.cpp">
      <Filter>Source Files\Commands</Filter>
    </ClCompile>
    <ClCompile Include="Src\Fdo\Commands\PropertyValue.cpp">
      <Filter>Source Files\Commands</Filter>
    </ClCompile>
    <ClCompile Include="Src\Fdo\Commands\PropertyValueCollection.cpp">
      <Filter>Source Files\Commands</Filter>
    </ClCompile>
    <ClCompile Include="Src\Fdo\Commands\Schema\PhysicalClassMapping.cpp">
      <Filter>Source Files\Commands\Schema</Filter>
    </ClCompile>
    <ClCompile Include="Src\Fdo\Commands\Schema\PhysicalElementMapping.cpp">
      <Filter>Source Files\Commands\Schema</Filter>
    </ClCompile>
    <ClCompile Include="Src\Fdo\Commands\Schema\PhysicalPropertyMapping.cpp">
      <Filter>Source Files\Commands\Schema</Filter>
    </ClCompile>
    <ClCompile Include="Src\Fdo\Commands\Schema\PhysicalSchemaMapping.cpp">
      <Filter>Source Files\Commands\Schema</Filter>
    </ClCompile>
    <ClCompile Include="Src\Fdo\Commands\Schema\PhysicalSchemaMappingCollection.cpp">
      <Filter>Source Files\Commands\Schema</Filter>
    </ClCompile>
    <ClCompile Include="Src\Fdo\Commands\SpatialContext\SpatialContextMismatchException.cpp">
      <Filter>Source Files\Commands\SpatialContext</Filter>
    </ClCompile>
    <ClCompile Include="Src\Fdo\Xml\AssociationProperty.cpp">
      <Filter>Source Files\Xml</Filter>
    </ClCompile>
    <ClCompile Include="Src\Fdo\Xml\Box.cpp">
      <Filter>Source Files\Xml</Filter>
    </ClCompile>
    <ClCompile Include="Src\Fdo\Xml\ClassMapping.cpp">
      <Filter>Source Files\Xml</Filter>
    </ClCompile>
    <ClCompile Include="Src\Fdo\Xml\ClassMappingCollection.cpp">
      <Filter>Source Files\Xml</Filter>
    </ClCompile>
    <ClCompile Include="Src\Fdo\Xml\Context.cpp">
      <Filter>Source Files\Xml</Filter>
    </ClCompile>
    <ClCompile Include="Src\Fdo\Xml\CoordinateGroup.cpp">
      <Filter>Source Files\Xml</Filter>
    </ClCompile>
    <ClCompile Include="Src\Fdo\Xml\DataProperty.cpp">
      <Filter>Source Files\Xml</Filter>
    </ClCompile>
    <ClCompile Include="Src\Fdo\Xml\Deserializable.cpp">
      <Filter>Source Files\Xml</Filter>
    </ClCompile>
    <ClCompile Include="Src\Fdo\Xml\ElementMapping.cpp">
      <Filter>Source Files\Xml</Filter>
    </ClCompile>
    <ClCompile Include="Src\Fdo\Xml\ElementMappingCollection.cpp">
      <Filter>Source Files\Xml</Filter>
    </ClCompile>
    <ClCompile Include="Src\Fdo\Xml\FeatureContext.cpp">
      <Filter>Source Files\Xml</Filter>
    </ClCompile>
    <ClCompile Include="Src\Fdo\Xml\FeatureFlags.cpp">
      <Filter>Source Files\Xml</Filter>
    </ClCompile>
    <ClCompile Include="Src\Fdo\Xml\FeatureHandler.cpp">
      <Filter>Source Files\Xml</Filter>
    </ClCompile>
    <ClCompile Include="Src\Fdo\Xml\FeaturePropertyReader.cpp">
      <Filter>Source Files\Xml</Filter>
    </ClCompile>
    <ClCompile Include="Src\Fdo\Xml\FeaturePropertyReaderImpl.cpp">
      <Filter>Source Files\Xml</Filter>
    </ClCompile>
    <ClCompile Include="Src\Fdo\Xml\FeaturePropertyWriter.cpp">
      <Filter>Source Files\Xml</Filter>
    </ClCompile>
    <ClCompile Include="Src\Fdo\Xml\FeatureReader.cpp">
      <Filter>Source Files\Xml</Filter>
    </ClCompile>
    <ClCompile Include="Src\Fdo\Xml\FeatureReaderImpl.cpp">
      <Filter>Source Files\Xml</Filter>
    </ClCompile>
    <ClCompile Include="Src\Fdo\Xml\FeatureSerializer.cpp">
      <Filter>Source Files\Xml</Filter>
    </ClCompile>
    <ClCompile Include="Src\Fdo\Xml\FeatureWriter.cpp">
      <Filter>Source Files\Xml</Filter>
    </ClCompile>
    <ClCompile Include="Src\Fdo\Xml\Flags.cpp">
      <Filter>Source Files\Xml</Filter>
    </ClCompile>
    <ClCompile Include="Src\Fdo\Xml\GeometricProperty.cpp">
      <Filter>Source Files\Xml</Filter>
    </ClCompile>
    <ClCompile Include="Src\Fdo\Xml\Geometry.cpp">
      <Filter>Source Files\Xml</Filter>
    </ClCompile>
    <ClCompile Include="Src\Fdo\Xml\GeometryHandler.cpp">
      <Filter>Source Files\Xml</Filter>
    </ClCompile>
    <ClCompile Include="Src\Fdo\Xml\GeometrySerializer.cpp">
      <Filter>Source Files\Xml</Filter>
    </ClCompile>
    <ClCompile Include="Src\Fdo\Xml\LinearRing.cpp">
      <Filter>Source Files\Xml</Filter>
    </ClCompile>
    <ClCompile Include="Src\Fdo\Xml\LineString.cpp">
      <Filter>Source Files\Xml</Filter>
    </ClCompile>
    <ClCompile Include="Src\Fdo\Xml\LpClassDefinition.cpp">
      <Filter>Source Files\Xml</Filter>
    </ClCompile>
    <ClCompile Include="Src\Fdo\Xml\LpGmlElementDefinition.cpp">
      <Filter>Source Files\Xml</Filter>
    </ClCompile>
    <ClCompile Include="Src\Fdo\Xml\LpPropertyDefinition.cpp">
      <Filter>Source Files\Xml</Filter>
    </ClCompile>
    <ClCompile Include="Src\Fdo\Xml\LpSchema.cpp">
      <Filter>Source Files\Xml</Filter>
    </ClCompile>
    <ClCompile Include="Src\Fdo\Xml\MultiGeometry.cpp">
      <Filter>Source Files\Xml</Filter>
    </ClCompile>
    <ClCompile Include="Src\Fdo\Xml\MultiLineString.cpp">
      <Filter>Source Files\Xml</Filter>
    </ClCompile>
    <ClCompile Include="Src\Fdo\Xml\MultiPoint.cpp">
      <Filter>Source Files\Xml</Filter>
    </ClCompile>
    <ClCompile Include="Src\Fdo\Xml\MultiPolygon.cpp">
      <Filter>Source Files\Xml</Filter>
    </ClCompile>
    <ClCompile Include="Src\Fdo\Xml\NameCollectionHandler.cpp">
      <Filter>Source Files\Xml</Filter>
    </ClCompile>
    <ClCompile Include="Src\Fdo\Xml\Point.cpp">
      <Filter>Source Files\Xml</Filter>
    </ClCompile>
    <ClCompile Include="Src\Fdo\Xml\Polygon.cpp">
      <Filter>Source Files\Xml</Filter>
    </ClCompile>
    <ClCompile Include="Src\Fdo\Xml\SchemaManager.cpp">
      <Filter>Source Files\Xml</Filter>
    </ClCompile>
    <ClCompile Include="Src\Fdo\Xml\SchemaMapping.cpp">
      <Filter>Source Files\Xml</Filter>
    </ClCompile>
    <ClCompile Include="Src\Fdo\Xml\SCReadHandler.cpp">
      <Filter>Source Files\Xml</Filter>
    </ClCompile>
    <ClCompile Include="Src\Fdo\Xml\Serializable.cpp">
      <Filter>Source Files\Xml</Filter>
    </ClCompile>
    <ClCompile Include="Src\Fdo\Xml\SpatialContextFlags.cpp">
      <Filter>Source Files\Xml</Filter>
    </ClCompile>
    <ClCompile Include="Src\Fdo\Xml\SpatialContextReader.cpp">
      <Filter>Source Files\Xml</Filter>
    </ClCompile>
    <ClCompile Include="Src\Fdo\Xml\SpatialContextSerializer.cpp">
      <Filter>Source Files\Xml</Filter>
    </ClCompile>
    <ClCompile Include="Src\Fdo\Xml\SpatialContextWriter.cpp">
      <Filter>Source Files\Xml</Filter>
    </ClCompile>
    <ClCompile Include="Src\Fdo\Raster\RasterDataModel.cpp">
      <Filter>Source Files\Raster</Filter>
    </ClCompile>
    <ClCompile Include="Src\Fdo\ClientServices\ClientServiceException.cpp">
      <Filter>Source Files\ClientServices</Filter>
    </ClCompile>
    <ClCompile Include="Src\Fdo\ClientServices\ConnectionManager.cpp">
      <Filter>Source Files\ClientServices</Filter>
    </ClCompile>
    <ClCompile Include="Src\Fdo\ClientServices\FeatureAccessManager.cpp">
      <Filter>Source Files\ClientServices</Filter>
    </ClCompile>
    <ClCompile Include="Src\Fdo\ClientServices\Provider.cpp">
      <Filter>Source Files\ClientServices</Filter>
    </ClCompile>
    <ClCompile Include="Src\Fdo\ClientServices\ProviderCollection.cpp">
      <Filter>Source Files\ClientServices</Filter>
    </ClCompile>
    <ClCompile Include="Src\Fdo\ClientServices\ProviderNameTokens.cpp">
      <Filter>Source Files\ClientServices</Filter>
    </ClCompile>
    <ClCompile Include="Src\Fdo\ClientServices\ProviderRegistry.cpp">
      <Filter>Source Files\ClientServices</Filter>
    </ClCompile>
    <ClCompile Include="Src\Fdo\ClientServices\RegistryUtility.cpp">
      <Filter>Source Files\ClientServices</Filter>
    </ClCompile>
  </ItemGroup>
  <ItemGroup>
    <ClInclude Include="Src\Fdo\Expression\ExpressionInternal.h">
      <Filter>Source Files\Expression</Filter>
    </ClInclude>
    <ClInclude Include="Inc\Fdo\Expression\IntBinValue.h">
      <Filter>Source Files\Expression</Filter>
    </ClInclude>
    <ClInclude Include="Inc\Fdo\Expression\IntHexValue.h">
      <Filter>Source Files\Expression</Filter>
    </ClInclude>
    <ClInclude Include="Inc\Fdo\Connections\Capabilities\FunctionCategoryType.h">
      <Filter>Source Files\Connections\Capabilities</Filter>
    </ClInclude>
    <ClInclude Include="Src\Fdo\Xml\AssociationProperty.h">
      <Filter>Source Files\Xml</Filter>
    </ClInclude>
    <ClInclude Include="Src\Fdo\Xml\BLOBProperty.h">
      <Filter>Source Files\Xml</Filter>
    </ClInclude>
    <ClInclude Include="Src\Fdo\Xml\Box.h">
      <Filter>Source Files\Xml</Filter>
    </ClInclude>
    <ClInclude Include="Src\Fdo\Xml\CoordinateGroup.h">
      <Filter>Source Files\Xml</Filter>
    </ClInclude>
    <ClInclude Include="Src\Fdo\Xml\DataProperty.h">
      <Filter>Source Files\Xml</Filter>
    </ClInclude>
    <ClInclude Include="Src\Fdo\Xml\FeaturePropertyReaderImpl.h">
      <Filter>Source Files\Xml</Filter>
    </ClInclude>
    <ClInclude Include="Src\Fdo\Xml\FeatureReaderImpl.h">
      <Filter>Source Files\Xml</Filter>
    </ClInclude>
    <ClInclude Include="Src\Fdo\Xml\GeometricProperty.h">
      <Filter>Source Files\Xml</Filter>
    </ClInclude>
    <ClInclude Include="Src\Fdo\Xml\Geometry.h">
      <Filter>Source Files\Xml</Filter>
    </ClInclude>
    <ClInclude Include="Src\Fdo\Xml\GeometryHandler.h">
      <Filter>Source Files\Xml</Filter>
    </ClInclude>
    <ClInclude Include="Src\Fdo\Xml\GeometrySerializer.h">
      <Filter>Source Files\Xml</Filter>
    </ClInclude>
    <ClInclude Include="Src\Fdo\Xml\LinearRing.h">
      <Filter>Source Files\Xml</Filter>
    </ClInclude>
    <ClInclude Include="Src\Fdo\Xml\LineString.h">
      <Filter>Source Files\Xml</Filter>
    </ClInclude>
    <ClInclude Include="Src\Fdo\Xml\LpClassDefinition.h">
      <Filter>Source Files\Xml</Filter>
    </ClInclude>
    <ClInclude Include="Src\Fdo\Xml\LpCollection.h">
      <Filter>Source Files\Xml</Filter>
    </ClInclude>
    <ClInclude Include="Src\Fdo\Xml\LpGmlElementDefinition.h">
      <Filter>Source Files\Xml</Filter>
    </ClInclude>
    <ClInclude Include="Src\Fdo\Xml\LpPropertyDefinition.h">
      <Filter>Source Files\Xml</Filter>
    </ClInclude>
    <ClInclude Include="Src\Fdo\Xml\LpSchema.h">
      <Filter>Source Files\Xml</Filter>
    </ClInclude>
    <ClInclude Include="Src\Fdo\Xml\LpSchemaElement.h">
      <Filter>Source Files\Xml</Filter>
    </ClInclude>
    <ClInclude Include="Src\Fdo\Xml\MultiGeometry.h">
      <Filter>Source Files\Xml</Filter>
    </ClInclude>
    <ClInclude Include="Src\Fdo\Xml\MultiLineString.h">
      <Filter>Source Files\Xml</Filter>
    </ClInclude>
    <ClInclude Include="Src\Fdo\Xml\MultiPoint.h">
      <Filter>Source Files\Xml</Filter>
    </ClInclude>
    <ClInclude Include="Src\Fdo\Xml\MultiPolygon.h">
      <Filter>Source Files\Xml</Filter>
    </ClInclude>
    <ClInclude Include="Src\Fdo\Xml\Point.h">
      <Filter>Source Files\Xml</Filter>
    </ClInclude>
    <ClInclude Include="Src\Fdo\Xml\Polygon.h">
      <Filter>Source Files\Xml</Filter>
    </ClInclude>
    <ClInclude Include="Src\Fdo\Xml\SchemaManager.h">
      <Filter>Source Files\Xml</Filter>
    </ClInclude>
    <ClInclude Include="Src\Fdo\ClientServices\ProviderDef.h">
      <Filter>Source Files\ClientServices</Filter>
    </ClInclude>
    <ClInclude Include="Src\Fdo\ClientServices\RegistryUtility.h">
      <Filter>Source Files\ClientServices</Filter>
    </ClInclude>
    <ClInclude Include="Inc\Fdo\Collection.h">
      <Filter>Header Files</Filter>
    </ClInclude>
    <ClInclude Include="Inc\Fdo.h">
      <Filter>Header Files</Filter>
    </ClInclude>
    <ClInclude Include="Inc\FdoStd.h">
      <Filter>Header Files</Filter>
    </ClInclude>
    <ClInclude Include="Inc\Fdo\IDisposableCollection.h">
      <Filter>Header Files</Filter>
    </ClInclude>
    <ClInclude Include="Inc\Fdo\ReadOnlyCollection.h">
      <Filter>Header Files</Filter>
    </ClInclude>
    <ClInclude Include="Inc\Fdo\ReadOnlyUnnamedCollection.h">
      <Filter>Header Files</Filter>
    </ClInclude>
    <ClInclude Include="Inc\Fdo\Schema\AssociationPropertyDefinition.h">
      <Filter>Header Files\Schema</Filter>
    </ClInclude>
    <ClInclude Include="Inc\Fdo\Schema\AutogenerationException.h">
      <Filter>Header Files\Schema</Filter>
    </ClInclude>
    <ClInclude Include="Inc\Fdo\Schema\Class.h">
      <Filter>Header Files\Schema</Filter>
    </ClInclude>
    <ClInclude Include="Inc\Fdo\Schema\ClassCapabilities.h">
      <Filter>Header Files\Schema</Filter>
    </ClInclude>
    <ClInclude Include="Inc\Fdo\Schema\ClassCollection.h">
      <Filter>Header Files\Schema</Filter>
    </ClInclude>
    <ClInclude Include="Inc\Fdo\Schema\ClassDefinition.h">
      <Filter>Header Files\Schema</Filter>
    </ClInclude>
    <ClInclude Include="Inc\Fdo\Schema\ClassType.h">
      <Filter>Header Files\Schema</Filter>
    </ClInclude>
    <ClInclude Include="Inc\Fdo\Schema\DataPropertyDefinition.h">
      <Filter>Header Files\Schema</Filter>
    </ClInclude>
    <ClInclude Include="Inc\Fdo\Schema\DataPropertyDefinitionCollection.h">
      <Filter>Header Files\Schema</Filter>
    </ClInclude>
    <ClInclude Include="Inc\Fdo\Schema\DataType.h">
      <Filter>Header Files\Schema</Filter>
    </ClInclude>
    <ClInclude Include="Src\Fdo\Schema\DataTypeMapper.h">
      <Filter>Header Files\Schema</Filter>
    </ClInclude>
    <ClInclude Include="Inc\Fdo\Schema\DeleteRule.h">
      <Filter>Header Files\Schema</Filter>
    </ClInclude>
    <ClInclude Include="Inc\Fdo\Schema\FeatureClass.h">
      <Filter>Header Files\Schema</Filter>
    </ClInclude>
    <ClInclude Include="Inc\Fdo\Schema\FeatureClassCollection.h">
      <Filter>Header Files\Schema</Filter>
    </ClInclude>
    <ClInclude Include="Inc\Fdo\Schema\FeatureSchema.h">
      <Filter>Header Files\Schema</Filter>
    </ClInclude>
    <ClInclude Include="Inc\Fdo\Schema\FeatureSchemaCollection.h">
      <Filter>Header Files\Schema</Filter>
    </ClInclude>
    <ClInclude Include="Inc\Fdo\Schema\GeometricPropertyDefinition.h">
      <Filter>Header Files\Schema</Filter>
    </ClInclude>
    <ClInclude Include="Inc\Fdo\Schema\GeometricType.h">
      <Filter>Header Files\Schema</Filter>
    </ClInclude>
    <ClInclude Include="Inc\Fdo\Schema\MergeContext.h">
      <Filter>Header Files\Schema</Filter>
    </ClInclude>
    <ClInclude Include="Inc\Fdo\Schema\NetworkClass.h">
      <Filter>Header Files\Schema</Filter>
    </ClInclude>
    <ClInclude Include="Inc\Fdo\Schema\NetworkFeatureClass.h">
      <Filter>Header Files\Schema</Filter>
    </ClInclude>
    <ClInclude Include="Inc\Fdo\Schema\NetworkLayerClass.h">
      <Filter>Header Files\Schema</Filter>
    </ClInclude>
    <ClInclude Include="Inc\Fdo\Schema\NetworkLinkFeatureClass.h">
      <Filter>Header Files\Schema</Filter>
    </ClInclude>
    <ClInclude Include="Inc\Fdo\Schema\NetworkNodeFeatureClass.h">
      <Filter>Header Files\Schema</Filter>
    </ClInclude>
    <ClInclude Include="Inc\Fdo\Schema\ObjectPropertyDefinition.h">
      <Filter>Header Files\Schema</Filter>
    </ClInclude>
    <ClInclude Include="Inc\Fdo\Schema\ObjectType.h">
      <Filter>Header Files\Schema</Filter>
    </ClInclude>
    <ClInclude Include="Inc\Fdo\Schema\OrderType.h">
      <Filter>Header Files\Schema</Filter>
    </ClInclude>
    <ClInclude Include="Inc\Fdo\Schema\PropertyDefinition.h">
      <Filter>Header Files\Schema</Filter>
    </ClInclude>
    <ClInclude Include="Inc\Fdo\Schema\PropertyDefinitionCollection.h">
      <Filter>Header Files\Schema</Filter>
    </ClInclude>
    <ClInclude Include="Inc\Fdo\Schema\PropertyType.h">
      <Filter>Header Files\Schema</Filter>
    </ClInclude>
    <ClInclude Include="Inc\Fdo\Schema\PropertyValueConstraint.h">
      <Filter>Header Files\Schema</Filter>
    </ClInclude>
    <ClInclude Include="Inc\Fdo\Schema\PropertyValueConstraintList.h">
      <Filter>Header Files\Schema</Filter>
    </ClInclude>
    <ClInclude Include="Inc\Fdo\Schema\PropertyValueConstraintRange.h">
      <Filter>Header Files\Schema</Filter>
    </ClInclude>
    <ClInclude Include="Inc\Fdo\Schema\PropertyValueConstraintType.h">
      <Filter>Header Files\Schema</Filter>
    </ClInclude>
    <ClInclude Include="Inc\Fdo\Schema\RasterPropertyDefinition.h">
      <Filter>Header Files\Schema</Filter>
    </ClInclude>
    <ClInclude Include="Inc\Fdo\Schema\ReadOnlyDataPropertyDefinitionCollection.h">
      <Filter>Header Files\Schema</Filter>
    </ClInclude>
    <ClInclude Include="Inc\Fdo\Schema\ReadOnlyPropertyDefinitionCollection.h">
      <Filter>Header Files\Schema</Filter>
    </ClInclude>
    <ClInclude Include="Inc\Fdo\Schema\SchemaAttributeDictionary.h">
      <Filter>Header Files\Schema</Filter>
    </ClInclude>
    <ClInclude Include="Inc\Fdo\Schema\SchemaCollection.h">
      <Filter>Header Files\Schema</Filter>
    </ClInclude>
    <ClInclude Include="Inc\Fdo\Schema\SchemaElement.h">
      <Filter>Header Files\Schema</Filter>
    </ClInclude>
    <ClInclude Include="Inc\Fdo\Schema\SchemaElementState.h">
      <Filter>Header Files\Schema</Filter>
    </ClInclude>
    <ClInclude Include="Inc\Fdo\Schema\SchemaException.h">
      <Filter>Header Files\Schema</Filter>
    </ClInclude>
    <ClInclude Include="Inc\Fdo\Schema\TopoFeaturePropertyDefinition.h">
      <Filter>Header Files\Schema</Filter>
    </ClInclude>
    <ClInclude Include="Inc\Fdo\Schema\TopoGeometryPropertyDefinition.h">
      <Filter>Header Files\Schema</Filter>
    </ClInclude>
    <ClInclude Include="Inc\Fdo\Schema\Topology.h">
      <Filter>Header Files\Schema</Filter>
    </ClInclude>
    <ClInclude Include="Inc\Fdo\Schema\UniqueConstraint.h">
      <Filter>Header Files\Schema</Filter>
    </ClInclude>
    <ClInclude Include="Inc\Fdo\Schema\UniqueConstraintCollection.h">
      <Filter>Header Files\Schema</Filter>
    </ClInclude>
    <ClInclude Include="Src\Fdo\Schema\XmlContext.h">
      <Filter>Header Files\Schema</Filter>
    </ClInclude>
    <ClInclude Include="Src\Fdo\Schema\XmlError.h">
      <Filter>Header Files\Schema</Filter>
    </ClInclude>
    <ClInclude Include="Inc\Fdo\Expression\BinaryExpression.h">
      <Filter>Header Files\Expression</Filter>
    </ClInclude>
    <ClInclude Include="Inc\Fdo\Expression\BinaryOperations.h">
      <Filter>Header Files\Expression</Filter>
    </ClInclude>
    <ClInclude Include="Inc\Fdo\Expression\BLOBStreamReader.h">
      <Filter>Header Files\Expression</Filter>
    </ClInclude>
    <ClInclude Include="Inc\Fdo\Expression\BLOBValue.h">
      <Filter>Header Files\Expression</Filter>
    </ClInclude>
    <ClInclude Include="Inc\Fdo\Expression\BooleanValue.h">
      <Filter>Header Files\Expression</Filter>
    </ClInclude>
    <ClInclude Include="Inc\Fdo\Expression\ByteValue.h">
      <Filter>Header Files\Expression</Filter>
    </ClInclude>
    <ClInclude Include="Inc\Fdo\Expression\CLOBValue.h">
      <Filter>Header Files\Expression</Filter>
    </ClInclude>
    <ClInclude Include="Inc\Fdo\Expression\ComputedIdentifier.h">
      <Filter>Header Files\Expression</Filter>
    </ClInclude>
    <ClInclude Include="Inc\Fdo\Expression\DataValue.h">
      <Filter>Header Files\Expression</Filter>
    </ClInclude>
    <ClInclude Include="Inc\Fdo\Expression\DataValueCollection.h">
      <Filter>Header Files\Expression</Filter>
    </ClInclude>
    <ClInclude Include="Inc\Fdo\Expression\DateTimeValue.h">
      <Filter>Header Files\Expression</Filter>
    </ClInclude>
    <ClInclude Include="Inc\Fdo\Expression\DecimalValue.h">
      <Filter>Header Files\Expression</Filter>
    </ClInclude>
    <ClInclude Include="Inc\Fdo\Expression\DoubleValue.h">
      <Filter>Header Files\Expression</Filter>
    </ClInclude>
    <ClInclude Include="Inc\Fdo\Expression\Expression.h">
      <Filter>Header Files\Expression</Filter>
    </ClInclude>
    <ClInclude Include="Inc\Fdo\Expression\ExpressionCollection.h">
      <Filter>Header Files\Expression</Filter>
    </ClInclude>
    <ClInclude Include="Inc\Fdo\Expression\ExpressionException.h">
      <Filter>Header Files\Expression</Filter>
    </ClInclude>
    <ClInclude Include="Inc\Fdo\Expression\ExpressionType.h">
      <Filter>Header Files\Expression</Filter>
    </ClInclude>
    <ClInclude Include="Inc\Fdo\Expression\Function.h">
      <Filter>Header Files\Expression</Filter>
    </ClInclude>
    <ClInclude Include="Inc\Fdo\Expression\GeometryValue.h">
      <Filter>Header Files\Expression</Filter>
    </ClInclude>
    <ClInclude Include="Inc\Fdo\Expression\Identifier.h">
      <Filter>Header Files\Expression</Filter>
    </ClInclude>
    <ClInclude Include="Inc\Fdo\Expression\IExpressionProcessor.h">
      <Filter>Header Files\Expression</Filter>
    </ClInclude>
    <ClInclude Include="Inc\Fdo\Expression\Int16Value.h">
      <Filter>Header Files\Expression</Filter>
    </ClInclude>
    <ClInclude Include="Inc\Fdo\Expression\Int32Value.h">
      <Filter>Header Files\Expression</Filter>
    </ClInclude>
    <ClInclude Include="Inc\Fdo\Expression\Int64Value.h">
      <Filter>Header Files\Expression</Filter>
    </ClInclude>
    <ClInclude Include="Inc\Fdo\Expression\LiteralValue.h">
      <Filter>Header Files\Expression</Filter>
    </ClInclude>
    <ClInclude Include="Inc\Fdo\Expression\LiteralValueCollection.h">
      <Filter>Header Files\Expression</Filter>
    </ClInclude>
    <ClInclude Include="Inc\Fdo\Expression\LiteralValueType.h">
      <Filter>Header Files\Expression</Filter>
    </ClInclude>
    <ClInclude Include="Inc\Fdo\Expression\LOBValue.h">
      <Filter>Header Files\Expression</Filter>
    </ClInclude>
    <ClInclude Include="Inc\Fdo\Expression\Parameter.h">
      <Filter>Header Files\Expression</Filter>
    </ClInclude>
    <ClInclude Include="Inc\Fdo\Expression\SingleValue.h">
      <Filter>Header Files\Expression</Filter>
    </ClInclude>
    <ClInclude Include="Inc\Fdo\Expression\StringValue.h">
      <Filter>Header Files\Expression</Filter>
    </ClInclude>
    <ClInclude Include="Inc\Fdo\Expression\UnaryExpression.h">
      <Filter>Header Files\Expression</Filter>
    </ClInclude>
    <ClInclude Include="Inc\Fdo\Expression\UnaryOperations.h">
      <Filter>Header Files\Expression</Filter>
    </ClInclude>
    <ClInclude Include="Inc\Fdo\Expression\ValueExpression.h">
      <Filter>Header Files\Expression</Filter>
    </ClInclude>
    <ClInclude Include="Inc\Fdo\Filter\BinaryLogicalOperations.h">
      <Filter>Header Files\Filter</Filter>
    </ClInclude>
    <ClInclude Include="Inc\Fdo\Filter\BinaryLogicalOperator.h">
      <Filter>Header Files\Filter</Filter>
    </ClInclude>
    <ClInclude Include="Inc\Fdo\Filter\ComparisonCondition.h">
      <Filter>Header Files\Filter</Filter>
    </ClInclude>
    <ClInclude Include="Inc\Fdo\Filter\ComparisonOperations.h">
      <Filter>Header Files\Filter</Filter>
    </ClInclude>
    <ClInclude Include="Inc\Fdo\Filter\ConditionType.h">
      <Filter>Header Files\Filter</Filter>
    </ClInclude>
    <ClInclude Include="Inc\Fdo\Filter\DistanceCondition.h">
      <Filter>Header Files\Filter</Filter>
    </ClInclude>
    <ClInclude Include="Inc\Fdo\Filter\DistanceOperations.h">
      <Filter>Header Files\Filter</Filter>
    </ClInclude>
    <ClInclude Include="Inc\Fdo\Filter\Filter.h">
      <Filter>Header Files\Filter</Filter>
    </ClInclude>
    <ClInclude Include="Inc\Fdo\Filter\FilterException.h">
      <Filter>Header Files\Filter</Filter>
    </ClInclude>
    <ClInclude Include="Inc\Fdo\Filter\GeometricCondition.h">
      <Filter>Header Files\Filter</Filter>
    </ClInclude>
    <ClInclude Include="Inc\Fdo\Filter\IFilterProcessor.h">
      <Filter>Header Files\Filter</Filter>
    </ClInclude>
    <ClInclude Include="Inc\Fdo\Filter\InCondition.h">
      <Filter>Header Files\Filter</Filter>
    </ClInclude>
    <ClInclude Include="Inc\Fdo\Filter\LogicalOperator.h">
      <Filter>Header Files\Filter</Filter>
    </ClInclude>
    <ClInclude Include="Inc\Fdo\Filter\NullCondition.h">
      <Filter>Header Files\Filter</Filter>
    </ClInclude>
    <ClInclude Include="Inc\Fdo\Filter\SearchCondition.h">
      <Filter>Header Files\Filter</Filter>
    </ClInclude>
    <ClInclude Include="Inc\Fdo\Filter\SpatialCondition.h">
      <Filter>Header Files\Filter</Filter>
    </ClInclude>
    <ClInclude Include="Inc\Fdo\Filter\SpatialOperations.h">
      <Filter>Header Files\Filter</Filter>
    </ClInclude>
    <ClInclude Include="Inc\Fdo\Filter\UnaryLogicalOperations.h">
      <Filter>Header Files\Filter</Filter>
    </ClInclude>
    <ClInclude Include="Inc\Fdo\Filter\UnaryLogicalOperator.h">
      <Filter>Header Files\Filter</Filter>
    </ClInclude>
    <ClInclude Include="Inc\Fdo\Filter\ValueExpressionCollection.h">
      <Filter>Header Files\Filter</Filter>
    </ClInclude>
    <ClInclude Include="Src\Fdo\Parse\Lex.h">
      <Filter>Header Files\Parse</Filter>
    </ClInclude>
    <ClInclude Include="Src\Fdo\Parse\Parse.h">
      <Filter>Header Files\Parse</Filter>
    </ClInclude>
    <ClInclude Include="Src\Fdo\Parse\yyExpressionWin.h">
      <Filter>Header Files\Parse</Filter>
    </ClInclude>
    <ClInclude Include="Src\Fdo\Parse\yyFilterWin.h">
      <Filter>Header Files\Parse</Filter>
    </ClInclude>
    <ClInclude Include="Inc\Fdo\Connections\ConnectionException.h">
      <Filter>Header Files\Connections</Filter>
    </ClInclude>
    <ClInclude Include="Inc\Fdo\Connections\ConnectionState.h">
      <Filter>Header Files\Connections</Filter>
    </ClInclude>
    <ClInclude Include="Inc\Fdo\Connections\IConnection.h">
      <Filter>Header Files\Connections</Filter>
    </ClInclude>
    <ClInclude Include="Inc\Fdo\Connections\IConnectionInfo.h">
      <Filter>Header Files\Connections</Filter>
    </ClInclude>
    <ClInclude Include="Inc\Fdo\Connections\IConnectionPropertyDictionary.h">
      <Filter>Header Files\Connections</Filter>
    </ClInclude>
    <ClInclude Include="Inc\Fdo\Connections\IPropertyDictionary.h">
      <Filter>Header Files\Connections</Filter>
    </ClInclude>
    <ClInclude Include="Inc\Fdo\Connections\ITransaction.h">
      <Filter>Header Files\Connections</Filter>
    </ClInclude>
    <ClInclude Include="Inc\Fdo\Connections\ProviderDatastoreType.h">
      <Filter>Header Files\Connections</Filter>
    </ClInclude>
    <ClInclude Include="Inc\Fdo\Connections\Capabilities\ArgumentDefinition.h">
      <Filter>Header Files\Connections\Capabilities</Filter>
    </ClInclude>
    <ClInclude Include="Inc\Fdo\Connections\Capabilities\ArgumentDefinitionCollection.h">
      <Filter>Header Files\Connections\Capabilities</Filter>
    </ClInclude>
    <ClInclude Include="Inc\Fdo\Connections\Capabilities\FunctionDefinition.h">
      <Filter>Header Files\Connections\Capabilities</Filter>
    </ClInclude>
    <ClInclude Include="Inc\Fdo\Connections\Capabilities\FunctionDefinitionCollection.h">
      <Filter>Header Files\Connections\Capabilities</Filter>
    </ClInclude>
    <ClInclude Include="Inc\Fdo\Connections\Capabilities\ICommandCapabilities.h">
      <Filter>Header Files\Connections\Capabilities</Filter>
    </ClInclude>
    <ClInclude Include="Inc\Fdo\Connections\Capabilities\IConnectionCapabilities.h">
      <Filter>Header Files\Connections\Capabilities</Filter>
    </ClInclude>
    <ClInclude Include="Inc\Fdo\Connections\Capabilities\IExpressionCapabilities.h">
      <Filter>Header Files\Connections\Capabilities</Filter>
    </ClInclude>
    <ClInclude Include="Inc\Fdo\Connections\Capabilities\IFilterCapabilities.h">
      <Filter>Header Files\Connections\Capabilities</Filter>
    </ClInclude>
    <ClInclude Include="Inc\Fdo\Connections\Capabilities\IGeometryCapabilities.h">
      <Filter>Header Files\Connections\Capabilities</Filter>
    </ClInclude>
    <ClInclude Include="Inc\Fdo\Connections\Capabilities\IRasterCapabilities.h">
      <Filter>Header Files\Connections\Capabilities</Filter>
    </ClInclude>
    <ClInclude Include="Inc\Fdo\Connections\Capabilities\ISchemaCapabilities.h">
      <Filter>Header Files\Connections\Capabilities</Filter>
    </ClInclude>
    <ClInclude Include="Inc\Fdo\Connections\Capabilities\ITopologyCapabilities.h">
      <Filter>Header Files\Connections\Capabilities</Filter>
    </ClInclude>
    <ClInclude Include="Inc\Fdo\Connections\Capabilities\ReadOnlyArgumentDefinitionCollection.h">
      <Filter>Header Files\Connections\Capabilities</Filter>
    </ClInclude>
    <ClInclude Include="Inc\Fdo\Connections\Capabilities\SchemaElementNameType.h">
      <Filter>Header Files\Connections\Capabilities</Filter>
    </ClInclude>
    <ClInclude Include="Inc\Fdo\Connections\Capabilities\SignatureDefinition.h">
      <Filter>Header Files\Connections\Capabilities</Filter>
    </ClInclude>
    <ClInclude Include="Inc\Fdo\Connections\Capabilities\ThreadCapability.h">
      <Filter>Header Files\Connections\Capabilities</Filter>
    </ClInclude>
    <ClInclude Include="Inc\Fdo\Commands\BatchParameterValueCollection.h">
      <Filter>Header Files\Commands</Filter>
    </ClInclude>
    <ClInclude Include="Inc\Fdo\Commands\CommandException.h">
      <Filter>Header Files\Commands</Filter>
    </ClInclude>
    <ClInclude Include="Inc\Fdo\Commands\CommandType.h">
      <Filter>Header Files\Commands</Filter>
    </ClInclude>
    <ClInclude Include="Inc\Fdo\Commands\ICommand.h">
      <Filter>Header Files\Commands</Filter>
    </ClInclude>
    <ClInclude Include="Inc\Fdo\Commands\IdentifierCollection.h">
      <Filter>Header Files\Commands</Filter>
    </ClInclude>
    <ClInclude Include="Inc\Fdo\Commands\IFeatureCommand.h">
      <Filter>Header Files\Commands</Filter>
    </ClInclude>
    <ClInclude Include="Inc\Fdo\Commands\OrderingOption.h">
      <Filter>Header Files\Commands</Filter>
    </ClInclude>
    <ClInclude Include="Inc\Fdo\Commands\ParameterDirection.h">
      <Filter>Header Files\Commands</Filter>
    </ClInclude>
    <ClInclude Include="Inc\Fdo\Commands\ParameterValue.h">
      <Filter>Header Files\Commands</Filter>
    </ClInclude>
    <ClInclude Include="Inc\Fdo\Commands\ParameterValueCollection.h">
      <Filter>Header Files\Commands</Filter>
    </ClInclude>
    <ClInclude Include="Inc\Fdo\Commands\PropertyValue.h">
      <Filter>Header Files\Commands</Filter>
    </ClInclude>
    <ClInclude Include="Inc\Fdo\Commands\PropertyValueCollection.h">
      <Filter>Header Files\Commands</Filter>
    </ClInclude>
    <ClInclude Include="Inc\Fdo\Commands\Feature\IBaseSelect.h">
      <Filter>Header Files\Commands\Feature</Filter>
    </ClInclude>
    <ClInclude Include="Inc\Fdo\Commands\Feature\IDataReader.h">
      <Filter>Header Files\Commands\Feature</Filter>
    </ClInclude>
    <ClInclude Include="Inc\Fdo\Commands\Feature\IDelete.h">
      <Filter>Header Files\Commands\Feature</Filter>
    </ClInclude>
    <ClInclude Include="Inc\Fdo\Commands\Feature\IExtendedSelect.h">
      <Filter>Header Files\Commands\Feature</Filter>
    </ClInclude>
    <ClInclude Include="Inc\Fdo\Commands\Feature\IFeatureReader.h">
      <Filter>Header Files\Commands\Feature</Filter>
    </ClInclude>
    <ClInclude Include="Inc\Fdo\Commands\Feature\IInsert.h">
      <Filter>Header Files\Commands\Feature</Filter>
    </ClInclude>
    <ClInclude Include="Inc\Fdo\Commands\Feature\IReader.h">
      <Filter>Header Files\Commands\Feature</Filter>
    </ClInclude>
    <ClInclude Include="Inc\Fdo\Commands\Feature\IScrollableFeatureReader.h">
      <Filter>Header Files\Commands\Feature</Filter>
    </ClInclude>
    <ClInclude Include="Inc\Fdo\Commands\Feature\ISelect.h">
      <Filter>Header Files\Commands\Feature</Filter>
    </ClInclude>
    <ClInclude Include="Inc\Fdo\Commands\Feature\ISelectAggregates.h">
      <Filter>Header Files\Commands\Feature</Filter>
    </ClInclude>
    <ClInclude Include="Inc\Fdo\Commands\Feature\IUpdate.h">
      <Filter>Header Files\Commands\Feature</Filter>
    </ClInclude>
    <ClInclude Include="Inc\Fdo\Commands\Schema\IApplySchema.h">
      <Filter>Header Files\Commands\Schema</Filter>
    </ClInclude>
    <ClInclude Include="Inc\Fdo\Commands\Schema\IDescribeSchema.h">
      <Filter>Header Files\Commands\Schema</Filter>
    </ClInclude>
    <ClInclude Include="Inc\Fdo\Commands\Schema\IDescribeSchemaMapping.h">
      <Filter>Header Files\Commands\Schema</Filter>
    </ClInclude>
    <ClInclude Include="Inc\Fdo\Commands\Schema\IDestroySchema.h">
      <Filter>Header Files\Commands\Schema</Filter>
    </ClInclude>
    <ClInclude Include="Inc\Fdo\Commands\Schema\IGetClassNames.h">
      <Filter>Header Files\Commands\Schema</Filter>
    </ClInclude>
    <ClInclude Include="Inc\Fdo\Commands\Schema\IGetSchemaNames.h">
      <Filter>Header Files\Commands\Schema</Filter>
    </ClInclude>
    <ClInclude Include="Inc\Fdo\Commands\Schema\PhysicalClassMapping.h">
      <Filter>Header Files\Commands\Schema</Filter>
    </ClInclude>
    <ClInclude Include="Inc\Fdo\Commands\Schema\PhysicalElementMapping.h">
      <Filter>Header Files\Commands\Schema</Filter>
    </ClInclude>
    <ClInclude Include="Inc\Fdo\Commands\Schema\PhysicalElementMappingCollection.h">
      <Filter>Header Files\Commands\Schema</Filter>
    </ClInclude>
    <ClInclude Include="Inc\Fdo\Commands\Schema\PhysicalPropertyMapping.h">
      <Filter>Header Files\Commands\Schema</Filter>
    </ClInclude>
    <ClInclude Include="Inc\Fdo\Commands\Schema\PhysicalSchemaMapping.h">
      <Filter>Header Files\Commands\Schema</Filter>
    </ClInclude>
    <ClInclude Include="Inc\Fdo\Commands\Schema\PhysicalSchemaMappingCollection.h">
      <Filter>Header Files\Commands\Schema</Filter>
    </ClInclude>
    <ClInclude Include="Inc\Fdo\Commands\Locking\ConflictType.h">
      <Filter>Header Files\Commands\Locking</Filter>
    </ClInclude>
    <ClInclude Include="Inc\Fdo\Commands\Locking\IAcquireLock.h">
      <Filter>Header Files\Commands\Locking</Filter>
    </ClInclude>
    <ClInclude Include="Inc\Fdo\Commands\Locking\IGetLockedObjects.h">
      <Filter>Header Files\Commands\Locking</Filter>
    </ClInclude>
    <ClInclude Include="Inc\Fdo\Commands\Locking\IGetLockInfo.h">
      <Filter>Header Files\Commands\Locking</Filter>
    </ClInclude>
    <ClInclude Include="Inc\Fdo\Commands\Locking\IGetLockOwners.h">
      <Filter>Header Files\Commands\Locking</Filter>
    </ClInclude>
    <ClInclude Include="Inc\Fdo\Commands\Locking\ILockConflictReader.h">
      <Filter>Header Files\Commands\Locking</Filter>
    </ClInclude>
    <ClInclude Include="Inc\Fdo\Commands\Locking\ILockedObjectReader.h">
      <Filter>Header Files\Commands\Locking</Filter>
    </ClInclude>
    <ClInclude Include="Inc\Fdo\Commands\Locking\ILockOwnersReader.h">
      <Filter>Header Files\Commands\Locking</Filter>
    </ClInclude>
    <ClInclude Include="Inc\Fdo\Commands\Locking\IReleaseLock.h">
      <Filter>Header Files\Commands\Locking</Filter>
    </ClInclude>
    <ClInclude Include="Inc\Fdo\Commands\Locking\LockStrategy.h">
      <Filter>Header Files\Commands\Locking</Filter>
    </ClInclude>
    <ClInclude Include="Inc\Fdo\Commands\Locking\LockType.h">
      <Filter>Header Files\Commands\Locking</Filter>
    </ClInclude>
    <ClInclude Include="Inc\Fdo\Commands\SpatialContext\IActivateSpatialContext.h">
      <Filter>Header Files\Commands\SpatialContext</Filter>
    </ClInclude>
    <ClInclude Include="Inc\Fdo\Commands\SpatialContext\ICreateSpatialContext.h">
      <Filter>Header Files\Commands\SpatialContext</Filter>
    </ClInclude>
    <ClInclude Include="Inc\Fdo\Commands\SpatialContext\IDestroySpatialContext.h">
      <Filter>Header Files\Commands\SpatialContext</Filter>
    </ClInclude>
    <ClInclude Include="Inc\Fdo\Commands\SpatialContext\IGetSpatialContexts.h">
      <Filter>Header Files\Commands\SpatialContext</Filter>
    </ClInclude>
    <ClInclude Include="Inc\Fdo\Commands\SpatialContext\ISpatialContextReader.h">
      <Filter>Header Files\Commands\SpatialContext</Filter>
    </ClInclude>
    <ClInclude Include="Inc\Fdo\Commands\SpatialContext\SpatialContextExtentType.h">
      <Filter>Header Files\Commands\SpatialContext</Filter>
    </ClInclude>
    <ClInclude Include="Inc\Fdo\Commands\SpatialContext\SpatialContextMismatchException.h">
      <Filter>Header Files\Commands\SpatialContext</Filter>
    </ClInclude>
    <ClInclude Include="Inc\Fdo\Commands\UnitOfMeasure\BaseUnit.h">
      <Filter>Header Files\Commands\UnitOfMeasure</Filter>
    </ClInclude>
    <ClInclude Include="Inc\Fdo\Commands\UnitOfMeasure\ICreateMeasureUnit.h">
      <Filter>Header Files\Commands\UnitOfMeasure</Filter>
    </ClInclude>
    <ClInclude Include="Inc\Fdo\Commands\UnitOfMeasure\IDestroyMeasureUnit.h">
      <Filter>Header Files\Commands\UnitOfMeasure</Filter>
    </ClInclude>
    <ClInclude Include="Inc\Fdo\Commands\UnitOfMeasure\IGetMeasureUnits.h">
      <Filter>Header Files\Commands\UnitOfMeasure</Filter>
    </ClInclude>
    <ClInclude Include="Inc\Fdo\Commands\UnitOfMeasure\IMeasureUnitReader.h">
      <Filter>Header Files\Commands\UnitOfMeasure</Filter>
    </ClInclude>
    <ClInclude Include="Inc\Fdo\Commands\LongTransaction\IActivateLongTransaction.h">
      <Filter>Header Files\Commands\LongTransaction</Filter>
    </ClInclude>
    <ClInclude Include="Inc\Fdo\Commands\LongTransaction\IActivateLongTransactionCheckpoint.h">
      <Filter>Header Files\Commands\LongTransaction</Filter>
    </ClInclude>
    <ClInclude Include="Inc\Fdo\Commands\LongTransaction\IChangeLongTransactionPrivileges.h">
      <Filter>Header Files\Commands\LongTransaction</Filter>
    </ClInclude>
    <ClInclude Include="Inc\Fdo\Commands\LongTransaction\IChangeLongTransactionSet.h">
      <Filter>Header Files\Commands\LongTransaction</Filter>
    </ClInclude>
    <ClInclude Include="Inc\Fdo\Commands\LongTransaction\ICommitLongTransaction.h">
      <Filter>Header Files\Commands\LongTransaction</Filter>
    </ClInclude>
    <ClInclude Include="Inc\Fdo\Commands\LongTransaction\ICreateLongTransaction.h">
      <Filter>Header Files\Commands\LongTransaction</Filter>
    </ClInclude>
    <ClInclude Include="Inc\Fdo\Commands\LongTransaction\ICreateLongTransactionCheckpoint.h">
      <Filter>Header Files\Commands\LongTransaction</Filter>
    </ClInclude>
    <ClInclude Include="Inc\Fdo\Commands\LongTransaction\IDeactivateLongTransaction.h">
      <Filter>Header Files\Commands\LongTransaction</Filter>
    </ClInclude>
    <ClInclude Include="Inc\Fdo\Commands\LongTransaction\IFreezeLongTransaction.h">
      <Filter>Header Files\Commands\LongTransaction</Filter>
    </ClInclude>
    <ClInclude Include="Inc\Fdo\Commands\LongTransaction\IGetLongTransactionCheckpoints.h">
      <Filter>Header Files\Commands\LongTransaction</Filter>
    </ClInclude>
    <ClInclude Include="Inc\Fdo\Commands\LongTransaction\IGetLongTransactionPrivileges.h">
      <Filter>Header Files\Commands\LongTransaction</Filter>
    </ClInclude>
    <ClInclude Include="Inc\Fdo\Commands\LongTransaction\IGetLongTransactions.h">
      <Filter>Header Files\Commands\LongTransaction</Filter>
    </ClInclude>
    <ClInclude Include="Inc\Fdo\Commands\LongTransaction\IGetLongTransactionsInSet.h">
      <Filter>Header Files\Commands\LongTransaction</Filter>
    </ClInclude>
    <ClInclude Include="Inc\Fdo\Commands\LongTransaction\ILongTransactionCheckpointReader.h">
      <Filter>Header Files\Commands\LongTransaction</Filter>
    </ClInclude>
    <ClInclude Include="Inc\Fdo\Commands\LongTransaction\ILongTransactionPrivilegeReader.h">
      <Filter>Header Files\Commands\LongTransaction</Filter>
    </ClInclude>
    <ClInclude Include="Inc\Fdo\Commands\LongTransaction\ILongTransactionReader.h">
      <Filter>Header Files\Commands\LongTransaction</Filter>
    </ClInclude>
    <ClInclude Include="Inc\Fdo\Commands\LongTransaction\ILongTransactionSetReader.h">
      <Filter>Header Files\Commands\LongTransaction</Filter>
    </ClInclude>
    <ClInclude Include="Inc\Fdo\Commands\LongTransaction\ILTConflictDirectiveEnumerator.h">
      <Filter>Header Files\Commands\LongTransaction</Filter>
    </ClInclude>
    <ClInclude Include="Inc\Fdo\Commands\LongTransaction\IRollbackLongTransaction.h">
      <Filter>Header Files\Commands\LongTransaction</Filter>
    </ClInclude>
    <ClInclude Include="Inc\Fdo\Commands\LongTransaction\IRollbackLongTransactionCheckpoint.h">
      <Filter>Header Files\Commands\LongTransaction</Filter>
    </ClInclude>
    <ClInclude Include="Inc\Fdo\Commands\LongTransaction\LongTransactionConflictResolution.h">
      <Filter>Header Files\Commands\LongTransaction</Filter>
    </ClInclude>
    <ClInclude Include="Inc\Fdo\Commands\LongTransaction\LongTransactionConstants.h">
      <Filter>Header Files\Commands\LongTransaction</Filter>
    </ClInclude>
    <ClInclude Include="Inc\Fdo\Commands\LongTransaction\LongTransactionFreezeOperations.h">
      <Filter>Header Files\Commands\LongTransaction</Filter>
    </ClInclude>
    <ClInclude Include="Inc\Fdo\Commands\LongTransaction\LongTransactionPrivilegeOperations.h">
      <Filter>Header Files\Commands\LongTransaction</Filter>
    </ClInclude>
    <ClInclude Include="Inc\Fdo\Commands\LongTransaction\LongTransactionPrivileges.h">
      <Filter>Header Files\Commands\LongTransaction</Filter>
    </ClInclude>
    <ClInclude Include="Inc\Fdo\Commands\LongTransaction\LongTransactionSetOperations.h">
      <Filter>Header Files\Commands\LongTransaction</Filter>
    </ClInclude>
    <ClInclude Include="Inc\Fdo\Commands\Sql\ISQLCommand.h">
      <Filter>Header Files\Commands\SQL</Filter>
    </ClInclude>
    <ClInclude Include="Inc\Fdo\Commands\Sql\ISQLDataReader.h">
      <Filter>Header Files\Commands\SQL</Filter>
    </ClInclude>
    <ClInclude Include="Inc\Fdo\Commands\Network\INetwork.h">
      <Filter>Header Files\Commands\Network</Filter>
    </ClInclude>
    <ClInclude Include="Inc\Fdo\Commands\Network\INetworkAllPaths.h">
      <Filter>Header Files\Commands\Network</Filter>
    </ClInclude>
    <ClInclude Include="Inc\Fdo\Commands\Network\INetworkNearestNeighbors.h">
      <Filter>Header Files\Commands\Network</Filter>
    </ClInclude>
    <ClInclude Include="Inc\Fdo\Commands\Network\INetworkPathReader.h">
      <Filter>Header Files\Commands\Network</Filter>
    </ClInclude>
    <ClInclude Include="Inc\Fdo\Commands\Network\INetworkReachableNodes.h">
      <Filter>Header Files\Commands\Network</Filter>
    </ClInclude>
    <ClInclude Include="Inc\Fdo\Commands\Network\INetworkReachingNodes.h">
      <Filter>Header Files\Commands\Network</Filter>
    </ClInclude>
    <ClInclude Include="Inc\Fdo\Commands\Network\INetworkReader.h">
      <Filter>Header Files\Commands\Network</Filter>
    </ClInclude>
    <ClInclude Include="Inc\Fdo\Commands\Network\INetworkShortestPath.h">
      <Filter>Header Files\Commands\Network</Filter>
    </ClInclude>
    <ClInclude Include="Inc\Fdo\Commands\Network\INetworkTSP.h">
      <Filter>Header Files\Commands\Network</Filter>
    </ClInclude>
    <ClInclude Include="Inc\Fdo\Commands\Network\INetworkWithinCost.h">
      <Filter>Header Files\Commands\Network</Filter>
    </ClInclude>
    <ClInclude Include="Inc\Fdo\Commands\Topology\IActivateTopologyArea.h">
      <Filter>Header Files\Commands\Topology</Filter>
    </ClInclude>
    <ClInclude Include="Inc\Fdo\Commands\Topology\IActivateTopologyInCommandResults.h">
      <Filter>Header Files\Commands\Topology</Filter>
    </ClInclude>
    <ClInclude Include="Inc\Fdo\Commands\Topology\IDeactivateTopologyArea.h">
      <Filter>Header Files\Commands\Topology</Filter>
    </ClInclude>
    <ClInclude Include="Inc\Fdo\Commands\Topology\IDeactivateTopologyInCommandResults.h">
      <Filter>Header Files\Commands\Topology</Filter>
    </ClInclude>
    <ClInclude Include="Inc\Fdo\Commands\Topology\IMoveTopoNode.h">
      <Filter>Header Files\Commands\Topology</Filter>
    </ClInclude>
    <ClInclude Include="Inc\Fdo\Commands\Topology\IReconnectTopoEdge.h">
      <Filter>Header Files\Commands\Topology</Filter>
    </ClInclude>
    <ClInclude Include="Inc\Fdo\Commands\DataStore\ICreateDataStore.h">
      <Filter>Header Files\Commands\DataStore</Filter>
    </ClInclude>
    <ClInclude Include="Inc\Fdo\Commands\DataStore\IDataStorePropertyDictionary.h">
      <Filter>Header Files\Commands\DataStore</Filter>
    </ClInclude>
    <ClInclude Include="Inc\Fdo\Commands\DataStore\IDataStoreReader.h">
      <Filter>Header Files\Commands\DataStore</Filter>
    </ClInclude>
    <ClInclude Include="Inc\Fdo\Commands\DataStore\IDestroyDataStore.h">
      <Filter>Header Files\Commands\DataStore</Filter>
    </ClInclude>
    <ClInclude Include="Inc\Fdo\Commands\DataStore\IListDataStores.h">
      <Filter>Header Files\Commands\DataStore</Filter>
    </ClInclude>
    <ClInclude Include="Inc\Fdo\Raster\DataValueCollection.h">
      <Filter>Header Files\Raster</Filter>
    </ClInclude>
    <ClInclude Include="Inc\Fdo\Raster\IRaster.h">
      <Filter>Header Files\Raster</Filter>
    </ClInclude>
    <ClInclude Include="Inc\Fdo\Raster\IRasterPropertyDictionary.h">
      <Filter>Header Files\Raster</Filter>
    </ClInclude>
    <ClInclude Include="Inc\Fdo\Raster\RasterDataModel.h">
      <Filter>Header Files\Raster</Filter>
    </ClInclude>
    <ClInclude Include="Inc\Fdo\Raster\RasterDataModelType.h">
      <Filter>Header Files\Raster</Filter>
    </ClInclude>
    <ClInclude Include="Inc\Fdo\Raster\RasterDataOrganization.h">
      <Filter>Header Files\Raster</Filter>
    </ClInclude>
    <ClInclude Include="Inc\Fdo\Raster\RasterDataType.h">
      <Filter>Header Files\Raster</Filter>
    </ClInclude>
    <ClInclude Include="Inc\Fdo\Xml\ClassMapping.h">
      <Filter>Header Files\Xml</Filter>
    </ClInclude>
    <ClInclude Include="Inc\Fdo\Xml\ClassMappingCollection.h">
      <Filter>Header Files\Xml</Filter>
    </ClInclude>
    <ClInclude Include="Inc\Fdo\Xml\Context.h">
      <Filter>Header Files\Xml</Filter>
    </ClInclude>
    <ClInclude Include="Inc\Fdo\Xml\Deserializable.h">
      <Filter>Header Files\Xml</Filter>
    </ClInclude>
    <ClInclude Include="Inc\Fdo\Xml\ElementMapping.h">
      <Filter>Header Files\Xml</Filter>
    </ClInclude>
    <ClInclude Include="Inc\Fdo\Xml\ElementMappingCollection.h">
      <Filter>Header Files\Xml</Filter>
    </ClInclude>
    <ClInclude Include="Inc\Fdo\Xml\FeatureContext.h">
      <Filter>Header Files\Xml</Filter>
    </ClInclude>
    <ClInclude Include="Inc\Fdo\Xml\FeatureFlags.h">
      <Filter>Header Files\Xml</Filter>
    </ClInclude>
    <ClInclude Include="Inc\Fdo\Xml\FeatureHandler.h">
      <Filter>Header Files\Xml</Filter>
    </ClInclude>
    <ClInclude Include="Inc\Fdo\Xml\FeaturePropertyReader.h">
      <Filter>Header Files\Xml</Filter>
    </ClInclude>
    <ClInclude Include="Inc\Fdo\Xml\FeaturePropertyWriter.h">
      <Filter>Header Files\Xml</Filter>
    </ClInclude>
    <ClInclude Include="Inc\Fdo\Xml\FeatureReader.h">
      <Filter>Header Files\Xml</Filter>
    </ClInclude>
    <ClInclude Include="Inc\Fdo\Xml\FeatureSerializer.h">
      <Filter>Header Files\Xml</Filter>
    </ClInclude>
    <ClInclude Include="Inc\Fdo\Xml\FeatureWriter.h">
      <Filter>Header Files\Xml</Filter>
    </ClInclude>
    <ClInclude Include="Inc\Fdo\Xml\Flags.h">
      <Filter>Header Files\Xml</Filter>
    </ClInclude>
    <ClInclude Include="Inc\Fdo\Xml\NameCollectionHandler.h">
      <Filter>Header Files\Xml</Filter>
    </ClInclude>
    <ClInclude Include="Inc\Fdo\Xml\SchemaMapping.h">
      <Filter>Header Files\Xml</Filter>
    </ClInclude>
    <ClInclude Include="Src\Fdo\Xml\SCReadHandler.h">
      <Filter>Header Files\Xml</Filter>
    </ClInclude>
    <ClInclude Include="Inc\Fdo\Xml\Serializable.h">
      <Filter>Header Files\Xml</Filter>
    </ClInclude>
    <ClInclude Include="Inc\Fdo\Xml\SpatialContextFlags.h">
      <Filter>Header Files\Xml</Filter>
    </ClInclude>
    <ClInclude Include="Inc\Fdo\Xml\SpatialContextReader.h">
      <Filter>Header Files\Xml</Filter>
    </ClInclude>
    <ClInclude Include="Inc\Fdo\Xml\SpatialContextSerializer.h">
      <Filter>Header Files\Xml</Filter>
    </ClInclude>
    <ClInclude Include="Inc\Fdo\Xml\SpatialContextWriter.h">
      <Filter>Header Files\Xml</Filter>
    </ClInclude>
    <ClInclude Include="Inc\Fdo\ClientServices\ClientServiceException.h">
      <Filter>Header Files\ClientServices</Filter>
    </ClInclude>
    <ClInclude Include="Inc\Fdo\ClientServices\ClientServices.h">
      <Filter>Header Files\ClientServices</Filter>
    </ClInclude>
    <ClInclude Include="Inc\Fdo\ClientServices\ConnectionManager.h">
      <Filter>Header Files\ClientServices</Filter>
    </ClInclude>
    <ClInclude Include="Inc\Fdo\ClientServices\FeatureAccessManager.h">
      <Filter>Header Files\ClientServices</Filter>
    </ClInclude>
    <ClInclude Include="Inc\Fdo\ClientServices\Provider.h">
      <Filter>Header Files\ClientServices</Filter>
    </ClInclude>
    <ClInclude Include="Inc\Fdo\ClientServices\ProviderCollection.h">
      <Filter>Header Files\ClientServices</Filter>
    </ClInclude>
    <ClInclude Include="Inc\Fdo\ClientServices\ProviderNameTokens.h">
      <Filter>Header Files\ClientServices</Filter>
    </ClInclude>
    <ClInclude Include="Inc\Fdo\ClientServices\ProviderRegistry.h">
      <Filter>Header Files\ClientServices</Filter>
    </ClInclude>
    <ClInclude Include="Src\Fdo\resource.h">
      <Filter>Resources</Filter>
    </ClInclude>
  </ItemGroup>
  <ItemGroup>
    <ResourceCompile Include="Src\Fdo\Fdo.rc">
      <Filter>Resources</Filter>
    </ResourceCompile>
  </ItemGroup>
  <ItemGroup>
    <CustomBuild Include="Src\Fdo\Schema\SchemaFromExternal.xslt">
      <Filter>Source Files\Schema</Filter>
    </CustomBuild>
    <CustomBuild Include="Src\Fdo\Schema\SchemaFromInternal.xslt">
      <Filter>Source Files\Schema</Filter>
    </CustomBuild>
    <CustomBuild Include="Src\Fdo\Schema\SchemaFromExternal.h">
      <Filter>Header Files\Schema</Filter>
    </CustomBuild>
    <CustomBuild Include="Src\Fdo\Schema\SchemaFromInternal.h">
      <Filter>Header Files\Schema</Filter>
    </CustomBuild>
    <CustomBuild Include="Src\Fdo\Parse\yyExpression.y">
      <Filter>Yacc Files</Filter>
    </CustomBuild>
    <CustomBuild Include="Src\Fdo\Parse\yyFilter.y">
      <Filter>Yacc Files</Filter>
    </CustomBuild>
  </ItemGroup>
</Project>