<?xml version="1.0" encoding="utf-8"?>
<Project ToolsVersion="4.0" xmlns="http://schemas.microsoft.com/developer/msbuild/2003">
  <ItemGroup>
    <Filter Include="Source Files">
      <UniqueIdentifier>{751b6dad-e7f4-40e7-9909-8b6e0522857e}</UniqueIdentifier>
      <Extensions>cpp;c;cxx;def;odl;idl;hpj;bat;asm</Extensions>
    </Filter>
    <Filter Include="Source Files\Parse">
      <UniqueIdentifier>{5811dda4-48d5-4887-8372-b20f29580a55}</UniqueIdentifier>
    </Filter>
    <Filter Include="Header Files">
      <UniqueIdentifier>{7a3361e8-d869-47e1-b2cb-36453543a8df}</UniqueIdentifier>
      <Extensions>h;hpp;hxx;hm;inl;inc</Extensions>
    </Filter>
    <Filter Include="Header Files\Parse">
      <UniqueIdentifier>{7a64d47d-fa87-4f87-a55a-ef21bb6be1e5}</UniqueIdentifier>
    </Filter>
    <Filter Include="Resource Files">
      <UniqueIdentifier>{c57bd04e-6fc1-49fb-bf33-06c453892ddb}</UniqueIdentifier>
      <Extensions>rc;ico;cur;bmp;dlg;rc2;rct;bin;rgs;gif;jpg;jpeg;jpe</Extensions>
    </Filter>
    <Filter Include="Yacc Files">
      <UniqueIdentifier>{729e8d16-be8d-4bcc-80ab-3067e22c2fb6}</UniqueIdentifier>
    </Filter>
  </ItemGroup>
  <ItemGroup>
    <ClCompile Include="Src\Geometry\Fgf\CircularArcSegment.cpp">
      <Filter>Source Files</Filter>
    </ClCompile>
    <ClCompile Include="Src\Geometry\Fgf\CurvePolygon.cpp">
      <Filter>Source Files</Filter>
    </ClCompile>
    <ClCompile Include="Src\Geometry\Fgf\CurveString.cpp">
      <Filter>Source Files</Filter>
    </ClCompile>
    <ClCompile Include="Src\Geometry\DirectPositionImpl.cpp">
      <Filter>Source Files</Filter>
    </ClCompile>
    <ClCompile Include="Src\Geometry\EnvelopeImpl.cpp">
      <Filter>Source Files</Filter>
    </ClCompile>
    <ClCompile Include="Src\Geometry\Fgf\GeometryDll.cpp">
      <Filter>Source Files</Filter>
    </ClCompile>
    <ClCompile Include="Src\Geometry\Fgf\GeometryFactory.cpp">
      <Filter>Source Files</Filter>
    </ClCompile>
    <ClCompile Include="Src\Geometry\GeometryFactoryAbstract.cpp">
      <Filter>Source Files</Filter>
    </ClCompile>
    <ClCompile Include="Src\Geometry\Fgf\GeometryThreadData.cpp">
      <Filter>Source Files</Filter>
    </ClCompile>
    <ClCompile Include="Src\Geometry\GeometryUtility.cpp">
      <Filter>Source Files</Filter>
    </ClCompile>
    <ClCompile Include="Src\Geometry\Fgf\LinearRing.cpp">
      <Filter>Source Files</Filter>
    </ClCompile>
    <ClCompile Include="Src\Geometry\Fgf\LineString.cpp">
      <Filter>Source Files</Filter>
    </ClCompile>
    <ClCompile Include="Src\Geometry\Fgf\LineStringSegment.cpp">
      <Filter>Source Files</Filter>
    </ClCompile>
    <ClCompile Include="Src\Geometry\Fgf\MultiCurvePolygon.cpp">
      <Filter>Source Files</Filter>
    </ClCompile>
    <ClCompile Include="Src\Geometry\Fgf\MultiCurveString.cpp">
      <Filter>Source Files</Filter>
    </ClCompile>
    <ClCompile Include="Src\Geometry\Fgf\MultiGeometry.cpp">
      <Filter>Source Files</Filter>
    </ClCompile>
    <ClCompile Include="Src\Geometry\Fgf\MultiLineString.cpp">
      <Filter>Source Files</Filter>
    </ClCompile>
    <ClCompile Include="Src\Geometry\Fgf\MultiPoint.cpp">
      <Filter>Source Files</Filter>
    </ClCompile>
    <ClCompile Include="Src\Geometry\Fgf\MultiPolygon.cpp">
      <Filter>Source Files</Filter>
    </ClCompile>
    <ClCompile Include="Src\Geometry\Fgf\Point.cpp">
      <Filter>Source Files</Filter>
    </ClCompile>
    <ClCompile Include="Src\Geometry\Fgf\Polygon.cpp">
      <Filter>Source Files</Filter>
    </ClCompile>
    <ClCompile Include="Src\Geometry\Fgf\Ring.cpp">
      <Filter>Source Files</Filter>
    </ClCompile>
    <ClCompile Include="Src\Geometry\Fgf\Util.cpp">
      <Filter>Source Files</Filter>
    </ClCompile>
    <ClCompile Include="Src\Geometry\Parse\LexFgft.cpp">
      <Filter>Source Files\Parse</Filter>
    </ClCompile>
    <ClCompile Include="Src\Geometry\Parse\ParseFgft.cpp">
      <Filter>Source Files\Parse</Filter>
    </ClCompile>
    <ClCompile Include="Src\Geometry\Parse\yyFgftWin.cpp">
      <Filter>Source Files\Parse</Filter>
    </ClCompile>
  </ItemGroup>
  <ItemGroup>
    <ClInclude Include="Src\Geometry\Fgf\CircularArcSegment.h">
      <Filter>Source Files</Filter>
    </ClInclude>
    <ClInclude Include="Src\Geometry\Fgf\CurvePolygon.h">
      <Filter>Source Files</Filter>
    </ClInclude>
    <ClInclude Include="Src\Geometry\Fgf\CurveString.h">
      <Filter>Source Files</Filter>
    </ClInclude>
    <ClInclude Include="Src\Geometry\Fgf\GeometryFactory2.h">
      <Filter>Source Files</Filter>
    </ClInclude>
    <ClInclude Include="Src\Geometry\GeometryImpl.h">
      <Filter>Source Files</Filter>
    </ClInclude>
    <ClInclude Include="Src\Geometry\Fgf\GeometryImpl.h">
      <Filter>Source Files</Filter>
    </ClInclude>
    <ClInclude Include="Src\Geometry\Fgf\GeometryThreadData.h">
      <Filter>Source Files</Filter>
    </ClInclude>
    <ClInclude Include="Src\Geometry\GeometryUtility.h">
      <Filter>Source Files</Filter>
    </ClInclude>
    <ClInclude Include="Src\Geometry\Fgf\LinearRing.h">
      <Filter>Source Files</Filter>
    </ClInclude>
    <ClInclude Include="Src\Geometry\Fgf\LineString.h">
      <Filter>Source Files</Filter>
    </ClInclude>
    <ClInclude Include="Src\Geometry\Fgf\LineStringSegment.h">
      <Filter>Source Files</Filter>
    </ClInclude>
    <ClInclude Include="Src\Geometry\Fgf\MultiCurvePolygon.h">
      <Filter>Source Files</Filter>
    </ClInclude>
    <ClInclude Include="Src\Geometry\Fgf\MultiCurveString.h">
      <Filter>Source Files</Filter>
    </ClInclude>
    <ClInclude Include="Src\Geometry\Fgf\MultiGeometry.h">
      <Filter>Source Files</Filter>
    </ClInclude>
    <ClInclude Include="Src\Geometry\Fgf\MultiLineString.h">
      <Filter>Source Files</Filter>
    </ClInclude>
    <ClInclude Include="Src\Geometry\Fgf\MultiPoint.h">
      <Filter>Source Files</Filter>
    </ClInclude>
    <ClInclude Include="Src\Geometry\Fgf\MultiPolygon.h">
      <Filter>Source Files</Filter>
    </ClInclude>
    <ClInclude Include="Src\Geometry\Fgf\Point.h">
      <Filter>Source Files</Filter>
    </ClInclude>
    <ClInclude Include="Src\Geometry\Fgf\Polygon.h">
      <Filter>Source Files</Filter>
    </ClInclude>
    <ClInclude Include="Src\Geometry\Fgf\Pool.h">
      <Filter>Source Files</Filter>
    </ClInclude>
    <ClInclude Include="Src\Geometry\Fgf\Ring.h">
      <Filter>Source Files</Filter>
    </ClInclude>
    <ClInclude Include="Src\Geometry\Fgf\Util.h">
      <Filter>Source Files</Filter>
    </ClInclude>
    <ClInclude Include="Inc\Geometry\DirectPositionImpl.h">
      <Filter>Header Files</Filter>
    </ClInclude>
    <ClInclude Include="Inc\Geometry\EnvelopeImpl.h">
      <Filter>Header Files</Filter>
    </ClInclude>
    <ClInclude Include="Inc\FdoGeometry.h">
      <Filter>Header Files</Filter>
    </ClInclude>
    <ClInclude Include="Inc\Geometry\GeometryFactoryAbstract.h">
      <Filter>Header Files</Filter>
    </ClInclude>
    <ClInclude Include="Inc\Geometry\GeometryStd.h">
      <Filter>Header Files</Filter>
    </ClInclude>
    <ClInclude Include="Inc\Geometry\GeometryStream\GeometryStreamFactory.h">
      <Filter>Header Files</Filter>
    </ClInclude>
    <ClInclude Include="Inc\Geometry\GeometryStream\GeometryStreamReader.h">
      <Filter>Header Files</Filter>
    </ClInclude>
    <ClInclude Include="Inc\Geometry\GeometryStream\GeometryStreamWriter.h">
      <Filter>Header Files</Filter>
    </ClInclude>
    <ClInclude Include="Inc\Geometry\IArcSegmentAbstract.h">
      <Filter>Header Files</Filter>
    </ClInclude>
    <ClInclude Include="Inc\Geometry\ICircularArcSegment.h">
      <Filter>Header Files</Filter>
    </ClInclude>
    <ClInclude Include="Inc\Geometry\ICurveAbstract.h">
      <Filter>Header Files</Filter>
    </ClInclude>
    <ClInclude Include="Inc\Geometry\ICurvePolygon.h">
      <Filter>Header Files</Filter>
    </ClInclude>
    <ClInclude Include="Inc\Geometry\ICurveSegmentAbstract.h">
      <Filter>Header Files</Filter>
    </ClInclude>
    <ClInclude Include="Inc\Geometry\ICurveString.h">
      <Filter>Header Files</Filter>
    </ClInclude>
    <ClInclude Include="Inc\Geometry\IDirectPosition.h">
      <Filter>Header Files</Filter>
    </ClInclude>
    <ClInclude Include="Inc\Geometry\IEnvelope.h">
      <Filter>Header Files</Filter>
    </ClInclude>
    <ClInclude Include="Inc\Geometry\IGeometricAggregateAbstract.h">
      <Filter>Header Files</Filter>
    </ClInclude>
    <ClInclude Include="Inc\Geometry\IGeometry.h">
      <Filter>Header Files</Filter>
    </ClInclude>
    <ClInclude Include="Inc\Geometry\ILinearRing.h">
      <Filter>Header Files</Filter>
    </ClInclude>
    <ClInclude Include="Inc\Geometry\ILineString.h">
      <Filter>Header Files</Filter>
    </ClInclude>
    <ClInclude Include="Inc\Geometry\ILineStringSegment.h">
      <Filter>Header Files</Filter>
    </ClInclude>
    <ClInclude Include="Inc\Geometry\IMultiCurvePolygon.h">
      <Filter>Header Files</Filter>
    </ClInclude>
    <ClInclude Include="Inc\Geometry\IMultiCurveString.h">
      <Filter>Header Files</Filter>
    </ClInclude>
    <ClInclude Include="Inc\Geometry\IMultiGeometry.h">
      <Filter>Header Files</Filter>
    </ClInclude>
    <ClInclude Include="Inc\Geometry\IMultiLineString.h">
      <Filter>Header Files</Filter>
    </ClInclude>
    <ClInclude Include="Inc\Geometry\IMultiPoint.h">
      <Filter>Header Files</Filter>
    </ClInclude>
    <ClInclude Include="Inc\Geometry\IMultiPolygon.h">
      <Filter>Header Files</Filter>
    </ClInclude>
    <ClInclude Include="Inc\Geometry\IPoint.h">
      <Filter>Header Files</Filter>
    </ClInclude>
    <ClInclude Include="Inc\Geometry\IPolygon.h">
      <Filter>Header Files</Filter>
    </ClInclude>
    <ClInclude Include="Inc\Geometry\IRing.h">
      <Filter>Header Files</Filter>
    </ClInclude>
    <ClInclude Include="Inc\Geometry\IRingAbstract.h">
      <Filter>Header Files</Filter>
    </ClInclude>
    <ClInclude Include="Inc\Geometry\ISurfaceAbstract.h">
      <Filter>Header Files</Filter>
    </ClInclude>
    <ClInclude Include="Src\Geometry\Parse\LexFgft.h">
      <Filter>Header Files\Parse</Filter>
    </ClInclude>
    <ClInclude Include="Src\Geometry\Parse\ParseFgft.h">
      <Filter>Header Files\Parse</Filter>
    </ClInclude>
    <ClInclude Include="Src\Geometry\Parse\yyFgftWin.h">
      <Filter>Header Files\Parse</Filter>
    </ClInclude>
    <ClInclude Include="Src\Geometry\resource.h">
      <Filter>Resource Files</Filter>
    </ClInclude>
  </ItemGroup>
  <ItemGroup>
    <ResourceCompile Include="Src\Geometry\Geometry.rc">
      <Filter>Resource Files</Filter>
    </ResourceCompile>
  </ItemGroup>
  <ItemGroup>
    <CustomBuild Include="Src\Geometry\Parse\yyFgft.y">
      <Filter>Yacc Files</Filter>
    </CustomBuild>
  </ItemGroup>
</Project>