
Microsoft Visual Studio Solution File, Format Version 9.00
# Visual Studio 2005
Project("{8BC9CEB8-8B4A-11D0-8D11-00A0C91BC942}") = "KingOracleProvider", "Provider\KingOracleProvider2005.vcproj", "{A8CAD4E4-5C05-4D3F-B8CC-96D862110278}"
	ProjectSection(ProjectDependencies) = postProject
		{655D105C-2C30-484D-80F8-556772000572} = {655D105C-2C30-484D-80F8-556772000572}
		{5B5F49A3-7760-4171-9F3C-47BB775EC4FE} = {5B5F49A3-7760-4171-9F3C-47BB775EC4FE}
	EndProjectSection
EndProject
Project("{8BC9CEB8-8B4A-11D0-8D11-00A0C91BC942}") = "KingOracleOverrides", "Overrides\KingOracleOverrides2005.vcproj", "{5B5F49A3-7760-4171-9F3C-47BB775EC4FE}"
EndProject
Project("{8BC9CEB8-8B4A-11D0-8D11-00A0C91BC942}") = "KingOracleMessage", "Message\KingOracleMessage2005.vcproj", "{655D105C-2C30-484D-80F8-556772000572}"
EndProject
Project("{2150E333-8FDC-42A3-9474-1A3956D46DE8}") = "Solution Items", "Solution Items", "{CAA921BB-9AAB-49BF-B30F-756B55282D65}"
	ProjectSection(SolutionItems) = preProject
		CopyDebug.bat = CopyDebug.bat
	EndProjectSection
EndProject
Project("{8BC9CEB8-8B4A-11D0-8D11-00A0C91BC942}") = "UnitTest", "UnitTest\UnitTest.vcproj", "{07E40766-1E29-499A-A333-76435DA1E7C0}"
	ProjectSection(ProjectDependencies) = postProject
		{A8CAD4E4-5C05-4D3F-B8CC-96D862110278} = {A8CAD4E4-5C05-4D3F-B8CC-96D862110278}
	EndProjectSection
EndProject
Project("{8BC9CEB8-8B4A-11D0-8D11-00A0C91BC942}") = "testoci", "testoci\testoci.vcproj", "{16D1C524-961E-4973-BAF8-DBC27983E470}"
EndProject
Global
	GlobalSection(SourceCodeControl) = preSolution
		SccNumberOfProjects = 1
		SccProjectUniqueName0 = UnitTest\\UnitTest.vcproj
		SccProjectName0 = \u0022$/FDO\u0020KingOracle\u0020Provider/FDO\u0020KingOracle\u0020Provider\u0022,\u0020LJOAAAAA
		SccLocalPath0 = ..
		SccProvider0 = MSSCCI:Microsoft\u0020Visual\u0020SourceSafe
		SccProjectFilePathRelativizedFromConnection0 = src\\UnitTest\\
	EndGlobalSection
	GlobalSection(SolutionConfigurationPlatforms) = preSolution
		Debug_Fdo_3_1|Win32 = Debug_Fdo_3_1|Win32
		Debug_Fdo_3_2_2|Win32 = Debug_Fdo_3_2_2|Win32
		Debug_Fdo_3_2|Win32 = Debug_Fdo_3_2|Win32
		Debug_Fdo_3_3_1|Win32 = Debug_Fdo_3_3_1|Win32
		Debug_Fdo_3_3|Win32 = Debug_Fdo_3_3|Win32
		Debug|Win32 = Debug|Win32
		InsClient_Deb_Fdo_3_2_2|Win32 = InsClient_Deb_Fdo_3_2_2|Win32
		InsClient_Deb_Fdo_3_2|Win32 = InsClient_Deb_Fdo_3_2|Win32
		InsClient_Deb_Fdo_3_3_1|Win32 = InsClient_Deb_Fdo_3_3_1|Win32
		InsClient_Deb_Fdo_3_3|Win32 = InsClient_Deb_Fdo_3_3|Win32
		InsClient_Rel_Fdo_3_1|Win32 = InsClient_Rel_Fdo_3_1|Win32
		InsClient_Rel_Fdo_3_2_2|Win32 = InsClient_Rel_Fdo_3_2_2|Win32
		InsClient_Rel_Fdo_3_2|Win32 = InsClient_Rel_Fdo_3_2|Win32
		InsClient_Rel_Fdo_3_3_1|Win32 = InsClient_Rel_Fdo_3_3_1|Win32
		InsClient_Rel_Fdo_3_3|Win32 = InsClient_Rel_Fdo_3_3|Win32
		R_Fdo_3_2_2|Win32 = R_Fdo_3_2_2|Win32
		R_Fdo_3_3|Win32 = R_Fdo_3_3|Win32
		Release_Fdo_3_1|Win32 = Release_Fdo_3_1|Win32
		Release_Fdo_3_2|Win32 = Release_Fdo_3_2|Win32
		Release|Win32 = Release|Win32
	EndGlobalSection
	GlobalSection(ProjectConfigurationPlatforms) = postSolution
		{A8CAD4E4-5C05-4D3F-B8CC-96D862110278}.Debug_Fdo_3_1|Win32.ActiveCfg = Debug_Fdo_3_1|Win32
		{A8CAD4E4-5C05-4D3F-B8CC-96D862110278}.Debug_Fdo_3_1|Win32.Build.0 = Debug_Fdo_3_1|Win32
		{A8CAD4E4-5C05-4D3F-B8CC-96D862110278}.Debug_Fdo_3_2_2|Win32.ActiveCfg = Debug_Fdo_3_2|Win32
		{A8CAD4E4-5C05-4D3F-B8CC-96D862110278}.Debug_Fdo_3_2_2|Win32.Build.0 = Debug_Fdo_3_2|Win32
		{A8CAD4E4-5C05-4D3F-B8CC-96D862110278}.Debug_Fdo_3_2|Win32.ActiveCfg = Debug_Fdo_3_2|Win32
		{A8CAD4E4-5C05-4D3F-B8CC-96D862110278}.Debug_Fdo_3_2|Win32.Build.0 = Debug_Fdo_3_2|Win32
		{A8CAD4E4-5C05-4D3F-B8CC-96D862110278}.Debug_Fdo_3_3_1|Win32.ActiveCfg = Debug_Fdo_3_3|Win32
		{A8CAD4E4-5C05-4D3F-B8CC-96D862110278}.Debug_Fdo_3_3_1|Win32.Build.0 = Debug_Fdo_3_3|Win32
		{A8CAD4E4-5C05-4D3F-B8CC-96D862110278}.Debug_Fdo_3_3|Win32.ActiveCfg = Debug_Fdo_3_3|Win32
		{A8CAD4E4-5C05-4D3F-B8CC-96D862110278}.Debug_Fdo_3_3|Win32.Build.0 = Debug_Fdo_3_3|Win32
		{A8CAD4E4-5C05-4D3F-B8CC-96D862110278}.Debug|Win32.ActiveCfg = Debug_Fdo_3_3_1|Win32
		{A8CAD4E4-5C05-4D3F-B8CC-96D862110278}.Debug|Win32.Build.0 = Debug_Fdo_3_3_1|Win32
		{A8CAD4E4-5C05-4D3F-B8CC-96D862110278}.InsClient_Deb_Fdo_3_2_2|Win32.ActiveCfg = InsClient_Deb_Fdo_3_2_2|Win32
		{A8CAD4E4-5C05-4D3F-B8CC-96D862110278}.InsClient_Deb_Fdo_3_2_2|Win32.Build.0 = InsClient_Deb_Fdo_3_2_2|Win32
		{A8CAD4E4-5C05-4D3F-B8CC-96D862110278}.InsClient_Deb_Fdo_3_2|Win32.ActiveCfg = InsClient_Deb_Fdo_3_2|Win32
		{A8CAD4E4-5C05-4D3F-B8CC-96D862110278}.InsClient_Deb_Fdo_3_2|Win32.Build.0 = InsClient_Deb_Fdo_3_2|Win32
		{A8CAD4E4-5C05-4D3F-B8CC-96D862110278}.InsClient_Deb_Fdo_3_3_1|Win32.ActiveCfg = InsClient_Deb_Fdo_3_3_1|Win32
		{A8CAD4E4-5C05-4D3F-B8CC-96D862110278}.InsClient_Deb_Fdo_3_3_1|Win32.Build.0 = InsClient_Deb_Fdo_3_3_1|Win32
		{A8CAD4E4-5C05-4D3F-B8CC-96D862110278}.InsClient_Deb_Fdo_3_3|Win32.ActiveCfg = InsClient_Deb_Fdo_3_3|Win32
		{A8CAD4E4-5C05-4D3F-B8CC-96D862110278}.InsClient_Deb_Fdo_3_3|Win32.Build.0 = InsClient_Deb_Fdo_3_3|Win32
		{A8CAD4E4-5C05-4D3F-B8CC-96D862110278}.InsClient_Rel_Fdo_3_1|Win32.ActiveCfg = InsClient_Rel_Fdo_3_1|Win32
		{A8CAD4E4-5C05-4D3F-B8CC-96D862110278}.InsClient_Rel_Fdo_3_1|Win32.Build.0 = InsClient_Rel_Fdo_3_1|Win32
		{A8CAD4E4-5C05-4D3F-B8CC-96D862110278}.InsClient_Rel_Fdo_3_2_2|Win32.ActiveCfg = InsClient_Rel_Fdo_3_2_2|Win32
		{A8CAD4E4-5C05-4D3F-B8CC-96D862110278}.InsClient_Rel_Fdo_3_2_2|Win32.Build.0 = InsClient_Rel_Fdo_3_2_2|Win32
		{A8CAD4E4-5C05-4D3F-B8CC-96D862110278}.InsClient_Rel_Fdo_3_2|Win32.ActiveCfg = InsClient_Rel_Fdo_3_2|Win32
		{A8CAD4E4-5C05-4D3F-B8CC-96D862110278}.InsClient_Rel_Fdo_3_2|Win32.Build.0 = InsClient_Rel_Fdo_3_2|Win32
		{A8CAD4E4-5C05-4D3F-B8CC-96D862110278}.InsClient_Rel_Fdo_3_3_1|Win32.ActiveCfg = InsClient_Rel_Fdo_3_3_1|Win32
		{A8CAD4E4-5C05-4D3F-B8CC-96D862110278}.InsClient_Rel_Fdo_3_3_1|Win32.Build.0 = InsClient_Rel_Fdo_3_3_1|Win32
		{A8CAD4E4-5C05-4D3F-B8CC-96D862110278}.InsClient_Rel_Fdo_3_3|Win32.ActiveCfg = InsClient_Rel_Fdo_3_3|Win32
		{A8CAD4E4-5C05-4D3F-B8CC-96D862110278}.InsClient_Rel_Fdo_3_3|Win32.Build.0 = InsClient_Rel_Fdo_3_3|Win32
		{A8CAD4E4-5C05-4D3F-B8CC-96D862110278}.R_Fdo_3_2_2|Win32.ActiveCfg = R_Fdo_3_2_2|Win32
		{A8CAD4E4-5C05-4D3F-B8CC-96D862110278}.R_Fdo_3_2_2|Win32.Build.0 = R_Fdo_3_2_2|Win32
		{A8CAD4E4-5C05-4D3F-B8CC-96D862110278}.R_Fdo_3_3|Win32.ActiveCfg = R_Fdo_3_2_2|Win32
		{A8CAD4E4-5C05-4D3F-B8CC-96D862110278}.R_Fdo_3_3|Win32.Build.0 = R_Fdo_3_2_2|Win32
		{A8CAD4E4-5C05-4D3F-B8CC-96D862110278}.Release_Fdo_3_1|Win32.ActiveCfg = Release_Fdo_3_1|Win32
		{A8CAD4E4-5C05-4D3F-B8CC-96D862110278}.Release_Fdo_3_1|Win32.Build.0 = Release_Fdo_3_1|Win32
		{A8CAD4E4-5C05-4D3F-B8CC-96D862110278}.Release_Fdo_3_2|Win32.ActiveCfg = Release_Fdo_3_1|Win32
		{A8CAD4E4-5C05-4D3F-B8CC-96D862110278}.Release_Fdo_3_2|Win32.Build.0 = Release_Fdo_3_1|Win32
		{A8CAD4E4-5C05-4D3F-B8CC-96D862110278}.Release|Win32.ActiveCfg = Release_Fdo_3_1|Win32
		{A8CAD4E4-5C05-4D3F-B8CC-96D862110278}.Release|Win32.Build.0 = Release_Fdo_3_1|Win32
		{5B5F49A3-7760-4171-9F3C-47BB775EC4FE}.Debug_Fdo_3_1|Win32.ActiveCfg = Debug_Fdo_3_1|Win32
		{5B5F49A3-7760-4171-9F3C-47BB775EC4FE}.Debug_Fdo_3_1|Win32.Build.0 = Debug_Fdo_3_1|Win32
		{5B5F49A3-7760-4171-9F3C-47BB775EC4FE}.Debug_Fdo_3_2_2|Win32.ActiveCfg = Debug_Fdo_3_2|Win32
		{5B5F49A3-7760-4171-9F3C-47BB775EC4FE}.Debug_Fdo_3_2_2|Win32.Build.0 = Debug_Fdo_3_2|Win32
		{5B5F49A3-7760-4171-9F3C-47BB775EC4FE}.Debug_Fdo_3_2|Win32.ActiveCfg = Debug_Fdo_3_2|Win32
		{5B5F49A3-7760-4171-9F3C-47BB775EC4FE}.Debug_Fdo_3_2|Win32.Build.0 = Debug_Fdo_3_2|Win32
		{5B5F49A3-7760-4171-9F3C-47BB775EC4FE}.Debug_Fdo_3_3_1|Win32.ActiveCfg = Debug_Fdo_3_3|Win32
		{5B5F49A3-7760-4171-9F3C-47BB775EC4FE}.Debug_Fdo_3_3_1|Win32.Build.0 = Debug_Fdo_3_3|Win32
		{5B5F49A3-7760-4171-9F3C-47BB775EC4FE}.Debug_Fdo_3_3|Win32.ActiveCfg = Debug_Fdo_3_3|Win32
		{5B5F49A3-7760-4171-9F3C-47BB775EC4FE}.Debug_Fdo_3_3|Win32.Build.0 = Debug_Fdo_3_3|Win32
		{5B5F49A3-7760-4171-9F3C-47BB775EC4FE}.Debug|Win32.ActiveCfg = Debug_Fdo_3_3_1|Win32
		{5B5F49A3-7760-4171-9F3C-47BB775EC4FE}.Debug|Win32.Build.0 = Debug_Fdo_3_3_1|Win32
		{5B5F49A3-7760-4171-9F3C-47BB775EC4FE}.InsClient_Deb_Fdo_3_2_2|Win32.ActiveCfg = InsClient_Deb_Fdo_3_2_2|Win32
		{5B5F49A3-7760-4171-9F3C-47BB775EC4FE}.InsClient_Deb_Fdo_3_2_2|Win32.Build.0 = InsClient_Deb_Fdo_3_2_2|Win32
		{5B5F49A3-7760-4171-9F3C-47BB775EC4FE}.InsClient_Deb_Fdo_3_2|Win32.ActiveCfg = InsClient_Deb_Fdo_3_2|Win32
		{5B5F49A3-7760-4171-9F3C-47BB775EC4FE}.InsClient_Deb_Fdo_3_2|Win32.Build.0 = InsClient_Deb_Fdo_3_2|Win32
		{5B5F49A3-7760-4171-9F3C-47BB775EC4FE}.InsClient_Deb_Fdo_3_3_1|Win32.ActiveCfg = InsClient_Deb_Fdo_3_3_1|Win32
		{5B5F49A3-7760-4171-9F3C-47BB775EC4FE}.InsClient_Deb_Fdo_3_3_1|Win32.Build.0 = InsClient_Deb_Fdo_3_3_1|Win32
		{5B5F49A3-7760-4171-9F3C-47BB775EC4FE}.InsClient_Deb_Fdo_3_3|Win32.ActiveCfg = InsClient_Deb_Fdo_3_3|Win32
		{5B5F49A3-7760-4171-9F3C-47BB775EC4FE}.InsClient_Deb_Fdo_3_3|Win32.Build.0 = InsClient_Deb_Fdo_3_3|Win32
		{5B5F49A3-7760-4171-9F3C-47BB775EC4FE}.InsClient_Rel_Fdo_3_1|Win32.ActiveCfg = InsClient_Rel_Fdo_3_1|Win32
		{5B5F49A3-7760-4171-9F3C-47BB775EC4FE}.InsClient_Rel_Fdo_3_1|Win32.Build.0 = InsClient_Rel_Fdo_3_1|Win32
		{5B5F49A3-7760-4171-9F3C-47BB775EC4FE}.InsClient_Rel_Fdo_3_2_2|Win32.ActiveCfg = InsClient_Rel_Fdo_3_2_2|Win32
		{5B5F49A3-7760-4171-9F3C-47BB775EC4FE}.InsClient_Rel_Fdo_3_2_2|Win32.Build.0 = InsClient_Rel_Fdo_3_2_2|Win32
		{5B5F49A3-7760-4171-9F3C-47BB775EC4FE}.InsClient_Rel_Fdo_3_2|Win32.ActiveCfg = InsClient_Rel_Fdo_3_2|Win32
		{5B5F49A3-7760-4171-9F3C-47BB775EC4FE}.InsClient_Rel_Fdo_3_2|Win32.Build.0 = InsClient_Rel_Fdo_3_2|Win32
		{5B5F49A3-7760-4171-9F3C-47BB775EC4FE}.InsClient_Rel_Fdo_3_3_1|Win32.ActiveCfg = InsClient_Rel_Fdo_3_3_1|Win32
		{5B5F49A3-7760-4171-9F3C-47BB775EC4FE}.InsClient_Rel_Fdo_3_3_1|Win32.Build.0 = InsClient_Rel_Fdo_3_3_1|Win32
		{5B5F49A3-7760-4171-9F3C-47BB775EC4FE}.InsClient_Rel_Fdo_3_3|Win32.ActiveCfg = InsClient_Rel_Fdo_3_3|Win32
		{5B5F49A3-7760-4171-9F3C-47BB775EC4FE}.InsClient_Rel_Fdo_3_3|Win32.Build.0 = InsClient_Rel_Fdo_3_3|Win32
		{5B5F49A3-7760-4171-9F3C-47BB775EC4FE}.R_Fdo_3_2_2|Win32.ActiveCfg = R_Fdo_3_2_2|Win32
		{5B5F49A3-7760-4171-9F3C-47BB775EC4FE}.R_Fdo_3_2_2|Win32.Build.0 = R_Fdo_3_2_2|Win32
		{5B5F49A3-7760-4171-9F3C-47BB775EC4FE}.R_Fdo_3_3|Win32.ActiveCfg = R_Fdo_3_2_2|Win32
		{5B5F49A3-7760-4171-9F3C-47BB775EC4FE}.R_Fdo_3_3|Win32.Build.0 = R_Fdo_3_2_2|Win32
		{5B5F49A3-7760-4171-9F3C-47BB775EC4FE}.Release_Fdo_3_1|Win32.ActiveCfg = Release_Fdo_3_1|Win32
		{5B5F49A3-7760-4171-9F3C-47BB775EC4FE}.Release_Fdo_3_1|Win32.Build.0 = Release_Fdo_3_1|Win32
		{5B5F49A3-7760-4171-9F3C-47BB775EC4FE}.Release_Fdo_3_2|Win32.ActiveCfg = Release_Fdo_3_1|Win32
		{5B5F49A3-7760-4171-9F3C-47BB775EC4FE}.Release_Fdo_3_2|Win32.Build.0 = Release_Fdo_3_1|Win32
		{5B5F49A3-7760-4171-9F3C-47BB775EC4FE}.Release|Win32.ActiveCfg = Release_Fdo_3_1|Win32
		{5B5F49A3-7760-4171-9F3C-47BB775EC4FE}.Release|Win32.Build.0 = Release_Fdo_3_1|Win32
		{655D105C-2C30-484D-80F8-556772000572}.Debug_Fdo_3_1|Win32.ActiveCfg = Debug_Fdo_3_1|Win32
		{655D105C-2C30-484D-80F8-556772000572}.Debug_Fdo_3_1|Win32.Build.0 = Debug_Fdo_3_1|Win32
		{655D105C-2C30-484D-80F8-556772000572}.Debug_Fdo_3_2_2|Win32.ActiveCfg = Debug_Fdo_3_2|Win32
		{655D105C-2C30-484D-80F8-556772000572}.Debug_Fdo_3_2_2|Win32.Build.0 = Debug_Fdo_3_2|Win32
		{655D105C-2C30-484D-80F8-556772000572}.Debug_Fdo_3_2|Win32.ActiveCfg = Debug_Fdo_3_2|Win32
		{655D105C-2C30-484D-80F8-556772000572}.Debug_Fdo_3_2|Win32.Build.0 = Debug_Fdo_3_2|Win32
		{655D105C-2C30-484D-80F8-556772000572}.Debug_Fdo_3_3_1|Win32.ActiveCfg = Debug_Fdo_3_3|Win32
		{655D105C-2C30-484D-80F8-556772000572}.Debug_Fdo_3_3_1|Win32.Build.0 = Debug_Fdo_3_3|Win32
		{655D105C-2C30-484D-80F8-556772000572}.Debug_Fdo_3_3|Win32.ActiveCfg = Debug_Fdo_3_3|Win32
		{655D105C-2C30-484D-80F8-556772000572}.Debug_Fdo_3_3|Win32.Build.0 = Debug_Fdo_3_3|Win32
		{655D105C-2C30-484D-80F8-556772000572}.Debug|Win32.ActiveCfg = Debug_Fdo_3_3_1|Win32
		{655D105C-2C30-484D-80F8-556772000572}.Debug|Win32.Build.0 = Debug_Fdo_3_3_1|Win32
		{655D105C-2C30-484D-80F8-556772000572}.InsClient_Deb_Fdo_3_2_2|Win32.ActiveCfg = InsClient_Deb_Fdo_3_2_2|Win32
		{655D105C-2C30-484D-80F8-556772000572}.InsClient_Deb_Fdo_3_2_2|Win32.Build.0 = InsClient_Deb_Fdo_3_2_2|Win32
		{655D105C-2C30-484D-80F8-556772000572}.InsClient_Deb_Fdo_3_2|Win32.ActiveCfg = InsClient_Deb_Fdo_3_2|Win32
		{655D105C-2C30-484D-80F8-556772000572}.InsClient_Deb_Fdo_3_2|Win32.Build.0 = InsClient_Deb_Fdo_3_2|Win32
		{655D105C-2C30-484D-80F8-556772000572}.InsClient_Deb_Fdo_3_3_1|Win32.ActiveCfg = InsClient_Deb_Fdo_3_3_1|Win32
		{655D105C-2C30-484D-80F8-556772000572}.InsClient_Deb_Fdo_3_3_1|Win32.Build.0 = InsClient_Deb_Fdo_3_3_1|Win32
		{655D105C-2C30-484D-80F8-556772000572}.InsClient_Deb_Fdo_3_3|Win32.ActiveCfg = InsClient_Deb_Fdo_3_3|Win32
		{655D105C-2C30-484D-80F8-556772000572}.InsClient_Deb_Fdo_3_3|Win32.Build.0 = InsClient_Deb_Fdo_3_3|Win32
		{655D105C-2C30-484D-80F8-556772000572}.InsClient_Rel_Fdo_3_1|Win32.ActiveCfg = InsClient_Rel_Fdo_3_1|Win32
		{655D105C-2C30-484D-80F8-556772000572}.InsClient_Rel_Fdo_3_1|Win32.Build.0 = InsClient_Rel_Fdo_3_1|Win32
		{655D105C-2C30-484D-80F8-556772000572}.InsClient_Rel_Fdo_3_2_2|Win32.ActiveCfg = InsClient_Rel_Fdo_3_2_2|Win32
		{655D105C-2C30-484D-80F8-556772000572}.InsClient_Rel_Fdo_3_2_2|Win32.Build.0 = InsClient_Rel_Fdo_3_2_2|Win32
		{655D105C-2C30-484D-80F8-556772000572}.InsClient_Rel_Fdo_3_2|Win32.ActiveCfg = InsClient_Rel_Fdo_3_2|Win32
		{655D105C-2C30-484D-80F8-556772000572}.InsClient_Rel_Fdo_3_2|Win32.Build.0 = InsClient_Rel_Fdo_3_2|Win32
		{655D105C-2C30-484D-80F8-556772000572}.InsClient_Rel_Fdo_3_3_1|Win32.ActiveCfg = InsClient_Rel_Fdo_3_3_1|Win32
		{655D105C-2C30-484D-80F8-556772000572}.InsClient_Rel_Fdo_3_3_1|Win32.Build.0 = InsClient_Rel_Fdo_3_3_1|Win32
		{655D105C-2C30-484D-80F8-556772000572}.InsClient_Rel_Fdo_3_3|Win32.ActiveCfg = InsClient_Rel_Fdo_3_3|Win32
		{655D105C-2C30-484D-80F8-556772000572}.InsClient_Rel_Fdo_3_3|Win32.Build.0 = InsClient_Rel_Fdo_3_3|Win32
		{655D105C-2C30-484D-80F8-556772000572}.R_Fdo_3_2_2|Win32.ActiveCfg = R_Fdo_3_2_2|Win32
		{655D105C-2C30-484D-80F8-556772000572}.R_Fdo_3_2_2|Win32.Build.0 = R_Fdo_3_2_2|Win32
		{655D105C-2C30-484D-80F8-556772000572}.R_Fdo_3_3|Win32.ActiveCfg = R_Fdo_3_2_2|Win32
		{655D105C-2C30-484D-80F8-556772000572}.R_Fdo_3_3|Win32.Build.0 = R_Fdo_3_2_2|Win32
		{655D105C-2C30-484D-80F8-556772000572}.Release_Fdo_3_1|Win32.ActiveCfg = Release_Fdo_3_1|Win32
		{655D105C-2C30-484D-80F8-556772000572}.Release_Fdo_3_1|Win32.Build.0 = Release_Fdo_3_1|Win32
		{655D105C-2C30-484D-80F8-556772000572}.Release_Fdo_3_2|Win32.ActiveCfg = Release_Fdo_3_1|Win32
		{655D105C-2C30-484D-80F8-556772000572}.Release_Fdo_3_2|Win32.Build.0 = Release_Fdo_3_1|Win32
		{655D105C-2C30-484D-80F8-556772000572}.Release|Win32.ActiveCfg = Release_Fdo_3_1|Win32
		{655D105C-2C30-484D-80F8-556772000572}.Release|Win32.Build.0 = Release_Fdo_3_1|Win32
		{07E40766-1E29-499A-A333-76435DA1E7C0}.Debug_Fdo_3_1|Win32.ActiveCfg = Debug_Fdo_3_1|Win32
		{07E40766-1E29-499A-A333-76435DA1E7C0}.Debug_Fdo_3_1|Win32.Build.0 = Debug_Fdo_3_1|Win32
		{07E40766-1E29-499A-A333-76435DA1E7C0}.Debug_Fdo_3_2_2|Win32.ActiveCfg = Debug_Fdo_3_2|Win32
		{07E40766-1E29-499A-A333-76435DA1E7C0}.Debug_Fdo_3_2_2|Win32.Build.0 = Debug_Fdo_3_2|Win32
		{07E40766-1E29-499A-A333-76435DA1E7C0}.Debug_Fdo_3_2|Win32.ActiveCfg = Debug_Fdo_3_2|Win32
		{07E40766-1E29-499A-A333-76435DA1E7C0}.Debug_Fdo_3_2|Win32.Build.0 = Debug_Fdo_3_2|Win32
		{07E40766-1E29-499A-A333-76435DA1E7C0}.Debug_Fdo_3_3_1|Win32.ActiveCfg = Debug_Fdo_3_3|Win32
		{07E40766-1E29-499A-A333-76435DA1E7C0}.Debug_Fdo_3_3_1|Win32.Build.0 = Debug_Fdo_3_3|Win32
		{07E40766-1E29-499A-A333-76435DA1E7C0}.Debug_Fdo_3_3|Win32.ActiveCfg = Debug_Fdo_3_3|Win32
		{07E40766-1E29-499A-A333-76435DA1E7C0}.Debug_Fdo_3_3|Win32.Build.0 = Debug_Fdo_3_3|Win32
		{07E40766-1E29-499A-A333-76435DA1E7C0}.Debug|Win32.ActiveCfg = Debug_Fdo_3_1|Win32
		{07E40766-1E29-499A-A333-76435DA1E7C0}.Debug|Win32.Build.0 = Debug_Fdo_3_1|Win32
		{07E40766-1E29-499A-A333-76435DA1E7C0}.InsClient_Deb_Fdo_3_2_2|Win32.ActiveCfg = InsClient_Deb_Fdo_3_3|Win32
		{07E40766-1E29-499A-A333-76435DA1E7C0}.InsClient_Deb_Fdo_3_2_2|Win32.Build.0 = InsClient_Deb_Fdo_3_3|Win32
		{07E40766-1E29-499A-A333-76435DA1E7C0}.InsClient_Deb_Fdo_3_2|Win32.ActiveCfg = InsClient_Deb_3_3_1|Win32
		{07E40766-1E29-499A-A333-76435DA1E7C0}.InsClient_Deb_Fdo_3_2|Win32.Build.0 = InsClient_Deb_3_3_1|Win32
		{07E40766-1E29-499A-A333-76435DA1E7C0}.InsClient_Deb_Fdo_3_3_1|Win32.ActiveCfg = InsClient_Deb_3_3_1|Win32
		{07E40766-1E29-499A-A333-76435DA1E7C0}.InsClient_Deb_Fdo_3_3_1|Win32.Build.0 = InsClient_Deb_3_3_1|Win32
		{07E40766-1E29-499A-A333-76435DA1E7C0}.InsClient_Deb_Fdo_3_3|Win32.ActiveCfg = InsClient_Deb_Fdo_3_3|Win32
		{07E40766-1E29-499A-A333-76435DA1E7C0}.InsClient_Deb_Fdo_3_3|Win32.Build.0 = InsClient_Deb_Fdo_3_3|Win32
		{07E40766-1E29-499A-A333-76435DA1E7C0}.InsClient_Rel_Fdo_3_1|Win32.ActiveCfg = Release_Fdo_3_1|Win32
		{07E40766-1E29-499A-A333-76435DA1E7C0}.InsClient_Rel_Fdo_3_1|Win32.Build.0 = Release_Fdo_3_1|Win32
		{07E40766-1E29-499A-A333-76435DA1E7C0}.InsClient_Rel_Fdo_3_2_2|Win32.ActiveCfg = R_Fdo_3_3|Win32
		{07E40766-1E29-499A-A333-76435DA1E7C0}.InsClient_Rel_Fdo_3_2_2|Win32.Build.0 = R_Fdo_3_3|Win32
		{07E40766-1E29-499A-A333-76435DA1E7C0}.InsClient_Rel_Fdo_3_2|Win32.ActiveCfg = Release_Fdo_3_2|Win32
		{07E40766-1E29-499A-A333-76435DA1E7C0}.InsClient_Rel_Fdo_3_2|Win32.Build.0 = Release_Fdo_3_2|Win32
		{07E40766-1E29-499A-A333-76435DA1E7C0}.InsClient_Rel_Fdo_3_3_1|Win32.ActiveCfg = InsClient_Rel_Fdo_3_3_1|Win32
		{07E40766-1E29-499A-A333-76435DA1E7C0}.InsClient_Rel_Fdo_3_3_1|Win32.Build.0 = InsClient_Rel_Fdo_3_3_1|Win32
		{07E40766-1E29-499A-A333-76435DA1E7C0}.InsClient_Rel_Fdo_3_3|Win32.ActiveCfg = InsClient_Rel_Fdo_3_3|Win32
		{07E40766-1E29-499A-A333-76435DA1E7C0}.InsClient_Rel_Fdo_3_3|Win32.Build.0 = InsClient_Rel_Fdo_3_3|Win32
		{07E40766-1E29-499A-A333-76435DA1E7C0}.R_Fdo_3_2_2|Win32.ActiveCfg = R_Fdo_3_2_2|Win32
		{07E40766-1E29-499A-A333-76435DA1E7C0}.R_Fdo_3_2_2|Win32.Build.0 = R_Fdo_3_2_2|Win32
		{07E40766-1E29-499A-A333-76435DA1E7C0}.R_Fdo_3_3|Win32.ActiveCfg = R_Fdo_3_2_2|Win32
		{07E40766-1E29-499A-A333-76435DA1E7C0}.R_Fdo_3_3|Win32.Build.0 = R_Fdo_3_2_2|Win32
		{07E40766-1E29-499A-A333-76435DA1E7C0}.Release_Fdo_3_1|Win32.ActiveCfg = Release_Fdo_3_1|Win32
		{07E40766-1E29-499A-A333-76435DA1E7C0}.Release_Fdo_3_1|Win32.Build.0 = Release_Fdo_3_1|Win32
		{07E40766-1E29-499A-A333-76435DA1E7C0}.Release_Fdo_3_2|Win32.ActiveCfg = Release_Fdo_3_1|Win32
		{07E40766-1E29-499A-A333-76435DA1E7C0}.Release_Fdo_3_2|Win32.Build.0 = Release_Fdo_3_1|Win32
		{07E40766-1E29-499A-A333-76435DA1E7C0}.Release|Win32.ActiveCfg = R_Fdo_3_3|Win32
		{07E40766-1E29-499A-A333-76435DA1E7C0}.Release|Win32.Build.0 = R_Fdo_3_3|Win32
		{16D1C524-961E-4973-BAF8-DBC27983E470}.Debug_Fdo_3_1|Win32.ActiveCfg = Debug|Win32
		{16D1C524-961E-4973-BAF8-DBC27983E470}.Debug_Fdo_3_1|Win32.Build.0 = Debug|Win32
		{16D1C524-961E-4973-BAF8-DBC27983E470}.Debug_Fdo_3_2_2|Win32.ActiveCfg = Debug|Win32
		{16D1C524-961E-4973-BAF8-DBC27983E470}.Debug_Fdo_3_2_2|Win32.Build.0 = Debug|Win32
		{16D1C524-961E-4973-BAF8-DBC27983E470}.Debug_Fdo_3_2|Win32.ActiveCfg = Debug|Win32
		{16D1C524-961E-4973-BAF8-DBC27983E470}.Debug_Fdo_3_2|Win32.Build.0 = Debug|Win32
		{16D1C524-961E-4973-BAF8-DBC27983E470}.Debug_Fdo_3_3_1|Win32.ActiveCfg = Debug|Win32
		{16D1C524-961E-4973-BAF8-DBC27983E470}.Debug_Fdo_3_3_1|Win32.Build.0 = Debug|Win32
		{16D1C524-961E-4973-BAF8-DBC27983E470}.Debug_Fdo_3_3|Win32.ActiveCfg = Debug|Win32
		{16D1C524-961E-4973-BAF8-DBC27983E470}.Debug_Fdo_3_3|Win32.Build.0 = Debug|Win32
		{16D1C524-961E-4973-BAF8-DBC27983E470}.Debug|Win32.ActiveCfg = Debug|Win32
		{16D1C524-961E-4973-BAF8-DBC27983E470}.Debug|Win32.Build.0 = Debug|Win32
		{16D1C524-961E-4973-BAF8-DBC27983E470}.InsClient_Deb_Fdo_3_2_2|Win32.ActiveCfg = Release|Win32
		{16D1C524-961E-4973-BAF8-DBC27983E470}.InsClient_Deb_Fdo_3_2_2|Win32.Build.0 = Release|Win32
		{16D1C524-961E-4973-BAF8-DBC27983E470}.InsClient_Deb_Fdo_3_2|Win32.ActiveCfg = Debug|Win32
		{16D1C524-961E-4973-BAF8-DBC27983E470}.InsClient_Deb_Fdo_3_2|Win32.Build.0 = Debug|Win32
		{16D1C524-961E-4973-BAF8-DBC27983E470}.InsClient_Deb_Fdo_3_3_1|Win32.ActiveCfg = Debug|Win32
		{16D1C524-961E-4973-BAF8-DBC27983E470}.InsClient_Deb_Fdo_3_3_1|Win32.Build.0 = Debug|Win32
		{16D1C524-961E-4973-BAF8-DBC27983E470}.InsClient_Deb_Fdo_3_3|Win32.ActiveCfg = Release|Win32
		{16D1C524-961E-4973-BAF8-DBC27983E470}.InsClient_Deb_Fdo_3_3|Win32.Build.0 = Release|Win32
		{16D1C524-961E-4973-BAF8-DBC27983E470}.InsClient_Rel_Fdo_3_1|Win32.ActiveCfg = Release|Win32
		{16D1C524-961E-4973-BAF8-DBC27983E470}.InsClient_Rel_Fdo_3_1|Win32.Build.0 = Release|Win32
		{16D1C524-961E-4973-BAF8-DBC27983E470}.InsClient_Rel_Fdo_3_2_2|Win32.ActiveCfg = Release|Win32
		{16D1C524-961E-4973-BAF8-DBC27983E470}.InsClient_Rel_Fdo_3_2_2|Win32.Build.0 = Release|Win32
		{16D1C524-961E-4973-BAF8-DBC27983E470}.InsClient_Rel_Fdo_3_2|Win32.ActiveCfg = Release|Win32
		{16D1C524-961E-4973-BAF8-DBC27983E470}.InsClient_Rel_Fdo_3_2|Win32.Build.0 = Release|Win32
		{16D1C524-961E-4973-BAF8-DBC27983E470}.InsClient_Rel_Fdo_3_3_1|Win32.ActiveCfg = Release|Win32
		{16D1C524-961E-4973-BAF8-DBC27983E470}.InsClient_Rel_Fdo_3_3_1|Win32.Build.0 = Release|Win32
		{16D1C524-961E-4973-BAF8-DBC27983E470}.InsClient_Rel_Fdo_3_3|Win32.ActiveCfg = Release|Win32
		{16D1C524-961E-4973-BAF8-DBC27983E470}.InsClient_Rel_Fdo_3_3|Win32.Build.0 = Release|Win32
		{16D1C524-961E-4973-BAF8-DBC27983E470}.R_Fdo_3_2_2|Win32.ActiveCfg = Release|Win32
		{16D1C524-961E-4973-BAF8-DBC27983E470}.R_Fdo_3_2_2|Win32.Build.0 = Release|Win32
		{16D1C524-961E-4973-BAF8-DBC27983E470}.R_Fdo_3_3|Win32.ActiveCfg = Release|Win32
		{16D1C524-961E-4973-BAF8-DBC27983E470}.R_Fdo_3_3|Win32.Build.0 = Release|Win32
		{16D1C524-961E-4973-BAF8-DBC27983E470}.Release_Fdo_3_1|Win32.ActiveCfg = Release|Win32
		{16D1C524-961E-4973-BAF8-DBC27983E470}.Release_Fdo_3_1|Win32.Build.0 = Release|Win32
		{16D1C524-961E-4973-BAF8-DBC27983E470}.Release_Fdo_3_2|Win32.ActiveCfg = Release|Win32
		{16D1C524-961E-4973-BAF8-DBC27983E470}.Release_Fdo_3_2|Win32.Build.0 = Release|Win32
		{16D1C524-961E-4973-BAF8-DBC27983E470}.Release|Win32.ActiveCfg = Release|Win32
		{16D1C524-961E-4973-BAF8-DBC27983E470}.Release|Win32.Build.0 = Release|Win32
	EndGlobalSection
	GlobalSection(SolutionProperties) = preSolution
		HideSolutionNode = FALSE
	EndGlobalSection
EndGlobal
