Microsoft Visual Studio Solution File, Format Version 9.00
# Visual Studio 2005
Project("{8BC9CEB8-8B4A-11D0-8D11-00A0C91BC942}") = "ProviderCapabilities", "ProviderCapabilities\ProviderCapabilities.vcproj", "{2AE3AC98-EDEE-4B68-9213-4CA268EFD3EC}"
EndProject
Project("{8BC9CEB8-8B4A-11D0-8D11-00A0C91BC942}") = "ProviderList", "ProviderList\ProviderList.vcproj", "{632A905C-7043-47AF-9FA6-1CE04A63F3C1}"
EndProject
Project("{8BC9CEB8-8B4A-11D0-8D11-00A0C91BC942}") = "ExerciseFdoApi", "DevGuideExample\ExerciseFdoApi.vcproj", "{AE813D5A-963B-479A-B284-A47FE27751F5}"
EndProject
Project("{8BC9CEB8-8B4A-11D0-8D11-00A0C91BC942}") = "OdbcSample", "OdbcSample\OdbcSample.vcproj", "{115B3D9A-EAE8-4DF2-91B9-FB5F6974AC77}"
EndProject
Project("{8BC9CEB8-8B4A-11D0-8D11-00A0C91BC942}") = "RasterFile", "RasterFile\RasterFile.vcproj", "{B10B635B-2B48-492A-A035-7AA3E6E83D96}"
EndProject
Global
	GlobalSection(SolutionConfigurationPlatforms) = preSolution
		Debug|Win32 = Debug|Win32
		Release|Win32 = Release|Win32
	EndGlobalSection
	GlobalSection(ProjectConfigurationPlatforms) = postSolution
		{2AE3AC98-EDEE-4B68-9213-4CA268EFD3EC}.Debug|Win32.ActiveCfg = Debug|Win32
		{2AE3AC98-EDEE-4B68-9213-4CA268EFD3EC}.Debug|Win32.Build.0 = Debug|Win32
		{2AE3AC98-EDEE-4B68-9213-4CA268EFD3EC}.Release|Win32.ActiveCfg = Release|Win32
		{2AE3AC98-EDEE-4B68-9213-4CA268EFD3EC}.Release|Win32.Build.0 = Release|Win32
		{632A905C-7043-47AF-9FA6-1CE04A63F3C1}.Debug|Win32.ActiveCfg = Debug|Win32
		{632A905C-7043-47AF-9FA6-1CE04A63F3C1}.Debug|Win32.Build.0 = Debug|Win32
		{632A905C-7043-47AF-9FA6-1CE04A63F3C1}.Release|Win32.ActiveCfg = Release|Win32
		{632A905C-7043-47AF-9FA6-1CE04A63F3C1}.Release|Win32.Build.0 = Release|Win32
		{AE813D5A-963B-479A-B284-A47FE27751F5}.Debug|Win32.ActiveCfg = Debug|Win32
		{AE813D5A-963B-479A-B284-A47FE27751F5}.Debug|Win32.Build.0 = Debug|Win32
		{AE813D5A-963B-479A-B284-A47FE27751F5}.Release|Win32.ActiveCfg = Release|Win32
		{AE813D5A-963B-479A-B284-A47FE27751F5}.Release|Win32.Build.0 = Release|Win32
		{115B3D9A-EAE8-4DF2-91B9-FB5F6974AC77}.Debug|Win32.ActiveCfg = Debug|Win32
		{115B3D9A-EAE8-4DF2-91B9-FB5F6974AC77}.Debug|Win32.Build.0 = Debug|Win32
		{115B3D9A-EAE8-4DF2-91B9-FB5F6974AC77}.Release|Win32.ActiveCfg = Release|Win32
		{115B3D9A-EAE8-4DF2-91B9-FB5F6974AC77}.Release|Win32.Build.0 = Release|Win32
		{B10B635B-2B48-492A-A035-7AA3E6E83D96}.Debug|Win32.ActiveCfg = Debug|Win32
		{B10B635B-2B48-492A-A035-7AA3E6E83D96}.Debug|Win32.Build.0 = Debug|Win32
		{B10B635B-2B48-492A-A035-7AA3E6E83D96}.Release|Win32.ActiveCfg = Release|Win32
		{B10B635B-2B48-492A-A035-7AA3E6E83D96}.Release|Win32.Build.0 = Release|Win32
	EndGlobalSection
	GlobalSection(SolutionProperties) = preSolution
		HideSolutionNode = FALSE
	EndGlobalSection
EndGlobal
