
Microsoft Visual Studio Solution File, Format Version 9.00
# Visual Studio 2005
Project("{8BC9CEB8-8B4A-11D0-8D11-00A0C91BC942}") = "PostGisProvider", "Provider\PostGisProvider.vcproj", "{81A1E411-2952-42B5-8430-B588A89D9BE2}"
	ProjectSection(ProjectDependencies) = postProject
		{04CC6BCD-179D-4627-A183-4E628580B4FB} = {04CC6BCD-179D-4627-A183-4E628580B4FB}
		{A250F14F-E1A9-4F17-9E35-2D2CA8013AA4} = {A250F14F-E1A9-4F17-9E35-2D2CA8013AA4}
	EndProjectSection
EndProject
Project("{8BC9CEB8-8B4A-11D0-8D11-00A0C91BC942}") = "PostGisOverrides", "Overrides\PostGisOverrides.vcproj", "{A250F14F-E1A9-4F17-9E35-2D2CA8013AA4}"
	ProjectSection(ProjectDependencies) = postProject
		{04CC6BCD-179D-4627-A183-4E628580B4FB} = {04CC6BCD-179D-4627-A183-4E628580B4FB}
	EndProjectSection
EndProject
Project("{2150E333-8FDC-42A3-9474-1A3956D46DE8}") = "Documents", "Documents", "{B89B5877-EF2A-40AC-9F65-2C3597B0AFAF}"
	ProjectSection(SolutionItems) = preProject
		README.txt = README.txt
		TODO.txt = TODO.txt
	EndProjectSection
EndProject
Project("{8BC9CEB8-8B4A-11D0-8D11-00A0C91BC942}") = "PostGisMessage", "Message\PostGisMessage.vcproj", "{04CC6BCD-179D-4627-A183-4E628580B4FB}"
EndProject
Project("{8BC9CEB8-8B4A-11D0-8D11-00A0C91BC942}") = "UnitTest", "UnitTest\UnitTest.vcproj", "{7F2484C6-7E04-494F-AC89-87AD765CC311}"
	ProjectSection(ProjectDependencies) = postProject
		{A250F14F-E1A9-4F17-9E35-2D2CA8013AA4} = {A250F14F-E1A9-4F17-9E35-2D2CA8013AA4}
		{81A1E411-2952-42B5-8430-B588A89D9BE2} = {81A1E411-2952-42B5-8430-B588A89D9BE2}
	EndProjectSection
EndProject
Project("{2150E333-8FDC-42A3-9474-1A3956D46DE8}") = "Samples", "Samples", "{6F922396-7A7B-48E3-9F14-29FAFBE41301}"
EndProject
Project("{8BC9CEB8-8B4A-11D0-8D11-00A0C91BC942}") = "describe_schema_command", "..\..\..\Samples\describe_schema_command\describe_schema_command.vcproj", "{74B94AFF-BBC1-445E-8362-DC5D21A4D67B}"
EndProject
Global
	GlobalSection(SolutionConfigurationPlatforms) = preSolution
		Debug|Win32 = Debug|Win32
		Release|Win32 = Release|Win32
	EndGlobalSection
	GlobalSection(ProjectConfigurationPlatforms) = postSolution
		{81A1E411-2952-42B5-8430-B588A89D9BE2}.Debug|Win32.ActiveCfg = Debug|Win32
		{81A1E411-2952-42B5-8430-B588A89D9BE2}.Debug|Win32.Build.0 = Debug|Win32
		{81A1E411-2952-42B5-8430-B588A89D9BE2}.Release|Win32.ActiveCfg = Release|Win32
		{81A1E411-2952-42B5-8430-B588A89D9BE2}.Release|Win32.Build.0 = Release|Win32
		{A250F14F-E1A9-4F17-9E35-2D2CA8013AA4}.Debug|Win32.ActiveCfg = Debug|Win32
		{A250F14F-E1A9-4F17-9E35-2D2CA8013AA4}.Debug|Win32.Build.0 = Debug|Win32
		{A250F14F-E1A9-4F17-9E35-2D2CA8013AA4}.Release|Win32.ActiveCfg = Release|Win32
		{A250F14F-E1A9-4F17-9E35-2D2CA8013AA4}.Release|Win32.Build.0 = Release|Win32
		{04CC6BCD-179D-4627-A183-4E628580B4FB}.Debug|Win32.ActiveCfg = Debug|Win32
		{04CC6BCD-179D-4627-A183-4E628580B4FB}.Debug|Win32.Build.0 = Debug|Win32
		{04CC6BCD-179D-4627-A183-4E628580B4FB}.Release|Win32.ActiveCfg = Release|Win32
		{04CC6BCD-179D-4627-A183-4E628580B4FB}.Release|Win32.Build.0 = Release|Win32
		{7F2484C6-7E04-494F-AC89-87AD765CC311}.Debug|Win32.ActiveCfg = Debug|Win32
		{7F2484C6-7E04-494F-AC89-87AD765CC311}.Debug|Win32.Build.0 = Debug|Win32
		{7F2484C6-7E04-494F-AC89-87AD765CC311}.Release|Win32.ActiveCfg = Release|Win32
		{7F2484C6-7E04-494F-AC89-87AD765CC311}.Release|Win32.Build.0 = Release|Win32
		{74B94AFF-BBC1-445E-8362-DC5D21A4D67B}.Debug|Win32.ActiveCfg = Debug|Win32
		{74B94AFF-BBC1-445E-8362-DC5D21A4D67B}.Debug|Win32.Build.0 = Debug|Win32
		{74B94AFF-BBC1-445E-8362-DC5D21A4D67B}.Release|Win32.ActiveCfg = Release|Win32
		{74B94AFF-BBC1-445E-8362-DC5D21A4D67B}.Release|Win32.Build.0 = Release|Win32
	EndGlobalSection
	GlobalSection(SolutionProperties) = preSolution
		HideSolutionNode = FALSE
	EndGlobalSection
	GlobalSection(NestedProjects) = preSolution
		{74B94AFF-BBC1-445E-8362-DC5D21A4D67B} = {6F922396-7A7B-48E3-9F14-29FAFBE41301}
	EndGlobalSection
EndGlobal
