
Microsoft Visual Studio Solution File, Format Version 9.00
# Visual Studio 2005
Project("{8BC9CEB8-8B4A-11D0-8D11-00A0C91BC942}") = "KingKML", "Provider\KingKML.vcproj", "{C3F0AE1B-5EAF-4F53-B650-CC396975FB41}"
EndProject
Project("{8BC9CEB8-8B4A-11D0-8D11-00A0C91BC942}") = "UnitTest", "UnitTest\UnitTest.vcproj", "{05A72C63-60E4-4241-920D-1C3E441B0298}"
	ProjectSection(ProjectDependencies) = postProject
		{C3F0AE1B-5EAF-4F53-B650-CC396975FB41} = {C3F0AE1B-5EAF-4F53-B650-CC396975FB41}
	EndProjectSection
EndProject
Project("{8BC9CEB8-8B4A-11D0-8D11-00A0C91BC942}") = "Provider", "..\..\..\..\..\..\mapguide-2.0.1\mapguide-2.0.1\OpenSource_FDO\Providers\SDF\Src\Provider\SDF.vcproj", "{C8A43164-7819-4EDE-805F-7C02097B3B99}"
EndProject
Project("{8BC9CEB8-8B4A-11D0-8D11-00A0C91BC942}") = "SQLiteInterface", "..\..\..\..\..\..\mapguide-2.0.1\mapguide-2.0.1\OpenSource_FDO\Utilities\SQLiteInterface\SQLiteInterface.vcproj", "{C196E844-E8B2-4226-B949-5898007E3A34}"
EndProject
Project("{8BC9CEB8-8B4A-11D0-8D11-00A0C91BC942}") = "Sqlite3", "..\..\..\..\..\..\mapguide-2.0.1\mapguide-2.0.1\OpenSource_FDO\Thirdparty\Sqlite3.3.13\Sqlite3.vcproj", "{F3910EB6-1756-46F4-8143-C6725ED91935}"
EndProject
Project("{8BC9CEB8-8B4A-11D0-8D11-00A0C91BC942}") = "libkmlbase", "..\..\..\..\..\..\..\libKML\libkml-0.3.2\src\libkmlbase.vcproj", "{DA5DEA8E-4DF5-4B36-BF1E-4760104149F0}"
EndProject
Global
	GlobalSection(SolutionConfigurationPlatforms) = preSolution
		Deb_FDO_3_3_1|Win32 = Deb_FDO_3_3_1|Win32
		Debug|Win32 = Debug|Win32
		Rel_FDO_3_2_2|Win32 = Rel_FDO_3_2_2|Win32
		Rel_FDO_3_3_1|Win32 = Rel_FDO_3_3_1|Win32
		Release|Win32 = Release|Win32
		ReleaseLite|Win32 = ReleaseLite|Win32
	EndGlobalSection
	GlobalSection(ProjectConfigurationPlatforms) = postSolution
		{C3F0AE1B-5EAF-4F53-B650-CC396975FB41}.Deb_FDO_3_3_1|Win32.ActiveCfg = Deb_FDO_3_3_1|Win32
		{C3F0AE1B-5EAF-4F53-B650-CC396975FB41}.Deb_FDO_3_3_1|Win32.Build.0 = Deb_FDO_3_3_1|Win32
		{C3F0AE1B-5EAF-4F53-B650-CC396975FB41}.Debug|Win32.ActiveCfg = Debug|Win32
		{C3F0AE1B-5EAF-4F53-B650-CC396975FB41}.Debug|Win32.Build.0 = Debug|Win32
		{C3F0AE1B-5EAF-4F53-B650-CC396975FB41}.Rel_FDO_3_2_2|Win32.ActiveCfg = Rel_FDO_3_2_2|Win32
		{C3F0AE1B-5EAF-4F53-B650-CC396975FB41}.Rel_FDO_3_2_2|Win32.Build.0 = Rel_FDO_3_2_2|Win32
		{C3F0AE1B-5EAF-4F53-B650-CC396975FB41}.Rel_FDO_3_3_1|Win32.ActiveCfg = Rel_FDO_3_3_1|Win32
		{C3F0AE1B-5EAF-4F53-B650-CC396975FB41}.Rel_FDO_3_3_1|Win32.Build.0 = Rel_FDO_3_3_1|Win32
		{C3F0AE1B-5EAF-4F53-B650-CC396975FB41}.Release|Win32.ActiveCfg = Release|Win32
		{C3F0AE1B-5EAF-4F53-B650-CC396975FB41}.Release|Win32.Build.0 = Release|Win32
		{C3F0AE1B-5EAF-4F53-B650-CC396975FB41}.ReleaseLite|Win32.ActiveCfg = Release|Win32
		{C3F0AE1B-5EAF-4F53-B650-CC396975FB41}.ReleaseLite|Win32.Build.0 = Release|Win32
		{05A72C63-60E4-4241-920D-1C3E441B0298}.Deb_FDO_3_3_1|Win32.ActiveCfg = Deb_FDO_3_3_1|Win32
		{05A72C63-60E4-4241-920D-1C3E441B0298}.Deb_FDO_3_3_1|Win32.Build.0 = Deb_FDO_3_3_1|Win32
		{05A72C63-60E4-4241-920D-1C3E441B0298}.Debug|Win32.ActiveCfg = Debug|Win32
		{05A72C63-60E4-4241-920D-1C3E441B0298}.Debug|Win32.Build.0 = Debug|Win32
		{05A72C63-60E4-4241-920D-1C3E441B0298}.Rel_FDO_3_2_2|Win32.ActiveCfg = Rel_FDO_3_2_2|Win32
		{05A72C63-60E4-4241-920D-1C3E441B0298}.Rel_FDO_3_2_2|Win32.Build.0 = Rel_FDO_3_2_2|Win32
		{05A72C63-60E4-4241-920D-1C3E441B0298}.Rel_FDO_3_3_1|Win32.ActiveCfg = Rel_FDO_3_3_1|Win32
		{05A72C63-60E4-4241-920D-1C3E441B0298}.Rel_FDO_3_3_1|Win32.Build.0 = Rel_FDO_3_3_1|Win32
		{05A72C63-60E4-4241-920D-1C3E441B0298}.Release|Win32.ActiveCfg = Release|Win32
		{05A72C63-60E4-4241-920D-1C3E441B0298}.Release|Win32.Build.0 = Release|Win32
		{05A72C63-60E4-4241-920D-1C3E441B0298}.ReleaseLite|Win32.ActiveCfg = Release|Win32
		{05A72C63-60E4-4241-920D-1C3E441B0298}.ReleaseLite|Win32.Build.0 = Release|Win32
		{C8A43164-7819-4EDE-805F-7C02097B3B99}.Deb_FDO_3_3_1|Win32.ActiveCfg = Debug|Win32
		{C8A43164-7819-4EDE-805F-7C02097B3B99}.Deb_FDO_3_3_1|Win32.Build.0 = Debug|Win32
		{C8A43164-7819-4EDE-805F-7C02097B3B99}.Debug|Win32.ActiveCfg = Debug|Win32
		{C8A43164-7819-4EDE-805F-7C02097B3B99}.Debug|Win32.Build.0 = Debug|Win32
		{C8A43164-7819-4EDE-805F-7C02097B3B99}.Rel_FDO_3_2_2|Win32.ActiveCfg = Release|Win32
		{C8A43164-7819-4EDE-805F-7C02097B3B99}.Rel_FDO_3_2_2|Win32.Build.0 = Release|Win32
		{C8A43164-7819-4EDE-805F-7C02097B3B99}.Rel_FDO_3_3_1|Win32.ActiveCfg = Release|Win32
		{C8A43164-7819-4EDE-805F-7C02097B3B99}.Rel_FDO_3_3_1|Win32.Build.0 = Release|Win32
		{C8A43164-7819-4EDE-805F-7C02097B3B99}.Release|Win32.ActiveCfg = Release|Win32
		{C8A43164-7819-4EDE-805F-7C02097B3B99}.Release|Win32.Build.0 = Release|Win32
		{C8A43164-7819-4EDE-805F-7C02097B3B99}.ReleaseLite|Win32.ActiveCfg = Release|Win32
		{C8A43164-7819-4EDE-805F-7C02097B3B99}.ReleaseLite|Win32.Build.0 = Release|Win32
		{C196E844-E8B2-4226-B949-5898007E3A34}.Deb_FDO_3_3_1|Win32.ActiveCfg = Debug|Win32
		{C196E844-E8B2-4226-B949-5898007E3A34}.Deb_FDO_3_3_1|Win32.Build.0 = Debug|Win32
		{C196E844-E8B2-4226-B949-5898007E3A34}.Debug|Win32.ActiveCfg = Debug|Win32
		{C196E844-E8B2-4226-B949-5898007E3A34}.Debug|Win32.Build.0 = Debug|Win32
		{C196E844-E8B2-4226-B949-5898007E3A34}.Rel_FDO_3_2_2|Win32.ActiveCfg = Release|Win32
		{C196E844-E8B2-4226-B949-5898007E3A34}.Rel_FDO_3_2_2|Win32.Build.0 = Release|Win32
		{C196E844-E8B2-4226-B949-5898007E3A34}.Rel_FDO_3_3_1|Win32.ActiveCfg = Release|Win32
		{C196E844-E8B2-4226-B949-5898007E3A34}.Rel_FDO_3_3_1|Win32.Build.0 = Release|Win32
		{C196E844-E8B2-4226-B949-5898007E3A34}.Release|Win32.ActiveCfg = Release|Win32
		{C196E844-E8B2-4226-B949-5898007E3A34}.Release|Win32.Build.0 = Release|Win32
		{C196E844-E8B2-4226-B949-5898007E3A34}.ReleaseLite|Win32.ActiveCfg = Release|Win32
		{C196E844-E8B2-4226-B949-5898007E3A34}.ReleaseLite|Win32.Build.0 = Release|Win32
		{F3910EB6-1756-46F4-8143-C6725ED91935}.Deb_FDO_3_3_1|Win32.ActiveCfg = Debug|Win32
		{F3910EB6-1756-46F4-8143-C6725ED91935}.Deb_FDO_3_3_1|Win32.Build.0 = Debug|Win32
		{F3910EB6-1756-46F4-8143-C6725ED91935}.Debug|Win32.ActiveCfg = Debug|Win32
		{F3910EB6-1756-46F4-8143-C6725ED91935}.Debug|Win32.Build.0 = Debug|Win32
		{F3910EB6-1756-46F4-8143-C6725ED91935}.Rel_FDO_3_2_2|Win32.ActiveCfg = ReleaseLite|Win32
		{F3910EB6-1756-46F4-8143-C6725ED91935}.Rel_FDO_3_2_2|Win32.Build.0 = ReleaseLite|Win32
		{F3910EB6-1756-46F4-8143-C6725ED91935}.Rel_FDO_3_3_1|Win32.ActiveCfg = ReleaseLite|Win32
		{F3910EB6-1756-46F4-8143-C6725ED91935}.Rel_FDO_3_3_1|Win32.Build.0 = ReleaseLite|Win32
		{F3910EB6-1756-46F4-8143-C6725ED91935}.Release|Win32.ActiveCfg = Release|Win32
		{F3910EB6-1756-46F4-8143-C6725ED91935}.Release|Win32.Build.0 = Release|Win32
		{F3910EB6-1756-46F4-8143-C6725ED91935}.ReleaseLite|Win32.ActiveCfg = ReleaseLite|Win32
		{F3910EB6-1756-46F4-8143-C6725ED91935}.ReleaseLite|Win32.Build.0 = ReleaseLite|Win32
		{DA5DEA8E-4DF5-4B36-BF1E-4760104149F0}.Deb_FDO_3_3_1|Win32.ActiveCfg = Debug|Win32
		{DA5DEA8E-4DF5-4B36-BF1E-4760104149F0}.Deb_FDO_3_3_1|Win32.Build.0 = Debug|Win32
		{DA5DEA8E-4DF5-4B36-BF1E-4760104149F0}.Debug|Win32.ActiveCfg = Debug|Win32
		{DA5DEA8E-4DF5-4B36-BF1E-4760104149F0}.Debug|Win32.Build.0 = Debug|Win32
		{DA5DEA8E-4DF5-4B36-BF1E-4760104149F0}.Rel_FDO_3_2_2|Win32.ActiveCfg = Release|Win32
		{DA5DEA8E-4DF5-4B36-BF1E-4760104149F0}.Rel_FDO_3_2_2|Win32.Build.0 = Release|Win32
		{DA5DEA8E-4DF5-4B36-BF1E-4760104149F0}.Rel_FDO_3_3_1|Win32.ActiveCfg = Release|Win32
		{DA5DEA8E-4DF5-4B36-BF1E-4760104149F0}.Rel_FDO_3_3_1|Win32.Build.0 = Release|Win32
		{DA5DEA8E-4DF5-4B36-BF1E-4760104149F0}.Release|Win32.ActiveCfg = Release|Win32
		{DA5DEA8E-4DF5-4B36-BF1E-4760104149F0}.Release|Win32.Build.0 = Release|Win32
		{DA5DEA8E-4DF5-4B36-BF1E-4760104149F0}.ReleaseLite|Win32.ActiveCfg = Release|Win32
		{DA5DEA8E-4DF5-4B36-BF1E-4760104149F0}.ReleaseLite|Win32.Build.0 = Release|Win32
	EndGlobalSection
	GlobalSection(SolutionProperties) = preSolution
		HideSolutionNode = FALSE
	EndGlobalSection
EndGlobal
