Microsoft Visual Studio Solution File, Format Version 9.00
# Visual Studio 2005
Project("{8BC9CEB8-8B4A-11D0-8D11-00A0C91BC942}") = "Common", "%FDOUTILITIES%\Common\FdoCommon.vcproj", "{9037A345-04EB-418C-98D0-3D5B19FC9D55}"
EndProject
Project("{8BC9CEB8-8B4A-11D0-8D11-00A0C91BC942}") = "SQLiteInterface", "%FDOUTILITIES%\SQLiteInterface\SQLiteInterface.vcproj", "{C196E844-E8B2-4226-B949-5898007E3A34}"
EndProject
Project("{8BC9CEB8-8B4A-11D0-8D11-00A0C91BC942}") = "Message", "Message\SDFMessage.vcproj", "{B840E617-C94F-4E23-BEBA-4A9F3FBD92DB}"
EndProject
Project("{8BC9CEB8-8B4A-11D0-8D11-00A0C91BC942}") = "Provider", "Provider\SDF.vcproj", "{C8A43164-7819-4EDE-805F-7C02097B3B99}"
	ProjectSection(ProjectDependencies) = postProject
		{45604865-D231-47BF-8E23-86D694AF3BA3} = {45604865-D231-47BF-8E23-86D694AF3BA3}
		{9037A345-04EB-418C-98D0-3D5B19FC9D55} = {9037A345-04EB-418C-98D0-3D5B19FC9D55}
		{C196E844-E8B2-4226-B949-5898007E3A34} = {C196E844-E8B2-4226-B949-5898007E3A34}
		{B840E617-C94F-4E23-BEBA-4A9F3FBD92DB} = {B840E617-C94F-4E23-BEBA-4A9F3FBD92DB}
	EndProjectSection
EndProject
Project("{8BC9CEB8-8B4A-11D0-8D11-00A0C91BC942}") = "Utils", "Utils\FDOUtils.vcproj", "{45604865-D231-47BF-8E23-86D694AF3BA3}"
	ProjectSection(ProjectDependencies) = postProject
		{9037A345-04EB-418C-98D0-3D5B19FC9D55} = {9037A345-04EB-418C-98D0-3D5B19FC9D55}
		{B840E617-C94F-4E23-BEBA-4A9F3FBD92DB} = {B840E617-C94F-4E23-BEBA-4A9F3FBD92DB}
	EndProjectSection
EndProject
Project("{8BC9CEB8-8B4A-11D0-8D11-00A0C91BC942}") = "UnitTest", "UnitTest\UnitTest.vcproj", "{D21428C0-F639-4410-9A29-421493E0F217}"
	ProjectSection(ProjectDependencies) = postProject
		{C8A43164-7819-4EDE-805F-7C02097B3B99} = {C8A43164-7819-4EDE-805F-7C02097B3B99}
		{31607A09-F8CA-43B3-9195-C1D5FB18E0D7} = {31607A09-F8CA-43B3-9195-C1D5FB18E0D7}
	EndProjectSection
EndProject
Project("{8BC9CEB8-8B4A-11D0-8D11-00A0C91BC942}") = "TestCommon", "%FDOUTILITIES%\TestCommon\TestCommon.vcproj", "{31607A09-F8CA-43B3-9195-C1D5FB18E0D7}"
	ProjectSection(ProjectDependencies) = postProject
		{9037A345-04EB-418C-98D0-3D5B19FC9D55} = {9037A345-04EB-418C-98D0-3D5B19FC9D55}
	EndProjectSection
EndProject
Global
	GlobalSection(SolutionConfigurationPlatforms) = preSolution
		Debug|Win32 = Debug|Win32
		Release|Win32 = Release|Win32
	EndGlobalSection
	GlobalSection(ProjectConfigurationPlatforms) = postSolution
		{9037A345-04EB-418C-98D0-3D5B19FC9D55}.Debug|Win32.ActiveCfg = Debug|Win32
		{9037A345-04EB-418C-98D0-3D5B19FC9D55}.Debug|Win32.Build.0 = Debug|Win32
		{9037A345-04EB-418C-98D0-3D5B19FC9D55}.Release|Win32.ActiveCfg = Release|Win32
		{9037A345-04EB-418C-98D0-3D5B19FC9D55}.Release|Win32.Build.0 = Release|Win32
		{C196E844-E8B2-4226-B949-5898007E3A34}.Debug|Win32.ActiveCfg = Debug|Win32
		{C196E844-E8B2-4226-B949-5898007E3A34}.Debug|Win32.Build.0 = Debug|Win32
		{C196E844-E8B2-4226-B949-5898007E3A34}.Release|Win32.ActiveCfg = Release|Win32
		{C196E844-E8B2-4226-B949-5898007E3A34}.Release|Win32.Build.0 = Release|Win32
		{B840E617-C94F-4E23-BEBA-4A9F3FBD92DB}.Debug|Win32.ActiveCfg = Debug|Win32
		{B840E617-C94F-4E23-BEBA-4A9F3FBD92DB}.Debug|Win32.Build.0 = Debug|Win32
		{B840E617-C94F-4E23-BEBA-4A9F3FBD92DB}.Release|Win32.ActiveCfg = Release|Win32
		{B840E617-C94F-4E23-BEBA-4A9F3FBD92DB}.Release|Win32.Build.0 = Release|Win32
		{C8A43164-7819-4EDE-805F-7C02097B3B99}.Debug|Win32.ActiveCfg = Debug|Win32
		{C8A43164-7819-4EDE-805F-7C02097B3B99}.Debug|Win32.Build.0 = Debug|Win32
		{C8A43164-7819-4EDE-805F-7C02097B3B99}.Release|Win32.ActiveCfg = Release|Win32
		{C8A43164-7819-4EDE-805F-7C02097B3B99}.Release|Win32.Build.0 = Release|Win32
		{45604865-D231-47BF-8E23-86D694AF3BA3}.Debug|Win32.ActiveCfg = Debug|Win32
		{45604865-D231-47BF-8E23-86D694AF3BA3}.Debug|Win32.Build.0 = Debug|Win32
		{45604865-D231-47BF-8E23-86D694AF3BA3}.Release|Win32.ActiveCfg = Release|Win32
		{45604865-D231-47BF-8E23-86D694AF3BA3}.Release|Win32.Build.0 = Release|Win32
		{D21428C0-F639-4410-9A29-421493E0F217}.Debug|Win32.ActiveCfg = Debug|Win32
		{D21428C0-F639-4410-9A29-421493E0F217}.Debug|Win32.Build.0 = Debug|Win32
		{D21428C0-F639-4410-9A29-421493E0F217}.Release|Win32.ActiveCfg = Release|Win32
		{31607A09-F8CA-43B3-9195-C1D5FB18E0D7}.Debug|Win32.ActiveCfg = Debug|Win32
		{31607A09-F8CA-43B3-9195-C1D5FB18E0D7}.Debug|Win32.Build.0 = Debug|Win32
		{31607A09-F8CA-43B3-9195-C1D5FB18E0D7}.Release|Win32.ActiveCfg = Release|Win32
		{31607A09-F8CA-43B3-9195-C1D5FB18E0D7}.Release|Win32.Build.0 = Release|Win32
	EndGlobalSection
	GlobalSection(SolutionProperties) = preSolution
		HideSolutionNode = FALSE
	EndGlobalSection
EndGlobal
