
Microsoft Visual Studio Solution File, Format Version 10.00
# Visual Studio 2008
Project("{8BC9CEB8-8B4A-11D0-8D11-00A0C91BC942}") = "ODBCDriver", "Src\Driver\ODBCDriver.vcproj", "{B09BDED0-A3DC-41A0-A85E-5956743B0CAB}"
EndProject
Project("{8BC9CEB8-8B4A-11D0-8D11-00A0C91BC942}") = "UnitTest", "Src\UnitTest\UnitTest.vcproj", "{B488DB25-E885-4267-99D6-C119DFFCE3FD}"
	ProjectSection(ProjectDependencies) = postProject
		{B09BDED0-A3DC-41A0-A85E-5956743B0CAB} = {B09BDED0-A3DC-41A0-A85E-5956743B0CAB}
	EndProjectSection
EndProject
Project("{8BC9CEB8-8B4A-11D0-8D11-00A0C91BC942}") = "ODBCSetup", "Src\Setup\ODBCSetup.vcproj", "{FC53868A-2D34-4A9C-A982-5A684D51AA57}"
EndProject
Global
	GlobalSection(SolutionConfigurationPlatforms) = preSolution
		Debug|Win32 = Debug|Win32
		Release|Win32 = Release|Win32
	EndGlobalSection
	GlobalSection(ProjectConfigurationPlatforms) = postSolution
		{B09BDED0-A3DC-41A0-A85E-5956743B0CAB}.Debug|Win32.ActiveCfg = Debug|Win32
		{B09BDED0-A3DC-41A0-A85E-5956743B0CAB}.Debug|Win32.Build.0 = Debug|Win32
		{B09BDED0-A3DC-41A0-A85E-5956743B0CAB}.Release|Win32.ActiveCfg = Release|Win32
		{B09BDED0-A3DC-41A0-A85E-5956743B0CAB}.Release|Win32.Build.0 = Release|Win32
		{B488DB25-E885-4267-99D6-C119DFFCE3FD}.Debug|Win32.ActiveCfg = Debug|Win32
		{B488DB25-E885-4267-99D6-C119DFFCE3FD}.Debug|Win32.Build.0 = Debug|Win32
		{B488DB25-E885-4267-99D6-C119DFFCE3FD}.Release|Win32.ActiveCfg = Release|Win32
		{B488DB25-E885-4267-99D6-C119DFFCE3FD}.Release|Win32.Build.0 = Release|Win32
		{FC53868A-2D34-4A9C-A982-5A684D51AA57}.Debug|Win32.ActiveCfg = Debug|Win32
		{FC53868A-2D34-4A9C-A982-5A684D51AA57}.Debug|Win32.Build.0 = Debug|Win32
		{FC53868A-2D34-4A9C-A982-5A684D51AA57}.Release|Win32.ActiveCfg = Release|Win32
		{FC53868A-2D34-4A9C-A982-5A684D51AA57}.Release|Win32.Build.0 = Release|Win32
	EndGlobalSection
	GlobalSection(SolutionProperties) = preSolution
		HideSolutionNode = FALSE
	EndGlobalSection
EndGlobal
