Microsoft Visual Studio Solution File, Format Version 10.00
# Visual Studio 2008
Project("{8BC9CEB8-8B4A-11D0-8D11-00A0C91BC942}") = "Provider", "Provider\ArcSDEProvider.vcproj", "{6C04EF62-A3C2-4C4C-9BAB-30BE6AFC5762}"
	ProjectSection(ProjectDependencies) = postProject
		{B840E617-C94F-4E23-BEBA-4A9F3FBD92DB} = {B840E617-C94F-4E23-BEBA-4A9F3FBD92DB}
		{34FF1437-0853-44D4-B786-48ACB3AACBB5} = {34FF1437-0853-44D4-B786-48ACB3AACBB5}
		{9037A345-04EB-418C-98D0-3D5B19FC9D55} = {9037A345-04EB-418C-98D0-3D5B19FC9D55}
		{F427CD47-243B-4770-B25B-366445061E35} = {F427CD47-243B-4770-B25B-366445061E35}
		{79FCD9D7-26AD-458E-821B-64D343D7247E} = {79FCD9D7-26AD-458E-821B-64D343D7247E}
	EndProjectSection
EndProject
Project("{8BC9CEB8-8B4A-11D0-8D11-00A0C91BC942}") = "Message", "Message\ArcSDEMessage.vcproj", "{B840E617-C94F-4E23-BEBA-4A9F3FBD92DB}"
EndProject
Project("{8BC9CEB8-8B4A-11D0-8D11-00A0C91BC942}") = "Common", "..\..\..\Utilities\Common\FdoCommon.vcproj", "{9037A345-04EB-418C-98D0-3D5B19FC9D55}"
EndProject
Project("{8BC9CEB8-8B4A-11D0-8D11-00A0C91BC942}") = "UnitTest", "UnitTest\UnitTest.vcproj", "{02AF5684-A940-41EE-A372-E1639768414A}"
	ProjectSection(ProjectDependencies) = postProject
		{31607A09-F8CA-43B3-9195-C1D5FB18E0D7} = {31607A09-F8CA-43B3-9195-C1D5FB18E0D7}
		{B840E617-C94F-4E23-BEBA-4A9F3FBD92DB} = {B840E617-C94F-4E23-BEBA-4A9F3FBD92DB}
		{9037A345-04EB-418C-98D0-3D5B19FC9D55} = {9037A345-04EB-418C-98D0-3D5B19FC9D55}
		{F427CD47-243B-4770-B25B-366445061E35} = {F427CD47-243B-4770-B25B-366445061E35}
		{6C04EF62-A3C2-4C4C-9BAB-30BE6AFC5762} = {6C04EF62-A3C2-4C4C-9BAB-30BE6AFC5762}
		{79FCD9D7-26AD-458E-821B-64D343D7247E} = {79FCD9D7-26AD-458E-821B-64D343D7247E}
	EndProjectSection
EndProject
Project("{8BC9CEB8-8B4A-11D0-8D11-00A0C91BC942}") = "Provider91", "Provider\ArcSDEProvider91.vcproj", "{79FCD9D7-26AD-458E-821B-64D343D7247E}"
	ProjectSection(ProjectDependencies) = postProject
		{B840E617-C94F-4E23-BEBA-4A9F3FBD92DB} = {B840E617-C94F-4E23-BEBA-4A9F3FBD92DB}
		{34FF1437-0853-44D4-B786-48ACB3AACBB5} = {34FF1437-0853-44D4-B786-48ACB3AACBB5}
		{9037A345-04EB-418C-98D0-3D5B19FC9D55} = {9037A345-04EB-418C-98D0-3D5B19FC9D55}
	EndProjectSection
EndProject
Project("{8BC9CEB8-8B4A-11D0-8D11-00A0C91BC942}") = "Provider92", "Provider\ArcSDEProvider92.vcproj", "{F427CD47-243B-4770-B25B-366445061E35}"
	ProjectSection(ProjectDependencies) = postProject
		{B840E617-C94F-4E23-BEBA-4A9F3FBD92DB} = {B840E617-C94F-4E23-BEBA-4A9F3FBD92DB}
		{34FF1437-0853-44D4-B786-48ACB3AACBB5} = {34FF1437-0853-44D4-B786-48ACB3AACBB5}
		{9037A345-04EB-418C-98D0-3D5B19FC9D55} = {9037A345-04EB-418C-98D0-3D5B19FC9D55}
	EndProjectSection
EndProject
Project("{8BC9CEB8-8B4A-11D0-8D11-00A0C91BC942}") = "ExpressionEngine", "..\..\..\Utilities\ExpressionEngine\ExpressionEngine.vcproj", "{34FF1437-0853-44D4-B786-48ACB3AACBB5}"
	ProjectSection(ProjectDependencies) = postProject
		{9037A345-04EB-418C-98D0-3D5B19FC9D55} = {9037A345-04EB-418C-98D0-3D5B19FC9D55}
	EndProjectSection
EndProject
Project("{8BC9CEB8-8B4A-11D0-8D11-00A0C91BC942}") = "TestCommon", "..\..\..\Utilities\TestCommon\TestCommon.vcproj", "{31607A09-F8CA-43B3-9195-C1D5FB18E0D7}"
EndProject
Global
	GlobalSection(SolutionConfigurationPlatforms) = preSolution
		Debug|Win32 = Debug|Win32
		Debug|x64 = Debug|x64
		Debug91Only|Win32 = Debug91Only|Win32
		Debug91Only|x64 = Debug91Only|x64
		Debug92Only|Win32 = Debug92Only|Win32
		Debug92Only|x64 = Debug92Only|x64
		Release|Win32 = Release|Win32
		Release|x64 = Release|x64
		Release91Only|Win32 = Release91Only|Win32
		Release91Only|x64 = Release91Only|x64
		Release92Only|Win32 = Release92Only|Win32
		Release92Only|x64 = Release92Only|x64
	EndGlobalSection
	GlobalSection(ProjectConfigurationPlatforms) = postSolution
		{6C04EF62-A3C2-4C4C-9BAB-30BE6AFC5762}.Debug|Win32.ActiveCfg = Debug|Win32
		{6C04EF62-A3C2-4C4C-9BAB-30BE6AFC5762}.Debug|Win32.Build.0 = Debug|Win32
		{6C04EF62-A3C2-4C4C-9BAB-30BE6AFC5762}.Debug|x64.ActiveCfg = Debug|Win32
		{6C04EF62-A3C2-4C4C-9BAB-30BE6AFC5762}.Debug91Only|Win32.ActiveCfg = Debug91Only|Win32
		{6C04EF62-A3C2-4C4C-9BAB-30BE6AFC5762}.Debug91Only|Win32.Build.0 = Debug91Only|Win32
		{6C04EF62-A3C2-4C4C-9BAB-30BE6AFC5762}.Debug91Only|x64.ActiveCfg = Debug91Only|Win32
		{6C04EF62-A3C2-4C4C-9BAB-30BE6AFC5762}.Debug92Only|Win32.ActiveCfg = Debug92Only|Win32
		{6C04EF62-A3C2-4C4C-9BAB-30BE6AFC5762}.Debug92Only|Win32.Build.0 = Debug92Only|Win32
		{6C04EF62-A3C2-4C4C-9BAB-30BE6AFC5762}.Debug92Only|x64.ActiveCfg = Debug92Only|Win32
		{6C04EF62-A3C2-4C4C-9BAB-30BE6AFC5762}.Release|Win32.ActiveCfg = Release|Win32
		{6C04EF62-A3C2-4C4C-9BAB-30BE6AFC5762}.Release|Win32.Build.0 = Release|Win32
		{6C04EF62-A3C2-4C4C-9BAB-30BE6AFC5762}.Release|x64.ActiveCfg = Release|Win32
		{6C04EF62-A3C2-4C4C-9BAB-30BE6AFC5762}.Release91Only|Win32.ActiveCfg = Release91Only|Win32
		{6C04EF62-A3C2-4C4C-9BAB-30BE6AFC5762}.Release91Only|Win32.Build.0 = Release91Only|Win32
		{6C04EF62-A3C2-4C4C-9BAB-30BE6AFC5762}.Release91Only|x64.ActiveCfg = Release91Only|Win32
		{6C04EF62-A3C2-4C4C-9BAB-30BE6AFC5762}.Release92Only|Win32.ActiveCfg = Release92Only|Win32
		{6C04EF62-A3C2-4C4C-9BAB-30BE6AFC5762}.Release92Only|Win32.Build.0 = Release92Only|Win32
		{6C04EF62-A3C2-4C4C-9BAB-30BE6AFC5762}.Release92Only|x64.ActiveCfg = Release92Only|Win32
		{B840E617-C94F-4E23-BEBA-4A9F3FBD92DB}.Debug|Win32.ActiveCfg = Debug|Win32
		{B840E617-C94F-4E23-BEBA-4A9F3FBD92DB}.Debug|Win32.Build.0 = Debug|Win32
		{B840E617-C94F-4E23-BEBA-4A9F3FBD92DB}.Debug|x64.ActiveCfg = Debug|Win32
		{B840E617-C94F-4E23-BEBA-4A9F3FBD92DB}.Debug91Only|Win32.ActiveCfg = Debug|Win32
		{B840E617-C94F-4E23-BEBA-4A9F3FBD92DB}.Debug91Only|Win32.Build.0 = Debug|Win32
		{B840E617-C94F-4E23-BEBA-4A9F3FBD92DB}.Debug91Only|x64.ActiveCfg = Debug91Only|Win32
		{B840E617-C94F-4E23-BEBA-4A9F3FBD92DB}.Debug92Only|Win32.ActiveCfg = Debug|Win32
		{B840E617-C94F-4E23-BEBA-4A9F3FBD92DB}.Debug92Only|Win32.Build.0 = Debug|Win32
		{B840E617-C94F-4E23-BEBA-4A9F3FBD92DB}.Debug92Only|x64.ActiveCfg = Debug92Only|Win32
		{B840E617-C94F-4E23-BEBA-4A9F3FBD92DB}.Release|Win32.ActiveCfg = Release|Win32
		{B840E617-C94F-4E23-BEBA-4A9F3FBD92DB}.Release|Win32.Build.0 = Release|Win32
		{B840E617-C94F-4E23-BEBA-4A9F3FBD92DB}.Release|x64.ActiveCfg = Release|Win32
		{B840E617-C94F-4E23-BEBA-4A9F3FBD92DB}.Release91Only|Win32.ActiveCfg = Release|Win32
		{B840E617-C94F-4E23-BEBA-4A9F3FBD92DB}.Release91Only|Win32.Build.0 = Release|Win32
		{B840E617-C94F-4E23-BEBA-4A9F3FBD92DB}.Release91Only|x64.ActiveCfg = Release91Only|Win32
		{B840E617-C94F-4E23-BEBA-4A9F3FBD92DB}.Release92Only|Win32.ActiveCfg = Release|Win32
		{B840E617-C94F-4E23-BEBA-4A9F3FBD92DB}.Release92Only|Win32.Build.0 = Release|Win32
		{B840E617-C94F-4E23-BEBA-4A9F3FBD92DB}.Release92Only|x64.ActiveCfg = Release92Only|Win32
		{9037A345-04EB-418C-98D0-3D5B19FC9D55}.Debug|Win32.ActiveCfg = Debug|Win32
		{9037A345-04EB-418C-98D0-3D5B19FC9D55}.Debug|Win32.Build.0 = Debug|Win32
		{9037A345-04EB-418C-98D0-3D5B19FC9D55}.Debug|x64.ActiveCfg = Debug|x64
		{9037A345-04EB-418C-98D0-3D5B19FC9D55}.Debug|x64.Build.0 = Debug|x64
		{9037A345-04EB-418C-98D0-3D5B19FC9D55}.Debug91Only|Win32.ActiveCfg = Debug|Win32
		{9037A345-04EB-418C-98D0-3D5B19FC9D55}.Debug91Only|Win32.Build.0 = Debug|Win32
		{9037A345-04EB-418C-98D0-3D5B19FC9D55}.Debug91Only|x64.ActiveCfg = Debug91Only|Win32
		{9037A345-04EB-418C-98D0-3D5B19FC9D55}.Debug92Only|Win32.ActiveCfg = Debug|Win32
		{9037A345-04EB-418C-98D0-3D5B19FC9D55}.Debug92Only|Win32.Build.0 = Debug|Win32
		{9037A345-04EB-418C-98D0-3D5B19FC9D55}.Debug92Only|x64.ActiveCfg = Debug92Only|Win32
		{9037A345-04EB-418C-98D0-3D5B19FC9D55}.Release|Win32.ActiveCfg = Release|Win32
		{9037A345-04EB-418C-98D0-3D5B19FC9D55}.Release|Win32.Build.0 = Release|Win32
		{9037A345-04EB-418C-98D0-3D5B19FC9D55}.Release|x64.ActiveCfg = Release|x64
		{9037A345-04EB-418C-98D0-3D5B19FC9D55}.Release|x64.Build.0 = Release|x64
		{9037A345-04EB-418C-98D0-3D5B19FC9D55}.Release91Only|Win32.ActiveCfg = Release|Win32
		{9037A345-04EB-418C-98D0-3D5B19FC9D55}.Release91Only|Win32.Build.0 = Release|Win32
		{9037A345-04EB-418C-98D0-3D5B19FC9D55}.Release91Only|x64.ActiveCfg = Release91Only|Win32
		{9037A345-04EB-418C-98D0-3D5B19FC9D55}.Release92Only|Win32.ActiveCfg = Release|Win32
		{9037A345-04EB-418C-98D0-3D5B19FC9D55}.Release92Only|Win32.Build.0 = Release|Win32
		{9037A345-04EB-418C-98D0-3D5B19FC9D55}.Release92Only|x64.ActiveCfg = Release92Only|Win32
		{02AF5684-A940-41EE-A372-E1639768414A}.Debug|Win32.ActiveCfg = Debug|Win32
		{02AF5684-A940-41EE-A372-E1639768414A}.Debug|Win32.Build.0 = Debug|Win32
		{02AF5684-A940-41EE-A372-E1639768414A}.Debug|x64.ActiveCfg = Debug|Win32
		{02AF5684-A940-41EE-A372-E1639768414A}.Debug91Only|Win32.ActiveCfg = Debug91Only|Win32
		{02AF5684-A940-41EE-A372-E1639768414A}.Debug91Only|Win32.Build.0 = Debug91Only|Win32
		{02AF5684-A940-41EE-A372-E1639768414A}.Debug91Only|x64.ActiveCfg = Debug91Only|Win32
		{02AF5684-A940-41EE-A372-E1639768414A}.Debug92Only|Win32.ActiveCfg = Debug92Only|Win32
		{02AF5684-A940-41EE-A372-E1639768414A}.Debug92Only|Win32.Build.0 = Debug92Only|Win32
		{02AF5684-A940-41EE-A372-E1639768414A}.Debug92Only|x64.ActiveCfg = Debug92Only|Win32
		{02AF5684-A940-41EE-A372-E1639768414A}.Release|Win32.ActiveCfg = Release|Win32
		{02AF5684-A940-41EE-A372-E1639768414A}.Release|Win32.Build.0 = Release|Win32
		{02AF5684-A940-41EE-A372-E1639768414A}.Release|x64.ActiveCfg = Release|Win32
		{02AF5684-A940-41EE-A372-E1639768414A}.Release91Only|Win32.ActiveCfg = Release91Only|Win32
		{02AF5684-A940-41EE-A372-E1639768414A}.Release91Only|Win32.Build.0 = Release91Only|Win32
		{02AF5684-A940-41EE-A372-E1639768414A}.Release91Only|x64.ActiveCfg = Release91Only|Win32
		{02AF5684-A940-41EE-A372-E1639768414A}.Release92Only|Win32.ActiveCfg = Release92Only|Win32
		{02AF5684-A940-41EE-A372-E1639768414A}.Release92Only|Win32.Build.0 = Release92Only|Win32
		{02AF5684-A940-41EE-A372-E1639768414A}.Release92Only|x64.ActiveCfg = Release92Only|Win32
		{79FCD9D7-26AD-458E-821B-64D343D7247E}.Debug|Win32.ActiveCfg = Debug|Win32
		{79FCD9D7-26AD-458E-821B-64D343D7247E}.Debug|Win32.Build.0 = Debug|Win32
		{79FCD9D7-26AD-458E-821B-64D343D7247E}.Debug|x64.ActiveCfg = Debug|Win32
		{79FCD9D7-26AD-458E-821B-64D343D7247E}.Debug91Only|Win32.ActiveCfg = Debug91Only|Win32
		{79FCD9D7-26AD-458E-821B-64D343D7247E}.Debug91Only|Win32.Build.0 = Debug91Only|Win32
		{79FCD9D7-26AD-458E-821B-64D343D7247E}.Debug91Only|x64.ActiveCfg = Debug91Only|Win32
		{79FCD9D7-26AD-458E-821B-64D343D7247E}.Debug92Only|Win32.ActiveCfg = Debug92Only|Win32
		{79FCD9D7-26AD-458E-821B-64D343D7247E}.Debug92Only|x64.ActiveCfg = Debug92Only|Win32
		{79FCD9D7-26AD-458E-821B-64D343D7247E}.Release|Win32.ActiveCfg = Release|Win32
		{79FCD9D7-26AD-458E-821B-64D343D7247E}.Release|Win32.Build.0 = Release|Win32
		{79FCD9D7-26AD-458E-821B-64D343D7247E}.Release|x64.ActiveCfg = Release|Win32
		{79FCD9D7-26AD-458E-821B-64D343D7247E}.Release91Only|Win32.ActiveCfg = Release91Only|Win32
		{79FCD9D7-26AD-458E-821B-64D343D7247E}.Release91Only|Win32.Build.0 = Release91Only|Win32
		{79FCD9D7-26AD-458E-821B-64D343D7247E}.Release91Only|x64.ActiveCfg = Release91Only|Win32
		{79FCD9D7-26AD-458E-821B-64D343D7247E}.Release92Only|Win32.ActiveCfg = Release92Only|Win32
		{79FCD9D7-26AD-458E-821B-64D343D7247E}.Release92Only|x64.ActiveCfg = Release92Only|Win32
		{F427CD47-243B-4770-B25B-366445061E35}.Debug|Win32.ActiveCfg = Debug|Win32
		{F427CD47-243B-4770-B25B-366445061E35}.Debug|Win32.Build.0 = Debug|Win32
		{F427CD47-243B-4770-B25B-366445061E35}.Debug|x64.ActiveCfg = Debug|Win32
		{F427CD47-243B-4770-B25B-366445061E35}.Debug91Only|Win32.ActiveCfg = Debug91Only|Win32
		{F427CD47-243B-4770-B25B-366445061E35}.Debug91Only|x64.ActiveCfg = Debug91Only|Win32
		{F427CD47-243B-4770-B25B-366445061E35}.Debug92Only|Win32.ActiveCfg = Debug92Only|Win32
		{F427CD47-243B-4770-B25B-366445061E35}.Debug92Only|Win32.Build.0 = Debug92Only|Win32
		{F427CD47-243B-4770-B25B-366445061E35}.Debug92Only|x64.ActiveCfg = Debug92Only|Win32
		{F427CD47-243B-4770-B25B-366445061E35}.Release|Win32.ActiveCfg = Release|Win32
		{F427CD47-243B-4770-B25B-366445061E35}.Release|Win32.Build.0 = Release|Win32
		{F427CD47-243B-4770-B25B-366445061E35}.Release|x64.ActiveCfg = Release|Win32
		{F427CD47-243B-4770-B25B-366445061E35}.Release91Only|Win32.ActiveCfg = Release91Only|Win32
		{F427CD47-243B-4770-B25B-366445061E35}.Release91Only|x64.ActiveCfg = Release91Only|Win32
		{F427CD47-243B-4770-B25B-366445061E35}.Release92Only|Win32.ActiveCfg = Release92Only|Win32
		{F427CD47-243B-4770-B25B-366445061E35}.Release92Only|Win32.Build.0 = Release92Only|Win32
		{F427CD47-243B-4770-B25B-366445061E35}.Release92Only|x64.ActiveCfg = Release92Only|Win32
		{34FF1437-0853-44D4-B786-48ACB3AACBB5}.Debug|Win32.ActiveCfg = Debug|Win32
		{34FF1437-0853-44D4-B786-48ACB3AACBB5}.Debug|Win32.Build.0 = Debug|Win32
		{34FF1437-0853-44D4-B786-48ACB3AACBB5}.Debug|x64.ActiveCfg = Debug|x64
		{34FF1437-0853-44D4-B786-48ACB3AACBB5}.Debug|x64.Build.0 = Debug|x64
		{34FF1437-0853-44D4-B786-48ACB3AACBB5}.Debug91Only|Win32.ActiveCfg = Debug|Win32
		{34FF1437-0853-44D4-B786-48ACB3AACBB5}.Debug91Only|Win32.Build.0 = Debug|Win32
		{34FF1437-0853-44D4-B786-48ACB3AACBB5}.Debug91Only|x64.ActiveCfg = Debug|x64
		{34FF1437-0853-44D4-B786-48ACB3AACBB5}.Debug91Only|x64.Build.0 = Debug|x64
		{34FF1437-0853-44D4-B786-48ACB3AACBB5}.Debug92Only|Win32.ActiveCfg = Debug|Win32
		{34FF1437-0853-44D4-B786-48ACB3AACBB5}.Debug92Only|Win32.Build.0 = Debug|Win32
		{34FF1437-0853-44D4-B786-48ACB3AACBB5}.Debug92Only|x64.ActiveCfg = Debug|x64
		{34FF1437-0853-44D4-B786-48ACB3AACBB5}.Debug92Only|x64.Build.0 = Debug|x64
		{34FF1437-0853-44D4-B786-48ACB3AACBB5}.Release|Win32.ActiveCfg = Release|Win32
		{34FF1437-0853-44D4-B786-48ACB3AACBB5}.Release|Win32.Build.0 = Release|Win32
		{34FF1437-0853-44D4-B786-48ACB3AACBB5}.Release|x64.ActiveCfg = Release|x64
		{34FF1437-0853-44D4-B786-48ACB3AACBB5}.Release|x64.Build.0 = Release|x64
		{34FF1437-0853-44D4-B786-48ACB3AACBB5}.Release91Only|Win32.ActiveCfg = Release|Win32
		{34FF1437-0853-44D4-B786-48ACB3AACBB5}.Release91Only|Win32.Build.0 = Release|Win32
		{34FF1437-0853-44D4-B786-48ACB3AACBB5}.Release91Only|x64.ActiveCfg = Release|x64
		{34FF1437-0853-44D4-B786-48ACB3AACBB5}.Release91Only|x64.Build.0 = Release|x64
		{34FF1437-0853-44D4-B786-48ACB3AACBB5}.Release92Only|Win32.ActiveCfg = Release|Win32
		{34FF1437-0853-44D4-B786-48ACB3AACBB5}.Release92Only|Win32.Build.0 = Release|Win32
		{34FF1437-0853-44D4-B786-48ACB3AACBB5}.Release92Only|x64.ActiveCfg = Release|x64
		{34FF1437-0853-44D4-B786-48ACB3AACBB5}.Release92Only|x64.Build.0 = Release|x64
		{31607A09-F8CA-43B3-9195-C1D5FB18E0D7}.Debug|Win32.ActiveCfg = Debug|Win32
		{31607A09-F8CA-43B3-9195-C1D5FB18E0D7}.Debug|Win32.Build.0 = Debug|Win32
		{31607A09-F8CA-43B3-9195-C1D5FB18E0D7}.Debug|x64.ActiveCfg = Debug|x64
		{31607A09-F8CA-43B3-9195-C1D5FB18E0D7}.Debug|x64.Build.0 = Debug|x64
		{31607A09-F8CA-43B3-9195-C1D5FB18E0D7}.Debug91Only|Win32.ActiveCfg = Debug|Win32
		{31607A09-F8CA-43B3-9195-C1D5FB18E0D7}.Debug91Only|Win32.Build.0 = Debug|Win32
		{31607A09-F8CA-43B3-9195-C1D5FB18E0D7}.Debug91Only|x64.ActiveCfg = Debug|x64
		{31607A09-F8CA-43B3-9195-C1D5FB18E0D7}.Debug91Only|x64.Build.0 = Debug|x64
		{31607A09-F8CA-43B3-9195-C1D5FB18E0D7}.Debug92Only|Win32.ActiveCfg = Debug|Win32
		{31607A09-F8CA-43B3-9195-C1D5FB18E0D7}.Debug92Only|Win32.Build.0 = Debug|Win32
		{31607A09-F8CA-43B3-9195-C1D5FB18E0D7}.Debug92Only|x64.ActiveCfg = Debug|x64
		{31607A09-F8CA-43B3-9195-C1D5FB18E0D7}.Debug92Only|x64.Build.0 = Debug|x64
		{31607A09-F8CA-43B3-9195-C1D5FB18E0D7}.Release|Win32.ActiveCfg = Release|Win32
		{31607A09-F8CA-43B3-9195-C1D5FB18E0D7}.Release|Win32.Build.0 = Release|Win32
		{31607A09-F8CA-43B3-9195-C1D5FB18E0D7}.Release|x64.ActiveCfg = Release|x64
		{31607A09-F8CA-43B3-9195-C1D5FB18E0D7}.Release|x64.Build.0 = Release|x64
		{31607A09-F8CA-43B3-9195-C1D5FB18E0D7}.Release91Only|Win32.ActiveCfg = Release|Win32
		{31607A09-F8CA-43B3-9195-C1D5FB18E0D7}.Release91Only|Win32.Build.0 = Release|Win32
		{31607A09-F8CA-43B3-9195-C1D5FB18E0D7}.Release91Only|x64.ActiveCfg = Release|x64
		{31607A09-F8CA-43B3-9195-C1D5FB18E0D7}.Release91Only|x64.Build.0 = Release|x64
		{31607A09-F8CA-43B3-9195-C1D5FB18E0D7}.Release92Only|Win32.ActiveCfg = Release|Win32
		{31607A09-F8CA-43B3-9195-C1D5FB18E0D7}.Release92Only|Win32.Build.0 = Release|Win32
		{31607A09-F8CA-43B3-9195-C1D5FB18E0D7}.Release92Only|x64.ActiveCfg = Release|x64
		{31607A09-F8CA-43B3-9195-C1D5FB18E0D7}.Release92Only|x64.Build.0 = Release|x64
	EndGlobalSection
	GlobalSection(SolutionProperties) = preSolution
		HideSolutionNode = FALSE
	EndGlobalSection
EndGlobal
