<?xml version="1.0" encoding="utf-8"?>
<Project ToolsVersion="4.0" xmlns="http://schemas.microsoft.com/developer/msbuild/2003">
  <ItemGroup>
    <Filter Include="Source Files">
      <UniqueIdentifier>{5b9f564a-5144-452c-a415-b67e8c9ca9f4}</UniqueIdentifier>
      <Extensions>cpp;c;cxx;def;odl;idl;hpj;bat;asm</Extensions>
    </Filter>
    <Filter Include="Source Files\Parse">
      <UniqueIdentifier>{8c08f6e4-4d5e-48a6-866c-f1f5a0576827}</UniqueIdentifier>
    </Filter>
    <Filter Include="Header Files">
      <UniqueIdentifier>{115da6d5-89d1-4636-97d8-382f41720a32}</UniqueIdentifier>
      <Extensions>h;hpp;hxx;hm;inl;inc</Extensions>
    </Filter>
    <Filter Include="Header Files\Parse">
      <UniqueIdentifier>{4d2fef99-9ad1-474d-a523-43ef4bce899f}</UniqueIdentifier>
    </Filter>
    <Filter Include="Resource Files">
      <UniqueIdentifier>{99005eea-f6b6-47bc-8c9f-a1f73fe92d14}</UniqueIdentifier>
      <Extensions>rc;ico;cur;bmp;dlg;rc2;rct;bin;rgs;gif;jpg;jpeg;jpe</Extensions>
    </Filter>
    <Filter Include="Yacc Files">
      <UniqueIdentifier>{724ec4d6-a41b-4e6b-8389-c88e8140f3a8}</UniqueIdentifier>
    </Filter>
  </ItemGroup>
  <ItemGroup>
    <ClCompile Include="Src\FdoCommonBinaryReader.cpp">
      <Filter>Source Files</Filter>
    </ClCompile>
    <ClCompile Include="Src\FdoCommonBinaryWriter.cpp">
      <Filter>Source Files</Filter>
    </ClCompile>
    <ClCompile Include="Src\FdoCommonConnPropDictionary.cpp">
      <Filter>Source Files</Filter>
    </ClCompile>
    <ClCompile Include="Src\FdoCommonConnStringParser.cpp">
      <Filter>Source Files</Filter>
    </ClCompile>
    <ClCompile Include="Src\FdoCommonFile.cpp">
      <Filter>Source Files</Filter>
    </ClCompile>
    <ClCompile Include="Src\FdoCommonGeometryUtil.cpp">
      <Filter>Source Files</Filter>
    </ClCompile>
    <ClCompile Include="Src\FdoCommonMiscUtil.cpp">
      <Filter>Source Files</Filter>
    </ClCompile>
    <ClCompile Include="Src\FdoCommonNlsUtil.cpp">
      <Filter>Source Files</Filter>
    </ClCompile>
    <ClCompile Include="Src\FdoCommonOSUtil.cpp">
      <Filter>Source Files</Filter>
    </ClCompile>
    <ClCompile Include="Src\FdoCommonPropertyIndex.cpp">
      <Filter>Source Files</Filter>
    </ClCompile>
    <ClCompile Include="Src\FdoCommonSchemaUtil.cpp">
      <Filter>Source Files</Filter>
    </ClCompile>
    <ClCompile Include="Src\FdoCommonStringUtil.cpp">
      <Filter>Source Files</Filter>
    </ClCompile>
    <ClCompile Include="Src\FdoCommonThreadMutex.cpp">
      <Filter>Source Files</Filter>
    </ClCompile>
    <ClCompile Include="Src\FdoCommonThreadUtil.cpp">
      <Filter>Source Files</Filter>
    </ClCompile>
    <ClCompile Include="Src\FdoDefaultDataReader.cpp">
      <Filter>Source Files</Filter>
    </ClCompile>
    <ClCompile Include="Src\FdoDefaultFeatureReader.cpp">
      <Filter>Source Files</Filter>
    </ClCompile>
    <ClCompile Include="Src\FdoDefaultScrollableFeatureReader.cpp">
      <Filter>Source Files</Filter>
    </ClCompile>
    <ClCompile Include="Src\FdoDefaultSqlDataReader.cpp">
      <Filter>Source Files</Filter>
    </ClCompile>
    <ClCompile Include="Src\stdafx.cpp">
      <Filter>Source Files</Filter>
    </ClCompile>
    <ClCompile Include="Src\Parse\Lex.cpp">
      <Filter>Source Files\Parse</Filter>
    </ClCompile>
    <ClCompile Include="Src\Parse\Parse.cpp">
      <Filter>Source Files\Parse</Filter>
    </ClCompile>
    <ClCompile Include="Src\Parse\yyConstraintWin.cpp">
      <Filter>Source Files\Parse</Filter>
    </ClCompile>
  </ItemGroup>
  <ItemGroup>
    <ClInclude Include="Inc\FdoCommonBinaryReader.h">
      <Filter>Header Files</Filter>
    </ClInclude>
    <ClInclude Include="Inc\FdoCommonBinaryWriter.h">
      <Filter>Header Files</Filter>
    </ClInclude>
    <ClInclude Include="Inc\FdoCommonCommand.h">
      <Filter>Header Files</Filter>
    </ClInclude>
    <ClInclude Include="Inc\FdoCommonConnPropDictionary.h">
      <Filter>Header Files</Filter>
    </ClInclude>
    <ClInclude Include="Inc\FdoCommonConnStringParser.h">
      <Filter>Header Files</Filter>
    </ClInclude>
    <ClInclude Include="Inc\FdoCommonExpressionExecutor.h">
      <Filter>Header Files</Filter>
    </ClInclude>
    <ClInclude Include="Inc\FdoCommonFeatureCommand.h">
      <Filter>Header Files</Filter>
    </ClInclude>
    <ClInclude Include="Inc\FdoCommonFile.h">
      <Filter>Header Files</Filter>
    </ClInclude>
    <ClInclude Include="Inc\FdoCommonGeometryUtil.h">
      <Filter>Header Files</Filter>
    </ClInclude>
    <ClInclude Include="Inc\FdoCommonMiscUtil.h">
      <Filter>Header Files</Filter>
    </ClInclude>
    <ClInclude Include="Inc\FdoCommonNlsUtil.h">
      <Filter>Header Files</Filter>
    </ClInclude>
    <ClInclude Include="Inc\FdoCommonOSUtil.h">
      <Filter>Header Files</Filter>
    </ClInclude>
    <ClInclude Include="Inc\FdoCommonPropertyIndex.h">
      <Filter>Header Files</Filter>
    </ClInclude>
    <ClInclude Include="Inc\FdoCommonReader.h">
      <Filter>Header Files</Filter>
    </ClInclude>
    <ClInclude Include="Inc\FdoCommonSchemaUtil.h">
      <Filter>Header Files</Filter>
    </ClInclude>
    <ClInclude Include="Inc\FdoCommonStringUtil.h">
      <Filter>Header Files</Filter>
    </ClInclude>
    <ClInclude Include="Inc\FdoCommonThreadMutex.h">
      <Filter>Header Files</Filter>
    </ClInclude>
    <ClInclude Include="Inc\FdoCommonThreadUtil.h">
      <Filter>Header Files</Filter>
    </ClInclude>
    <ClInclude Include="Inc\FdoDefaultDataReader.h">
      <Filter>Header Files</Filter>
    </ClInclude>
    <ClInclude Include="Inc\FdoDefaultFeatureReader.h">
      <Filter>Header Files</Filter>
    </ClInclude>
    <ClInclude Include="Inc\FdoDefaultFeatureReaderImpl.h">
      <Filter>Header Files</Filter>
    </ClInclude>
    <ClInclude Include="Inc\FdoDefaultScrollableFeatureReader.h">
      <Filter>Header Files</Filter>
    </ClInclude>
    <ClInclude Include="Inc\FdoDefaultSqlDataReader.h">
      <Filter>Header Files</Filter>
    </ClInclude>
    <ClInclude Include="Inc\stdafx.h">
      <Filter>Header Files</Filter>
    </ClInclude>
    <ClInclude Include="Inc\Parse\Lex.h">
      <Filter>Header Files\Parse</Filter>
    </ClInclude>
    <ClInclude Include="Inc\Parse\Parse.h">
      <Filter>Header Files\Parse</Filter>
    </ClInclude>
    <ClInclude Include="Inc\Parse\Types.h">
      <Filter>Header Files\Parse</Filter>
    </ClInclude>
    <ClInclude Include="Inc\Parse\yyConstraintWin.h">
      <Filter>Header Files\Parse</Filter>
    </ClInclude>
    <ClInclude Include="Inc\FdoCommonHash.h">
      <Filter>Header Files</Filter>
    </ClInclude>
  </ItemGroup>
  <ItemGroup>
    <CustomBuild Include="Src\Parse\yyConstraint.y">
      <Filter>Yacc Files</Filter>
    </CustomBuild>
  </ItemGroup>
</Project>