<?xml version="1.0" encoding="utf-8"?>
<Project ToolsVersion="4.0" xmlns="http://schemas.microsoft.com/developer/msbuild/2003">
  <ItemGroup>
    <Filter Include="Source Files">
      <UniqueIdentifier>{4FC737F1-C7A5-4376-A066-2A32D752A2FF}</UniqueIdentifier>
      <Extensions>cpp;c;cc;cxx;def;odl;idl;hpj;bat;asm;asmx</Extensions>
    </Filter>
    <Filter Include="Source Files\Functions">
      <UniqueIdentifier>{614cf22e-abfa-460f-92f4-492873103b16}</UniqueIdentifier>
    </Filter>
    <Filter Include="Source Files\Functions\Aggregate">
      <UniqueIdentifier>{ad486973-3a4e-4335-9e91-29a32cc6074c}</UniqueIdentifier>
    </Filter>
    <Filter Include="Source Files\Functions\Numeric">
      <UniqueIdentifier>{2472bcd1-fe72-425c-9f89-5f69c85c4505}</UniqueIdentifier>
    </Filter>
    <Filter Include="Source Files\Functions\String">
      <UniqueIdentifier>{7e291336-8795-4755-8a93-bd5ee3685c33}</UniqueIdentifier>
    </Filter>
    <Filter Include="Source Files\Functions\Math">
      <UniqueIdentifier>{d15fb05c-286a-45d1-bde7-25947bf0584a}</UniqueIdentifier>
    </Filter>
    <Filter Include="Source Files\Functions\Date">
      <UniqueIdentifier>{17ef80f3-a465-4846-af2c-096e1b0635f0}</UniqueIdentifier>
    </Filter>
    <Filter Include="Source Files\Functions\Conversion">
      <UniqueIdentifier>{fa00dca6-5252-47d6-ad6d-38e0cabb0728}</UniqueIdentifier>
    </Filter>
    <Filter Include="Source Files\Functions\Geometry">
      <UniqueIdentifier>{60a25560-c3b2-4a1c-b858-2536b0108d73}</UniqueIdentifier>
    </Filter>
    <Filter Include="Source Files\Util">
      <UniqueIdentifier>{a037726a-88c0-408c-90cb-956ae54b28e0}</UniqueIdentifier>
    </Filter>
    <Filter Include="Header Files">
      <UniqueIdentifier>{93995380-89BD-4b04-88EB-625FBE52EBFB}</UniqueIdentifier>
      <Extensions>h;hpp;hxx;hm;inl;inc;xsd</Extensions>
    </Filter>
    <Filter Include="Header Files\Functions">
      <UniqueIdentifier>{dbc9d76b-5e03-4f56-bca2-347b4c499d1a}</UniqueIdentifier>
    </Filter>
    <Filter Include="Header Files\Functions\Aggregate">
      <UniqueIdentifier>{acaf842d-00b1-4f1d-9c86-00baeee60a43}</UniqueIdentifier>
    </Filter>
    <Filter Include="Header Files\Functions\Numeric">
      <UniqueIdentifier>{3fb9082f-3d17-4246-9954-9521491dd55e}</UniqueIdentifier>
    </Filter>
    <Filter Include="Header Files\Functions\String">
      <UniqueIdentifier>{d0391a7e-413d-42bb-8b9d-583d5d36638b}</UniqueIdentifier>
    </Filter>
    <Filter Include="Header Files\Functions\Math">
      <UniqueIdentifier>{5dd3cd6e-6d88-420b-84db-3c4a07063487}</UniqueIdentifier>
    </Filter>
    <Filter Include="Header Files\Functions\Date">
      <UniqueIdentifier>{2f3b5909-451a-418f-99b7-64bb94c9fcfc}</UniqueIdentifier>
    </Filter>
    <Filter Include="Header Files\Functions\Conversion">
      <UniqueIdentifier>{d841b09f-5ac4-43af-a2bf-9efd9501a683}</UniqueIdentifier>
    </Filter>
    <Filter Include="Header Files\Functions\Geometry">
      <UniqueIdentifier>{821fdf44-04d3-476f-b8f5-f214addb67b9}</UniqueIdentifier>
    </Filter>
    <Filter Include="Header Files\Util">
      <UniqueIdentifier>{44751aa3-a4ba-439a-8020-5961169b42bb}</UniqueIdentifier>
    </Filter>
  </ItemGroup>
  <ItemGroup>
    <ResourceCompile Include="Src\ExpressionEngine.rc">
      <Filter>Source Files</Filter>
    </ResourceCompile>
  </ItemGroup>
  <ItemGroup>
    <ClInclude Include="Src\ExpressionEngineInitializeClass.h">
      <Filter>Source Files</Filter>
    </ClInclude>
    <ClInclude Include="Src\resource.h">
      <Filter>Source Files</Filter>
    </ClInclude>
    <ClInclude Include="Src\stdafx.h">
      <Filter>Source Files</Filter>
    </ClInclude>
    <ClInclude Include="Inc\ExpressionEngine.h">
      <Filter>Header Files</Filter>
    </ClInclude>
    <ClInclude Include="inc\FdoExpressionEngine.h">
      <Filter>Header Files</Filter>
    </ClInclude>
    <ClInclude Include="Inc\FdoExpressionEngineCopyFilter.h">
      <Filter>Header Files</Filter>
    </ClInclude>
    <ClInclude Include="Inc\FdoExpressionEngineFilterProcessor.h">
      <Filter>Header Files</Filter>
    </ClInclude>
    <ClInclude Include="inc\FdoExpressionEngineFunctionCollection.h">
      <Filter>Header Files</Filter>
    </ClInclude>
    <ClInclude Include="inc\FdoExpressionEngineIAggregateFunction.h">
      <Filter>Header Files</Filter>
    </ClInclude>
    <ClInclude Include="inc\FdoExpressionEngineIFunction.h">
      <Filter>Header Files</Filter>
    </ClInclude>
    <ClInclude Include="inc\FdoExpressionEngineImp.h">
      <Filter>Header Files</Filter>
    </ClInclude>
    <ClInclude Include="inc\FdoExpressionEngineINonAggregateFunction.h">
      <Filter>Header Files</Filter>
    </ClInclude>
    <ClInclude Include="Inc\Functions\Aggregate\CacheValue.h">
      <Filter>Header Files\Functions\Aggregate</Filter>
    </ClInclude>
    <ClInclude Include="Inc\Functions\Aggregate\CacheValueCollection.h">
      <Filter>Header Files\Functions\Aggregate</Filter>
    </ClInclude>
    <ClInclude Include="Inc\Functions\Aggregate\FdoFunctionAvg.h">
      <Filter>Header Files\Functions\Aggregate</Filter>
    </ClInclude>
    <ClInclude Include="Inc\Functions\Aggregate\FdoFunctionCount.h">
      <Filter>Header Files\Functions\Aggregate</Filter>
    </ClInclude>
    <ClInclude Include="Inc\Functions\Aggregate\FdoFunctionMax.h">
      <Filter>Header Files\Functions\Aggregate</Filter>
    </ClInclude>
    <ClInclude Include="Inc\Functions\Aggregate\FdoFunctionMedian.h">
      <Filter>Header Files\Functions\Aggregate</Filter>
    </ClInclude>
    <ClInclude Include="Inc\Functions\Aggregate\FdoFunctionMin.h">
      <Filter>Header Files\Functions\Aggregate</Filter>
    </ClInclude>
    <ClInclude Include="Inc\Functions\Aggregate\FdoFunctionSpatialExtents.h">
      <Filter>Header Files\Functions\Aggregate</Filter>
    </ClInclude>
    <ClInclude Include="Inc\Functions\Aggregate\FdoFunctionStddev.h">
      <Filter>Header Files\Functions\Aggregate</Filter>
    </ClInclude>
    <ClInclude Include="Inc\Functions\Aggregate\FdoFunctionSum.h">
      <Filter>Header Files\Functions\Aggregate</Filter>
    </ClInclude>
    <ClInclude Include="Inc\Functions\Numeric\FdoFunctionCeil.h">
      <Filter>Header Files\Functions\Numeric</Filter>
    </ClInclude>
    <ClInclude Include="Inc\Functions\Numeric\FdoFunctionFloor.h">
      <Filter>Header Files\Functions\Numeric</Filter>
    </ClInclude>
    <ClInclude Include="Inc\Functions\Numeric\FdoFunctionRound.h">
      <Filter>Header Files\Functions\Numeric</Filter>
    </ClInclude>
    <ClInclude Include="Inc\Functions\Numeric\FdoFunctionSign.h">
      <Filter>Header Files\Functions\Numeric</Filter>
    </ClInclude>
    <ClInclude Include="Inc\Functions\Numeric\FdoFunctionTrunc.h">
      <Filter>Header Files\Functions\Numeric</Filter>
    </ClInclude>
    <ClInclude Include="Inc\Functions\String\FdoFunctionConcat.h">
      <Filter>Header Files\Functions\String</Filter>
    </ClInclude>
    <ClInclude Include="Inc\Functions\String\FdoFunctionInstr.h">
      <Filter>Header Files\Functions\String</Filter>
    </ClInclude>
    <ClInclude Include="Inc\Functions\String\FdoFunctionLength.h">
      <Filter>Header Files\Functions\String</Filter>
    </ClInclude>
    <ClInclude Include="Inc\Functions\String\FdoFunctionLower.h">
      <Filter>Header Files\Functions\String</Filter>
    </ClInclude>
    <ClInclude Include="Inc\Functions\String\FdoFunctionLpad.h">
      <Filter>Header Files\Functions\String</Filter>
    </ClInclude>
    <ClInclude Include="Inc\Functions\String\FdoFunctionLtrim.h">
      <Filter>Header Files\Functions\String</Filter>
    </ClInclude>
    <ClInclude Include="Inc\Functions\String\FdoFunctionRpad.h">
      <Filter>Header Files\Functions\String</Filter>
    </ClInclude>
    <ClInclude Include="Inc\Functions\String\FdoFunctionRtrim.h">
      <Filter>Header Files\Functions\String</Filter>
    </ClInclude>
    <ClInclude Include="Inc\Functions\String\FdoFunctionSoundex.h">
      <Filter>Header Files\Functions\String</Filter>
    </ClInclude>
    <ClInclude Include="Inc\Functions\String\FdoFunctionSubstr.h">
      <Filter>Header Files\Functions\String</Filter>
    </ClInclude>
    <ClInclude Include="Inc\Functions\String\FdoFunctionTranslate.h">
      <Filter>Header Files\Functions\String</Filter>
    </ClInclude>
    <ClInclude Include="Inc\Functions\String\FdoFunctionTrim.h">
      <Filter>Header Files\Functions\String</Filter>
    </ClInclude>
    <ClInclude Include="Inc\Functions\String\FdoFunctionUpper.h">
      <Filter>Header Files\Functions\String</Filter>
    </ClInclude>
    <ClInclude Include="Inc\Functions\Math\FdoFunctionAbs.h">
      <Filter>Header Files\Functions\Math</Filter>
    </ClInclude>
    <ClInclude Include="Inc\Functions\Math\FdoFunctionAcos.h">
      <Filter>Header Files\Functions\Math</Filter>
    </ClInclude>
    <ClInclude Include="Inc\Functions\Math\FdoFunctionAsin.h">
      <Filter>Header Files\Functions\Math</Filter>
    </ClInclude>
    <ClInclude Include="Inc\Functions\Math\FdoFunctionAtan.h">
      <Filter>Header Files\Functions\Math</Filter>
    </ClInclude>
    <ClInclude Include="Inc\Functions\Math\FdoFunctionAtan2.h">
      <Filter>Header Files\Functions\Math</Filter>
    </ClInclude>
    <ClInclude Include="Inc\Functions\Math\FdoFunctionCos.h">
      <Filter>Header Files\Functions\Math</Filter>
    </ClInclude>
    <ClInclude Include="Inc\Functions\Math\FdoFunctionExp.h">
      <Filter>Header Files\Functions\Math</Filter>
    </ClInclude>
    <ClInclude Include="Inc\Functions\Math\FdoFunctionLn.h">
      <Filter>Header Files\Functions\Math</Filter>
    </ClInclude>
    <ClInclude Include="Inc\Functions\Math\FdoFunctionLog.h">
      <Filter>Header Files\Functions\Math</Filter>
    </ClInclude>
    <ClInclude Include="Inc\Functions\Math\FdoFunctionMod.h">
      <Filter>Header Files\Functions\Math</Filter>
    </ClInclude>
    <ClInclude Include="Inc\Functions\Math\FdoFunctionPower.h">
      <Filter>Header Files\Functions\Math</Filter>
    </ClInclude>
    <ClInclude Include="Inc\Functions\Math\FdoFunctionRemainder.h">
      <Filter>Header Files\Functions\Math</Filter>
    </ClInclude>
    <ClInclude Include="Inc\Functions\Math\FdoFunctionSin.h">
      <Filter>Header Files\Functions\Math</Filter>
    </ClInclude>
    <ClInclude Include="Inc\Functions\Math\FdoFunctionSqrt.h">
      <Filter>Header Files\Functions\Math</Filter>
    </ClInclude>
    <ClInclude Include="Inc\Functions\Math\FdoFunctionTan.h">
      <Filter>Header Files\Functions\Math</Filter>
    </ClInclude>
    <ClInclude Include="Inc\Functions\Date\FdoFunctionAddMonths.h">
      <Filter>Header Files\Functions\Date</Filter>
    </ClInclude>
    <ClInclude Include="Inc\Functions\Date\FdoFunctionCurrentDate.h">
      <Filter>Header Files\Functions\Date</Filter>
    </ClInclude>
    <ClInclude Include="Inc\Functions\Date\FdoFunctionExtract.h">
      <Filter>Header Files\Functions\Date</Filter>
    </ClInclude>
    <ClInclude Include="Inc\Functions\Date\FdoFunctionExtractToDouble.h">
      <Filter>Header Files\Functions\Date</Filter>
    </ClInclude>
    <ClInclude Include="Inc\Functions\Date\FdoFunctionExtractToInt.h">
      <Filter>Header Files\Functions\Date</Filter>
    </ClInclude>
    <ClInclude Include="Inc\Functions\Date\FdoFunctionMonthsBetween.h">
      <Filter>Header Files\Functions\Date</Filter>
    </ClInclude>
    <ClInclude Include="Inc\Functions\Conversion\FdoFunctionNullValue.h">
      <Filter>Header Files\Functions\Conversion</Filter>
    </ClInclude>
    <ClInclude Include="Inc\Functions\Conversion\FdoFunctionToDate.h">
      <Filter>Header Files\Functions\Conversion</Filter>
    </ClInclude>
    <ClInclude Include="Inc\Functions\Conversion\FdoFunctionToDouble.h">
      <Filter>Header Files\Functions\Conversion</Filter>
    </ClInclude>
    <ClInclude Include="Inc\Functions\Conversion\FdoFunctionToFloat.h">
      <Filter>Header Files\Functions\Conversion</Filter>
    </ClInclude>
    <ClInclude Include="Inc\Functions\Conversion\FdoFunctionToInt32.h">
      <Filter>Header Files\Functions\Conversion</Filter>
    </ClInclude>
    <ClInclude Include="Inc\Functions\Conversion\FdoFunctionToInt64.h">
      <Filter>Header Files\Functions\Conversion</Filter>
    </ClInclude>
    <ClInclude Include="Inc\Functions\Conversion\FdoFunctionToString.h">
      <Filter>Header Files\Functions\Conversion</Filter>
    </ClInclude>
    <ClInclude Include="Inc\Functions\Geometry\FdoFunctionArea2D.h">
      <Filter>Header Files\Functions\Geometry</Filter>
    </ClInclude>
    <ClInclude Include="Inc\Functions\Geometry\FdoFunctionLength2D.h">
      <Filter>Header Files\Functions\Geometry</Filter>
    </ClInclude>
    <ClInclude Include="Inc\Functions\Geometry\FdoFunctionM.h">
      <Filter>Header Files\Functions\Geometry</Filter>
    </ClInclude>
    <ClInclude Include="Inc\Functions\Geometry\FdoFunctionX.h">
      <Filter>Header Files\Functions\Geometry</Filter>
    </ClInclude>
    <ClInclude Include="Inc\Functions\Geometry\FdoFunctionY.h">
      <Filter>Header Files\Functions\Geometry</Filter>
    </ClInclude>
    <ClInclude Include="Inc\Functions\Geometry\FdoFunctionZ.h">
      <Filter>Header Files\Functions\Geometry</Filter>
    </ClInclude>
    <ClInclude Include="Inc\Functions\Geometry\Util.h">
      <Filter>Header Files\Functions\Geometry</Filter>
    </ClInclude>
    <ClInclude Include="Inc\Util\FdoExpressionEngineUtilDataReader.h">
      <Filter>Header Files\Util</Filter>
    </ClInclude>
    <ClInclude Include="Inc\Util\FdoExpressionEngineUtilFeatureReader.h">
      <Filter>Header Files\Util</Filter>
    </ClInclude>
  </ItemGroup>
  <ItemGroup>
    <ClCompile Include="src\FdoExpressionEngine.cpp">
      <Filter>Source Files</Filter>
    </ClCompile>
    <ClCompile Include="Src\FdoExpressionEngineCopyFilter.cpp">
      <Filter>Source Files</Filter>
    </ClCompile>
    <ClCompile Include="src\FdoExpressionEngineFunctionCollection.cpp">
      <Filter>Source Files</Filter>
    </ClCompile>
    <ClCompile Include="src\FdoExpressionEngineImp.cpp">
      <Filter>Source Files</Filter>
    </ClCompile>
    <ClCompile Include="src\stdafx.cpp">
      <Filter>Source Files</Filter>
    </ClCompile>
    <ClCompile Include="Src\Functions\Aggregate\CacheValue.cpp">
      <Filter>Source Files\Functions\Aggregate</Filter>
    </ClCompile>
    <ClCompile Include="Src\Functions\Aggregate\CacheValueCollection.cpp">
      <Filter>Source Files\Functions\Aggregate</Filter>
    </ClCompile>
    <ClCompile Include="Src\Functions\Aggregate\FdoFunctionAvg.cpp">
      <Filter>Source Files\Functions\Aggregate</Filter>
    </ClCompile>
    <ClCompile Include="Src\Functions\Aggregate\FdoFunctionCount.cpp">
      <Filter>Source Files\Functions\Aggregate</Filter>
    </ClCompile>
    <ClCompile Include="Src\Functions\Aggregate\FdoFunctionMax.cpp">
      <Filter>Source Files\Functions\Aggregate</Filter>
    </ClCompile>
    <ClCompile Include="Src\Functions\Aggregate\FdoFunctionMedian.cpp">
      <Filter>Source Files\Functions\Aggregate</Filter>
    </ClCompile>
    <ClCompile Include="Src\Functions\Aggregate\FdoFunctionMin.cpp">
      <Filter>Source Files\Functions\Aggregate</Filter>
    </ClCompile>
    <ClCompile Include="Src\Functions\Aggregate\FdoFunctionSpatialExtents.cpp">
      <Filter>Source Files\Functions\Aggregate</Filter>
    </ClCompile>
    <ClCompile Include="Src\Functions\Aggregate\FdoFunctionStddev.cpp">
      <Filter>Source Files\Functions\Aggregate</Filter>
    </ClCompile>
    <ClCompile Include="Src\Functions\Aggregate\FdoFunctionSum.cpp">
      <Filter>Source Files\Functions\Aggregate</Filter>
    </ClCompile>
    <ClCompile Include="Src\Functions\Numeric\FdoFunctionCeil.cpp">
      <Filter>Source Files\Functions\Numeric</Filter>
    </ClCompile>
    <ClCompile Include="Src\Functions\Numeric\FdoFunctionFloor.cpp">
      <Filter>Source Files\Functions\Numeric</Filter>
    </ClCompile>
    <ClCompile Include="Src\Functions\Numeric\FdoFunctionRound.cpp">
      <Filter>Source Files\Functions\Numeric</Filter>
    </ClCompile>
    <ClCompile Include="Src\Functions\Numeric\FdoFunctionSign.cpp">
      <Filter>Source Files\Functions\Numeric</Filter>
    </ClCompile>
    <ClCompile Include="Src\Functions\Numeric\FdoFunctionTrunc.cpp">
      <Filter>Source Files\Functions\Numeric</Filter>
    </ClCompile>
    <ClCompile Include="Src\Functions\String\FdoFunctionConcat.cpp">
      <Filter>Source Files\Functions\String</Filter>
    </ClCompile>
    <ClCompile Include="Src\Functions\String\FdoFunctionInstr.cpp">
      <Filter>Source Files\Functions\String</Filter>
    </ClCompile>
    <ClCompile Include="Src\Functions\String\FdoFunctionLength.cpp">
      <Filter>Source Files\Functions\String</Filter>
    </ClCompile>
    <ClCompile Include="Src\Functions\String\FdoFunctionLower.cpp">
      <Filter>Source Files\Functions\String</Filter>
    </ClCompile>
    <ClCompile Include="Src\Functions\String\FdoFunctionLpad.cpp">
      <Filter>Source Files\Functions\String</Filter>
    </ClCompile>
    <ClCompile Include="Src\Functions\String\FdoFunctionLtrim.cpp">
      <Filter>Source Files\Functions\String</Filter>
    </ClCompile>
    <ClCompile Include="Src\Functions\String\FdoFunctionRpad.cpp">
      <Filter>Source Files\Functions\String</Filter>
    </ClCompile>
    <ClCompile Include="Src\Functions\String\FdoFunctionRtrim.cpp">
      <Filter>Source Files\Functions\String</Filter>
    </ClCompile>
    <ClCompile Include="Src\Functions\String\FdoFunctionSoundex.cpp">
      <Filter>Source Files\Functions\String</Filter>
    </ClCompile>
    <ClCompile Include="Src\Functions\String\FdoFunctionSubstr.cpp">
      <Filter>Source Files\Functions\String</Filter>
    </ClCompile>
    <ClCompile Include="Src\Functions\String\FdoFunctionTranslate.cpp">
      <Filter>Source Files\Functions\String</Filter>
    </ClCompile>
    <ClCompile Include="Src\Functions\String\FdoFunctionTrim.cpp">
      <Filter>Source Files\Functions\String</Filter>
    </ClCompile>
    <ClCompile Include="Src\Functions\String\FdoFunctionUpper.cpp">
      <Filter>Source Files\Functions\String</Filter>
    </ClCompile>
    <ClCompile Include="Src\Functions\Math\FdoFunctionAbs.cpp">
      <Filter>Source Files\Functions\Math</Filter>
    </ClCompile>
    <ClCompile Include="Src\Functions\Math\FdoFunctionAcos.cpp">
      <Filter>Source Files\Functions\Math</Filter>
    </ClCompile>
    <ClCompile Include="Src\Functions\Math\FdoFunctionAsin.cpp">
      <Filter>Source Files\Functions\Math</Filter>
    </ClCompile>
    <ClCompile Include="Src\Functions\Math\FdoFunctionAtan.cpp">
      <Filter>Source Files\Functions\Math</Filter>
    </ClCompile>
    <ClCompile Include="Src\Functions\Math\FdoFunctionAtan2.cpp">
      <Filter>Source Files\Functions\Math</Filter>
    </ClCompile>
    <ClCompile Include="Src\Functions\Math\FdoFunctionCos.cpp">
      <Filter>Source Files\Functions\Math</Filter>
    </ClCompile>
    <ClCompile Include="Src\Functions\Math\FdoFunctionExp.cpp">
      <Filter>Source Files\Functions\Math</Filter>
    </ClCompile>
    <ClCompile Include="Src\Functions\Math\FdoFunctionLn.cpp">
      <Filter>Source Files\Functions\Math</Filter>
    </ClCompile>
    <ClCompile Include="Src\Functions\Math\FdoFunctionLog.cpp">
      <Filter>Source Files\Functions\Math</Filter>
    </ClCompile>
    <ClCompile Include="Src\Functions\Math\FdoFunctionMod.cpp">
      <Filter>Source Files\Functions\Math</Filter>
    </ClCompile>
    <ClCompile Include="Src\Functions\Math\FdoFunctionPower.cpp">
      <Filter>Source Files\Functions\Math</Filter>
    </ClCompile>
    <ClCompile Include="Src\Functions\Math\FdoFunctionRemainder.cpp">
      <Filter>Source Files\Functions\Math</Filter>
    </ClCompile>
    <ClCompile Include="Src\Functions\Math\FdoFunctionSin.cpp">
      <Filter>Source Files\Functions\Math</Filter>
    </ClCompile>
    <ClCompile Include="Src\Functions\Math\FdoFunctionSqrt.cpp">
      <Filter>Source Files\Functions\Math</Filter>
    </ClCompile>
    <ClCompile Include="Src\Functions\Math\FdoFunctionTan.cpp">
      <Filter>Source Files\Functions\Math</Filter>
    </ClCompile>
    <ClCompile Include="Src\Functions\Date\FdoFunctionAddMonths.cpp">
      <Filter>Source Files\Functions\Date</Filter>
    </ClCompile>
    <ClCompile Include="Src\Functions\Date\FdoFunctionCurrentDate.cpp">
      <Filter>Source Files\Functions\Date</Filter>
    </ClCompile>
    <ClCompile Include="Src\Functions\Date\FdoFunctionExtract.cpp">
      <Filter>Source Files\Functions\Date</Filter>
    </ClCompile>
    <ClCompile Include="Src\Functions\Date\FdoFunctionExtractToDouble.cpp">
      <Filter>Source Files\Functions\Date</Filter>
    </ClCompile>
    <ClCompile Include="Src\Functions\Date\FdoFunctionExtractToInt.cpp">
      <Filter>Source Files\Functions\Date</Filter>
    </ClCompile>
    <ClCompile Include="Src\Functions\Date\FdoFunctionMonthsBetween.cpp">
      <Filter>Source Files\Functions\Date</Filter>
    </ClCompile>
    <ClCompile Include="Src\Functions\Conversion\FdoFunctionNullValue.cpp">
      <Filter>Source Files\Functions\Conversion</Filter>
    </ClCompile>
    <ClCompile Include="Src\Functions\Conversion\FdoFunctionToDate.cpp">
      <Filter>Source Files\Functions\Conversion</Filter>
    </ClCompile>
    <ClCompile Include="Src\Functions\Conversion\FdoFunctionToDouble.cpp">
      <Filter>Source Files\Functions\Conversion</Filter>
    </ClCompile>
    <ClCompile Include="Src\Functions\Conversion\FdoFunctionToFloat.cpp">
      <Filter>Source Files\Functions\Conversion</Filter>
    </ClCompile>
    <ClCompile Include="Src\Functions\Conversion\FdoFunctionToInt32.cpp">
      <Filter>Source Files\Functions\Conversion</Filter>
    </ClCompile>
    <ClCompile Include="Src\Functions\Conversion\FdoFunctionToInt64.cpp">
      <Filter>Source Files\Functions\Conversion</Filter>
    </ClCompile>
    <ClCompile Include="Src\Functions\Conversion\FdoFunctionToString.cpp">
      <Filter>Source Files\Functions\Conversion</Filter>
    </ClCompile>
    <ClCompile Include="Src\Functions\Geometry\FdoFunctionArea2D.cpp">
      <Filter>Source Files\Functions\Geometry</Filter>
    </ClCompile>
    <ClCompile Include="Src\Functions\Geometry\FdoFunctionLength2D.cpp">
      <Filter>Source Files\Functions\Geometry</Filter>
    </ClCompile>
    <ClCompile Include="Src\Functions\Geometry\FdoFunctionM.cpp">
      <Filter>Source Files\Functions\Geometry</Filter>
    </ClCompile>
    <ClCompile Include="Src\Functions\Geometry\FdoFunctionX.cpp">
      <Filter>Source Files\Functions\Geometry</Filter>
    </ClCompile>
    <ClCompile Include="Src\Functions\Geometry\FdoFunctionY.cpp">
      <Filter>Source Files\Functions\Geometry</Filter>
    </ClCompile>
    <ClCompile Include="Src\Functions\Geometry\FdoFunctionZ.cpp">
      <Filter>Source Files\Functions\Geometry</Filter>
    </ClCompile>
    <ClCompile Include="Src\Functions\Geometry\Util.cpp">
      <Filter>Source Files\Functions\Geometry</Filter>
    </ClCompile>
    <ClCompile Include="Src\Util\FdoExpressionEngineUtilDataReader.cpp">
      <Filter>Source Files\Util</Filter>
    </ClCompile>
    <ClCompile Include="Src\Util\FdoExpressionEngineUtilFeatureReader.cpp">
      <Filter>Source Files\Util</Filter>
    </ClCompile>
  </ItemGroup>
  <ItemGroup>
    <None Include="ReadMe.txt" />
  </ItemGroup>
</Project>